{
  "version": 4,
  "terraform_version": "1.9.7",
  "serial": 3,
  "lineage": "5124e595-6ac1-f579-8d87-8820cb1ca032",
  "outputs": {},
  "resources": [
    {
      "mode": "managed",
      "type": "aws_vpc",
      "name": "vpc_ohio",
      "provider": "provider[\"registry.terraform.io/hashicorp/aws\"].ohio",
      "instances": [
        {
          "schema_version": 1,
          "attributes": {
            "arn": "arn:aws:ec2:us-east-2:428474717433:vpc/vpc-03b75c32a6a0b09ea",
            "assign_generated_ipv6_cidr_block": false,
            "cidr_block": "10.20.0.0/16",
            "default_network_acl_id": "acl-00fd6d4a15ae93d5b",
            "default_route_table_id": "rtb-0897224434c6e6c9a",
            "default_security_group_id": "sg-0905fd99923a1bb4b",
            "dhcp_options_id": "dopt-08191b639f2e1ae33",
            "enable_dns_hostnames": false,
            "enable_dns_support": true,
            "enable_network_address_usage_metrics": false,
            "id": "vpc-03b75c32a6a0b09ea",
            "instance_tenancy": "default",
            "ipv4_ipam_pool_id": null,
            "ipv4_netmask_length": null,
            "ipv6_association_id": "",
            "ipv6_cidr_block": "",
            "ipv6_cidr_block_network_border_group": "",
            "ipv6_ipam_pool_id": "",
            "ipv6_netmask_length": 0,
            "main_route_table_id": "rtb-0897224434c6e6c9a",
            "owner_id": "428474717433",
            "tags": {
              "Name": "vpc_ohio",
              "env": "Dev",
              "name": "prueba"
            },
            "tags_all": {
              "Name": "vpc_ohio",
              "env": "Dev",
              "name": "prueba"
            }
          },
          "sensitive_attributes": [],
          "private": "eyJzY2hlbWFfdmVyc2lvbiI6IjEifQ=="
        }
      ]
    },
    {
      "mode": "managed",
      "type": "aws_vpc",
      "name": "vpc_virginia",
      "provider": "provider[\"registry.terraform.io/hashicorp/aws\"]",
      "instances": [
        {
          "schema_version": 1,
          "attributes": {
            "arn": "arn:aws:ec2:us-east-1:428474717433:vpc/vpc-0ecede47324a4ca0a",
            "assign_generated_ipv6_cidr_block": false,
            "cidr_block": "10.10.0.0/16",
            "default_network_acl_id": "acl-09c90ff4162024adc",
            "default_route_table_id": "rtb-057c02449399740a1",
            "default_security_group_id": "sg-08d49ca641e0aa342",
            "dhcp_options_id": "dopt-0e09e8d6d46d502c8",
            "enable_dns_hostnames": false,
            "enable_dns_support": true,
            "enable_network_address_usage_metrics": false,
            "id": "vpc-0ecede47324a4ca0a",
            "instance_tenancy": "default",
            "ipv4_ipam_pool_id": null,
            "ipv4_netmask_length": null,
            "ipv6_association_id": "",
            "ipv6_cidr_block": "",
            "ipv6_cidr_block_network_border_group": "",
            "ipv6_ipam_pool_id": "",
            "ipv6_netmask_length": 0,
            "main_route_table_id": "rtb-057c02449399740a1",
            "owner_id": "428474717433",
            "tags": {
              "Name": "vpc_virginia",
              "env": "Dev",
              "name": "prueba"
            },
            "tags_all": {
              "Name": "vpc_virginia",
              "env": "Dev",
              "name": "prueba"
            }
          },
          "sensitive_attributes": [],
          "private": "eyJzY2hlbWFfdmVyc2lvbiI6IjEifQ=="
        }
      ]
    }
  ],
  "check_results": null
}
