{
  "version": 4,
  "terraform_version": "1.9.7",
  "serial": 9,
  "lineage": "5124e595-6ac1-f579-8d87-8820cb1ca032",
  "outputs": {},
  "resources": [
    {
      "mode": "managed",
      "type": "aws_vpc",
      "name": "vpc_ohio",
      "provider": "provider[\"registry.terraform.io/hashicorp/aws\"].ohio",
      "instances": [
        {
          "schema_version": 1,
          "attributes": {
            "arn": "arn:aws:ec2:us-east-2:428474717433:vpc/vpc-0d47839a822619522",
            "assign_generated_ipv6_cidr_block": false,
            "cidr_block": "10.20.0.0/16",
            "default_network_acl_id": "acl-0936cc8249e74d63f",
            "default_route_table_id": "rtb-09f629a8fcf8ef813",
            "default_security_group_id": "sg-0a3bdef6499a1a1bd",
            "dhcp_options_id": "dopt-08191b639f2e1ae33",
            "enable_dns_hostnames": false,
            "enable_dns_support": true,
            "enable_network_address_usage_metrics": false,
            "id": "vpc-0d47839a822619522",
            "instance_tenancy": "default",
            "ipv4_ipam_pool_id": null,
            "ipv4_netmask_length": null,
            "ipv6_association_id": "",
            "ipv6_cidr_block": "",
            "ipv6_cidr_block_network_border_group": "",
            "ipv6_ipam_pool_id": "",
            "ipv6_netmask_length": 0,
            "main_route_table_id": "rtb-09f629a8fcf8ef813",
            "owner_id": "428474717433",
            "tags": {
              "Name": "vpc_ohio",
              "env": "Dev",
              "name": "prueba"
            },
            "tags_all": {
              "Name": "vpc_ohio",
              "env": "Dev",
              "name": "prueba"
            }
          },
          "sensitive_attributes": [],
          "private": "eyJzY2hlbWFfdmVyc2lvbiI6IjEifQ=="
        }
      ]
    },
    {
      "mode": "managed",
      "type": "aws_vpc",
      "name": "vpc_virginia",
      "provider": "provider[\"registry.terraform.io/hashicorp/aws\"]",
      "instances": [
        {
          "schema_version": 1,
          "attributes": {
            "arn": "arn:aws:ec2:us-east-1:428474717433:vpc/vpc-0686f2b2ba2217718",
            "assign_generated_ipv6_cidr_block": false,
            "cidr_block": "10.10.0.0/16",
            "default_network_acl_id": "acl-0f54ea53089cfe062",
            "default_route_table_id": "rtb-05bb53d0bde9ad261",
            "default_security_group_id": "sg-0342748592baff780",
            "dhcp_options_id": "dopt-0e09e8d6d46d502c8",
            "enable_dns_hostnames": false,
            "enable_dns_support": true,
            "enable_network_address_usage_metrics": false,
            "id": "vpc-0686f2b2ba2217718",
            "instance_tenancy": "default",
            "ipv4_ipam_pool_id": null,
            "ipv4_netmask_length": null,
            "ipv6_association_id": "",
            "ipv6_cidr_block": "",
            "ipv6_cidr_block_network_border_group": "",
            "ipv6_ipam_pool_id": "",
            "ipv6_netmask_length": 0,
            "main_route_table_id": "rtb-05bb53d0bde9ad261",
            "owner_id": "428474717433",
            "tags": {
              "Name": "vpc_virginia",
              "env": "Dev",
              "name": "prueba"
            },
            "tags_all": {
              "Name": "vpc_virginia",
              "env": "Dev",
              "name": "prueba"
            }
          },
          "sensitive_attributes": [],
          "private": "eyJzY2hlbWFfdmVyc2lvbiI6IjEifQ=="
        }
      ]
    }
  ],
  "check_results": null
}
