{
  "version": 4,
  "terraform_version": "1.10.5",
  "serial": 10,
  "lineage": "e31c365f-9cd2-7778-893e-6a35f7f8b31e",
  "outputs": {},
  "resources": [
    {
      "mode": "managed",
      "type": "local_file",
      "name": "productos",
      "provider": "provider[\"registry.terraform.io/hashicorp/local\"]",
      "instances": [
        {
          "schema_version": 0,
          "attributes": {
            "content": "lista de productos para el siguiente mes",
            "content_base64": null,
            "content_base64sha256": "vnuy7105BJStAW8yxkd7xruNxc/6ub2cJX24wm0SCCg=",
            "content_base64sha512": "4Xl9TdHWDpGjn8ssbSoxCqcjsQftEVx3QWAd+tatiBpGIAWiEMoXfZr3qDSWPCaNMOybf7jp2CUGwkS8uFulvg==",
            "content_md5": "2bfbc25f6fafd834cc83f8f38c25bc4a",
            "content_sha1": "ed713af7b831be439b165fb672ba3e06264fb6e2",
            "content_sha256": "be7bb2ef5d390494ad016f32c6477bc6bb8dc5cffab9bd9c257db8c26d120828",
            "content_sha512": "e1797d4dd1d60e91a39fcb2c6d2a310aa723b107ed115c7741601dfad6ad881a462005a210ca177d9af7a834963c268d30ec9b7fb8e9d82506c244bcb85ba5be",
            "directory_permission": "0777",
            "file_permission": "0777",
            "filename": "productos.txt",
            "id": "ed713af7b831be439b165fb672ba3e06264fb6e2",
            "sensitive_content": null,
            "source": null
          },
          "sensitive_attributes": [
            [
              {
                "type": "get_attr",
                "value": "sensitive_content"
              }
            ]
          ]
        }
      ]
    }
  ],
  "check_results": null
}
