{
  "version": 4,
  "terraform_version": "1.9.7",
  "serial": 154,
  "lineage": "e31c365f-9cd2-7778-893e-6a35f7f8b31e",
  "outputs": {},
  "resources": [
    {
      "mode": "managed",
      "type": "local_file",
      "name": "productos",
      "provider": "provider[\"registry.terraform.io/hashicorp/local\"]",
      "instances": [
        {
          "index_key": 0,
          "schema_version": 0,
          "attributes": {
            "content": "lista de productos para el siguiente mes",
            "content_base64": null,
            "content_base64sha256": "vnuy7105BJStAW8yxkd7xruNxc/6ub2cJX24wm0SCCg=",
            "content_base64sha512": "4Xl9TdHWDpGjn8ssbSoxCqcjsQftEVx3QWAd+tatiBpGIAWiEMoXfZr3qDSWPCaNMOybf7jp2CUGwkS8uFulvg==",
            "content_md5": "2bfbc25f6fafd834cc83f8f38c25bc4a",
            "content_sha1": "ed713af7b831be439b165fb672ba3e06264fb6e2",
            "content_sha256": "be7bb2ef5d390494ad016f32c6477bc6bb8dc5cffab9bd9c257db8c26d120828",
            "content_sha512": "e1797d4dd1d60e91a39fcb2c6d2a310aa723b107ed115c7741601dfad6ad881a462005a210ca177d9af7a834963c268d30ec9b7fb8e9d82506c244bcb85ba5be",
            "directory_permission": "0777",
            "file_permission": "0777",
            "filename": "productos-ikmb.txt",
            "id": "ed713af7b831be439b165fb672ba3e06264fb6e2",
            "sensitive_content": null,
            "source": null
          },
          "sensitive_attributes": [
            [
              {
                "type": "get_attr",
                "value": "sensitive_content"
              }
            ]
          ],
          "dependencies": [
            "random_string.sufijo"
          ]
        },
        {
          "index_key": 1,
          "schema_version": 0,
          "attributes": {
            "content": "lista de productos para el siguiente mes",
            "content_base64": null,
            "content_base64sha256": "vnuy7105BJStAW8yxkd7xruNxc/6ub2cJX24wm0SCCg=",
            "content_base64sha512": "4Xl9TdHWDpGjn8ssbSoxCqcjsQftEVx3QWAd+tatiBpGIAWiEMoXfZr3qDSWPCaNMOybf7jp2CUGwkS8uFulvg==",
            "content_md5": "2bfbc25f6fafd834cc83f8f38c25bc4a",
            "content_sha1": "ed713af7b831be439b165fb672ba3e06264fb6e2",
            "content_sha256": "be7bb2ef5d390494ad016f32c6477bc6bb8dc5cffab9bd9c257db8c26d120828",
            "content_sha512": "e1797d4dd1d60e91a39fcb2c6d2a310aa723b107ed115c7741601dfad6ad881a462005a210ca177d9af7a834963c268d30ec9b7fb8e9d82506c244bcb85ba5be",
            "directory_permission": "0777",
            "file_permission": "0777",
            "filename": "productos-wsus.txt",
            "id": "ed713af7b831be439b165fb672ba3e06264fb6e2",
            "sensitive_content": null,
            "source": null
          },
          "sensitive_attributes": [
            [
              {
                "type": "get_attr",
                "value": "sensitive_content"
              }
            ]
          ],
          "dependencies": [
            "random_string.sufijo"
          ]
        },
        {
          "index_key": 2,
          "schema_version": 0,
          "attributes": {
            "content": "lista de productos para el siguiente mes",
            "content_base64": null,
            "content_base64sha256": "vnuy7105BJStAW8yxkd7xruNxc/6ub2cJX24wm0SCCg=",
            "content_base64sha512": "4Xl9TdHWDpGjn8ssbSoxCqcjsQftEVx3QWAd+tatiBpGIAWiEMoXfZr3qDSWPCaNMOybf7jp2CUGwkS8uFulvg==",
            "content_md5": "2bfbc25f6fafd834cc83f8f38c25bc4a",
            "content_sha1": "ed713af7b831be439b165fb672ba3e06264fb6e2",
            "content_sha256": "be7bb2ef5d390494ad016f32c6477bc6bb8dc5cffab9bd9c257db8c26d120828",
            "content_sha512": "e1797d4dd1d60e91a39fcb2c6d2a310aa723b107ed115c7741601dfad6ad881a462005a210ca177d9af7a834963c268d30ec9b7fb8e9d82506c244bcb85ba5be",
            "directory_permission": "0777",
            "file_permission": "0777",
            "filename": "productos-swlf.txt",
            "id": "ed713af7b831be439b165fb672ba3e06264fb6e2",
            "sensitive_content": null,
            "source": null
          },
          "sensitive_attributes": [
            [
              {
                "type": "get_attr",
                "value": "sensitive_content"
              }
            ]
          ],
          "dependencies": [
            "random_string.sufijo"
          ]
        },
        {
          "index_key": 3,
          "schema_version": 0,
          "attributes": {
            "content": "lista de productos para el siguiente mes",
            "content_base64": null,
            "content_base64sha256": "vnuy7105BJStAW8yxkd7xruNxc/6ub2cJX24wm0SCCg=",
            "content_base64sha512": "4Xl9TdHWDpGjn8ssbSoxCqcjsQftEVx3QWAd+tatiBpGIAWiEMoXfZr3qDSWPCaNMOybf7jp2CUGwkS8uFulvg==",
            "content_md5": "2bfbc25f6fafd834cc83f8f38c25bc4a",
            "content_sha1": "ed713af7b831be439b165fb672ba3e06264fb6e2",
            "content_sha256": "be7bb2ef5d390494ad016f32c6477bc6bb8dc5cffab9bd9c257db8c26d120828",
            "content_sha512": "e1797d4dd1d60e91a39fcb2c6d2a310aa723b107ed115c7741601dfad6ad881a462005a210ca177d9af7a834963c268d30ec9b7fb8e9d82506c244bcb85ba5be",
            "directory_permission": "0777",
            "file_permission": "0777",
            "filename": "productos-jzfk.txt",
            "id": "ed713af7b831be439b165fb672ba3e06264fb6e2",
            "sensitive_content": null,
            "source": null
          },
          "sensitive_attributes": [
            [
              {
                "type": "get_attr",
                "value": "sensitive_content"
              }
            ]
          ],
          "dependencies": [
            "random_string.sufijo"
          ]
        },
        {
          "index_key": 4,
          "schema_version": 0,
          "attributes": {
            "content": "lista de productos para el siguiente mes",
            "content_base64": null,
            "content_base64sha256": "vnuy7105BJStAW8yxkd7xruNxc/6ub2cJX24wm0SCCg=",
            "content_base64sha512": "4Xl9TdHWDpGjn8ssbSoxCqcjsQftEVx3QWAd+tatiBpGIAWiEMoXfZr3qDSWPCaNMOybf7jp2CUGwkS8uFulvg==",
            "content_md5": "2bfbc25f6fafd834cc83f8f38c25bc4a",
            "content_sha1": "ed713af7b831be439b165fb672ba3e06264fb6e2",
            "content_sha256": "be7bb2ef5d390494ad016f32c6477bc6bb8dc5cffab9bd9c257db8c26d120828",
            "content_sha512": "e1797d4dd1d60e91a39fcb2c6d2a310aa723b107ed115c7741601dfad6ad881a462005a210ca177d9af7a834963c268d30ec9b7fb8e9d82506c244bcb85ba5be",
            "directory_permission": "0777",
            "file_permission": "0777",
            "filename": "productos-mqvy.txt",
            "id": "ed713af7b831be439b165fb672ba3e06264fb6e2",
            "sensitive_content": null,
            "source": null
          },
          "sensitive_attributes": [
            [
              {
                "type": "get_attr",
                "value": "sensitive_content"
              }
            ]
          ],
          "dependencies": [
            "random_string.sufijo"
          ]
        },
        {
          "index_key": 5,
          "schema_version": 0,
          "attributes": {
            "content": "lista de productos para el siguiente mes",
            "content_base64": null,
            "content_base64sha256": "vnuy7105BJStAW8yxkd7xruNxc/6ub2cJX24wm0SCCg=",
            "content_base64sha512": "4Xl9TdHWDpGjn8ssbSoxCqcjsQftEVx3QWAd+tatiBpGIAWiEMoXfZr3qDSWPCaNMOybf7jp2CUGwkS8uFulvg==",
            "content_md5": "2bfbc25f6fafd834cc83f8f38c25bc4a",
            "content_sha1": "ed713af7b831be439b165fb672ba3e06264fb6e2",
            "content_sha256": "be7bb2ef5d390494ad016f32c6477bc6bb8dc5cffab9bd9c257db8c26d120828",
            "content_sha512": "e1797d4dd1d60e91a39fcb2c6d2a310aa723b107ed115c7741601dfad6ad881a462005a210ca177d9af7a834963c268d30ec9b7fb8e9d82506c244bcb85ba5be",
            "directory_permission": "0777",
            "file_permission": "0777",
            "filename": "productos-rlpz.txt",
            "id": "ed713af7b831be439b165fb672ba3e06264fb6e2",
            "sensitive_content": null,
            "source": null
          },
          "sensitive_attributes": [
            [
              {
                "type": "get_attr",
                "value": "sensitive_content"
              }
            ]
          ],
          "dependencies": [
            "random_string.sufijo"
          ]
        },
        {
          "index_key": 6,
          "schema_version": 0,
          "attributes": {
            "content": "lista de productos para el siguiente mes",
            "content_base64": null,
            "content_base64sha256": "vnuy7105BJStAW8yxkd7xruNxc/6ub2cJX24wm0SCCg=",
            "content_base64sha512": "4Xl9TdHWDpGjn8ssbSoxCqcjsQftEVx3QWAd+tatiBpGIAWiEMoXfZr3qDSWPCaNMOybf7jp2CUGwkS8uFulvg==",
            "content_md5": "2bfbc25f6fafd834cc83f8f38c25bc4a",
            "content_sha1": "ed713af7b831be439b165fb672ba3e06264fb6e2",
            "content_sha256": "be7bb2ef5d390494ad016f32c6477bc6bb8dc5cffab9bd9c257db8c26d120828",
            "content_sha512": "e1797d4dd1d60e91a39fcb2c6d2a310aa723b107ed115c7741601dfad6ad881a462005a210ca177d9af7a834963c268d30ec9b7fb8e9d82506c244bcb85ba5be",
            "directory_permission": "0777",
            "file_permission": "0777",
            "filename": "productos-yjoq.txt",
            "id": "ed713af7b831be439b165fb672ba3e06264fb6e2",
            "sensitive_content": null,
            "source": null
          },
          "sensitive_attributes": [
            [
              {
                "type": "get_attr",
                "value": "sensitive_content"
              }
            ]
          ],
          "dependencies": [
            "random_string.sufijo"
          ]
        },
        {
          "index_key": 7,
          "schema_version": 0,
          "attributes": {
            "content": "lista de productos para el siguiente mes",
            "content_base64": null,
            "content_base64sha256": "vnuy7105BJStAW8yxkd7xruNxc/6ub2cJX24wm0SCCg=",
            "content_base64sha512": "4Xl9TdHWDpGjn8ssbSoxCqcjsQftEVx3QWAd+tatiBpGIAWiEMoXfZr3qDSWPCaNMOybf7jp2CUGwkS8uFulvg==",
            "content_md5": "2bfbc25f6fafd834cc83f8f38c25bc4a",
            "content_sha1": "ed713af7b831be439b165fb672ba3e06264fb6e2",
            "content_sha256": "be7bb2ef5d390494ad016f32c6477bc6bb8dc5cffab9bd9c257db8c26d120828",
            "content_sha512": "e1797d4dd1d60e91a39fcb2c6d2a310aa723b107ed115c7741601dfad6ad881a462005a210ca177d9af7a834963c268d30ec9b7fb8e9d82506c244bcb85ba5be",
            "directory_permission": "0777",
            "file_permission": "0777",
            "filename": "productos-kyod.txt",
            "id": "ed713af7b831be439b165fb672ba3e06264fb6e2",
            "sensitive_content": null,
            "source": null
          },
          "sensitive_attributes": [
            [
              {
                "type": "get_attr",
                "value": "sensitive_content"
              }
            ]
          ],
          "dependencies": [
            "random_string.sufijo"
          ]
        },
        {
          "index_key": 8,
          "schema_version": 0,
          "attributes": {
            "content": "lista de productos para el siguiente mes",
            "content_base64": null,
            "content_base64sha256": "vnuy7105BJStAW8yxkd7xruNxc/6ub2cJX24wm0SCCg=",
            "content_base64sha512": "4Xl9TdHWDpGjn8ssbSoxCqcjsQftEVx3QWAd+tatiBpGIAWiEMoXfZr3qDSWPCaNMOybf7jp2CUGwkS8uFulvg==",
            "content_md5": "2bfbc25f6fafd834cc83f8f38c25bc4a",
            "content_sha1": "ed713af7b831be439b165fb672ba3e06264fb6e2",
            "content_sha256": "be7bb2ef5d390494ad016f32c6477bc6bb8dc5cffab9bd9c257db8c26d120828",
            "content_sha512": "e1797d4dd1d60e91a39fcb2c6d2a310aa723b107ed115c7741601dfad6ad881a462005a210ca177d9af7a834963c268d30ec9b7fb8e9d82506c244bcb85ba5be",
            "directory_permission": "0777",
            "file_permission": "0777",
            "filename": "productos-bwga.txt",
            "id": "ed713af7b831be439b165fb672ba3e06264fb6e2",
            "sensitive_content": null,
            "source": null
          },
          "sensitive_attributes": [
            [
              {
                "type": "get_attr",
                "value": "sensitive_content"
              }
            ]
          ],
          "dependencies": [
            "random_string.sufijo"
          ]
        },
        {
          "index_key": 9,
          "schema_version": 0,
          "attributes": {
            "content": "lista de productos para el siguiente mes",
            "content_base64": null,
            "content_base64sha256": "vnuy7105BJStAW8yxkd7xruNxc/6ub2cJX24wm0SCCg=",
            "content_base64sha512": "4Xl9TdHWDpGjn8ssbSoxCqcjsQftEVx3QWAd+tatiBpGIAWiEMoXfZr3qDSWPCaNMOybf7jp2CUGwkS8uFulvg==",
            "content_md5": "2bfbc25f6fafd834cc83f8f38c25bc4a",
            "content_sha1": "ed713af7b831be439b165fb672ba3e06264fb6e2",
            "content_sha256": "be7bb2ef5d390494ad016f32c6477bc6bb8dc5cffab9bd9c257db8c26d120828",
            "content_sha512": "e1797d4dd1d60e91a39fcb2c6d2a310aa723b107ed115c7741601dfad6ad881a462005a210ca177d9af7a834963c268d30ec9b7fb8e9d82506c244bcb85ba5be",
            "directory_permission": "0777",
            "file_permission": "0777",
            "filename": "productos-hzvf.txt",
            "id": "ed713af7b831be439b165fb672ba3e06264fb6e2",
            "sensitive_content": null,
            "source": null
          },
          "sensitive_attributes": [
            [
              {
                "type": "get_attr",
                "value": "sensitive_content"
              }
            ]
          ],
          "dependencies": [
            "random_string.sufijo"
          ]
        },
        {
          "index_key": 10,
          "schema_version": 0,
          "attributes": {
            "content": "lista de productos para el siguiente mes",
            "content_base64": null,
            "content_base64sha256": "vnuy7105BJStAW8yxkd7xruNxc/6ub2cJX24wm0SCCg=",
            "content_base64sha512": "4Xl9TdHWDpGjn8ssbSoxCqcjsQftEVx3QWAd+tatiBpGIAWiEMoXfZr3qDSWPCaNMOybf7jp2CUGwkS8uFulvg==",
            "content_md5": "2bfbc25f6fafd834cc83f8f38c25bc4a",
            "content_sha1": "ed713af7b831be439b165fb672ba3e06264fb6e2",
            "content_sha256": "be7bb2ef5d390494ad016f32c6477bc6bb8dc5cffab9bd9c257db8c26d120828",
            "content_sha512": "e1797d4dd1d60e91a39fcb2c6d2a310aa723b107ed115c7741601dfad6ad881a462005a210ca177d9af7a834963c268d30ec9b7fb8e9d82506c244bcb85ba5be",
            "directory_permission": "0777",
            "file_permission": "0777",
            "filename": "productos-pnlj.txt",
            "id": "ed713af7b831be439b165fb672ba3e06264fb6e2",
            "sensitive_content": null,
            "source": null
          },
          "sensitive_attributes": [
            [
              {
                "type": "get_attr",
                "value": "sensitive_content"
              }
            ]
          ],
          "dependencies": [
            "random_string.sufijo"
          ]
        },
        {
          "index_key": 11,
          "schema_version": 0,
          "attributes": {
            "content": "lista de productos para el siguiente mes",
            "content_base64": null,
            "content_base64sha256": "vnuy7105BJStAW8yxkd7xruNxc/6ub2cJX24wm0SCCg=",
            "content_base64sha512": "4Xl9TdHWDpGjn8ssbSoxCqcjsQftEVx3QWAd+tatiBpGIAWiEMoXfZr3qDSWPCaNMOybf7jp2CUGwkS8uFulvg==",
            "content_md5": "2bfbc25f6fafd834cc83f8f38c25bc4a",
            "content_sha1": "ed713af7b831be439b165fb672ba3e06264fb6e2",
            "content_sha256": "be7bb2ef5d390494ad016f32c6477bc6bb8dc5cffab9bd9c257db8c26d120828",
            "content_sha512": "e1797d4dd1d60e91a39fcb2c6d2a310aa723b107ed115c7741601dfad6ad881a462005a210ca177d9af7a834963c268d30ec9b7fb8e9d82506c244bcb85ba5be",
            "directory_permission": "0777",
            "file_permission": "0777",
            "filename": "productos-uubn.txt",
            "id": "ed713af7b831be439b165fb672ba3e06264fb6e2",
            "sensitive_content": null,
            "source": null
          },
          "sensitive_attributes": [
            [
              {
                "type": "get_attr",
                "value": "sensitive_content"
              }
            ]
          ],
          "dependencies": [
            "random_string.sufijo"
          ]
        },
        {
          "index_key": 12,
          "schema_version": 0,
          "attributes": {
            "content": "lista de productos para el siguiente mes",
            "content_base64": null,
            "content_base64sha256": "vnuy7105BJStAW8yxkd7xruNxc/6ub2cJX24wm0SCCg=",
            "content_base64sha512": "4Xl9TdHWDpGjn8ssbSoxCqcjsQftEVx3QWAd+tatiBpGIAWiEMoXfZr3qDSWPCaNMOybf7jp2CUGwkS8uFulvg==",
            "content_md5": "2bfbc25f6fafd834cc83f8f38c25bc4a",
            "content_sha1": "ed713af7b831be439b165fb672ba3e06264fb6e2",
            "content_sha256": "be7bb2ef5d390494ad016f32c6477bc6bb8dc5cffab9bd9c257db8c26d120828",
            "content_sha512": "e1797d4dd1d60e91a39fcb2c6d2a310aa723b107ed115c7741601dfad6ad881a462005a210ca177d9af7a834963c268d30ec9b7fb8e9d82506c244bcb85ba5be",
            "directory_permission": "0777",
            "file_permission": "0777",
            "filename": "productos-hyhp.txt",
            "id": "ed713af7b831be439b165fb672ba3e06264fb6e2",
            "sensitive_content": null,
            "source": null
          },
          "sensitive_attributes": [
            [
              {
                "type": "get_attr",
                "value": "sensitive_content"
              }
            ]
          ],
          "dependencies": [
            "random_string.sufijo"
          ]
        },
        {
          "index_key": 13,
          "schema_version": 0,
          "attributes": {
            "content": "lista de productos para el siguiente mes",
            "content_base64": null,
            "content_base64sha256": "vnuy7105BJStAW8yxkd7xruNxc/6ub2cJX24wm0SCCg=",
            "content_base64sha512": "4Xl9TdHWDpGjn8ssbSoxCqcjsQftEVx3QWAd+tatiBpGIAWiEMoXfZr3qDSWPCaNMOybf7jp2CUGwkS8uFulvg==",
            "content_md5": "2bfbc25f6fafd834cc83f8f38c25bc4a",
            "content_sha1": "ed713af7b831be439b165fb672ba3e06264fb6e2",
            "content_sha256": "be7bb2ef5d390494ad016f32c6477bc6bb8dc5cffab9bd9c257db8c26d120828",
            "content_sha512": "e1797d4dd1d60e91a39fcb2c6d2a310aa723b107ed115c7741601dfad6ad881a462005a210ca177d9af7a834963c268d30ec9b7fb8e9d82506c244bcb85ba5be",
            "directory_permission": "0777",
            "file_permission": "0777",
            "filename": "productos-gisi.txt",
            "id": "ed713af7b831be439b165fb672ba3e06264fb6e2",
            "sensitive_content": null,
            "source": null
          },
          "sensitive_attributes": [
            [
              {
                "type": "get_attr",
                "value": "sensitive_content"
              }
            ]
          ],
          "dependencies": [
            "random_string.sufijo"
          ]
        },
        {
          "index_key": 14,
          "schema_version": 0,
          "attributes": {
            "content": "lista de productos para el siguiente mes",
            "content_base64": null,
            "content_base64sha256": "vnuy7105BJStAW8yxkd7xruNxc/6ub2cJX24wm0SCCg=",
            "content_base64sha512": "4Xl9TdHWDpGjn8ssbSoxCqcjsQftEVx3QWAd+tatiBpGIAWiEMoXfZr3qDSWPCaNMOybf7jp2CUGwkS8uFulvg==",
            "content_md5": "2bfbc25f6fafd834cc83f8f38c25bc4a",
            "content_sha1": "ed713af7b831be439b165fb672ba3e06264fb6e2",
            "content_sha256": "be7bb2ef5d390494ad016f32c6477bc6bb8dc5cffab9bd9c257db8c26d120828",
            "content_sha512": "e1797d4dd1d60e91a39fcb2c6d2a310aa723b107ed115c7741601dfad6ad881a462005a210ca177d9af7a834963c268d30ec9b7fb8e9d82506c244bcb85ba5be",
            "directory_permission": "0777",
            "file_permission": "0777",
            "filename": "productos-gdnd.txt",
            "id": "ed713af7b831be439b165fb672ba3e06264fb6e2",
            "sensitive_content": null,
            "source": null
          },
          "sensitive_attributes": [
            [
              {
                "type": "get_attr",
                "value": "sensitive_content"
              }
            ]
          ],
          "dependencies": [
            "random_string.sufijo"
          ]
        },
        {
          "index_key": 15,
          "schema_version": 0,
          "attributes": {
            "content": "lista de productos para el siguiente mes",
            "content_base64": null,
            "content_base64sha256": "vnuy7105BJStAW8yxkd7xruNxc/6ub2cJX24wm0SCCg=",
            "content_base64sha512": "4Xl9TdHWDpGjn8ssbSoxCqcjsQftEVx3QWAd+tatiBpGIAWiEMoXfZr3qDSWPCaNMOybf7jp2CUGwkS8uFulvg==",
            "content_md5": "2bfbc25f6fafd834cc83f8f38c25bc4a",
            "content_sha1": "ed713af7b831be439b165fb672ba3e06264fb6e2",
            "content_sha256": "be7bb2ef5d390494ad016f32c6477bc6bb8dc5cffab9bd9c257db8c26d120828",
            "content_sha512": "e1797d4dd1d60e91a39fcb2c6d2a310aa723b107ed115c7741601dfad6ad881a462005a210ca177d9af7a834963c268d30ec9b7fb8e9d82506c244bcb85ba5be",
            "directory_permission": "0777",
            "file_permission": "0777",
            "filename": "productos-koil.txt",
            "id": "ed713af7b831be439b165fb672ba3e06264fb6e2",
            "sensitive_content": null,
            "source": null
          },
          "sensitive_attributes": [
            [
              {
                "type": "get_attr",
                "value": "sensitive_content"
              }
            ]
          ],
          "dependencies": [
            "random_string.sufijo"
          ]
        },
        {
          "index_key": 16,
          "schema_version": 0,
          "attributes": {
            "content": "lista de productos para el siguiente mes",
            "content_base64": null,
            "content_base64sha256": "vnuy7105BJStAW8yxkd7xruNxc/6ub2cJX24wm0SCCg=",
            "content_base64sha512": "4Xl9TdHWDpGjn8ssbSoxCqcjsQftEVx3QWAd+tatiBpGIAWiEMoXfZr3qDSWPCaNMOybf7jp2CUGwkS8uFulvg==",
            "content_md5": "2bfbc25f6fafd834cc83f8f38c25bc4a",
            "content_sha1": "ed713af7b831be439b165fb672ba3e06264fb6e2",
            "content_sha256": "be7bb2ef5d390494ad016f32c6477bc6bb8dc5cffab9bd9c257db8c26d120828",
            "content_sha512": "e1797d4dd1d60e91a39fcb2c6d2a310aa723b107ed115c7741601dfad6ad881a462005a210ca177d9af7a834963c268d30ec9b7fb8e9d82506c244bcb85ba5be",
            "directory_permission": "0777",
            "file_permission": "0777",
            "filename": "productos-wxbg.txt",
            "id": "ed713af7b831be439b165fb672ba3e06264fb6e2",
            "sensitive_content": null,
            "source": null
          },
          "sensitive_attributes": [
            [
              {
                "type": "get_attr",
                "value": "sensitive_content"
              }
            ]
          ],
          "dependencies": [
            "random_string.sufijo"
          ]
        },
        {
          "index_key": 17,
          "schema_version": 0,
          "attributes": {
            "content": "lista de productos para el siguiente mes",
            "content_base64": null,
            "content_base64sha256": "vnuy7105BJStAW8yxkd7xruNxc/6ub2cJX24wm0SCCg=",
            "content_base64sha512": "4Xl9TdHWDpGjn8ssbSoxCqcjsQftEVx3QWAd+tatiBpGIAWiEMoXfZr3qDSWPCaNMOybf7jp2CUGwkS8uFulvg==",
            "content_md5": "2bfbc25f6fafd834cc83f8f38c25bc4a",
            "content_sha1": "ed713af7b831be439b165fb672ba3e06264fb6e2",
            "content_sha256": "be7bb2ef5d390494ad016f32c6477bc6bb8dc5cffab9bd9c257db8c26d120828",
            "content_sha512": "e1797d4dd1d60e91a39fcb2c6d2a310aa723b107ed115c7741601dfad6ad881a462005a210ca177d9af7a834963c268d30ec9b7fb8e9d82506c244bcb85ba5be",
            "directory_permission": "0777",
            "file_permission": "0777",
            "filename": "productos-kzrw.txt",
            "id": "ed713af7b831be439b165fb672ba3e06264fb6e2",
            "sensitive_content": null,
            "source": null
          },
          "sensitive_attributes": [
            [
              {
                "type": "get_attr",
                "value": "sensitive_content"
              }
            ]
          ],
          "dependencies": [
            "random_string.sufijo"
          ]
        },
        {
          "index_key": 18,
          "schema_version": 0,
          "attributes": {
            "content": "lista de productos para el siguiente mes",
            "content_base64": null,
            "content_base64sha256": "vnuy7105BJStAW8yxkd7xruNxc/6ub2cJX24wm0SCCg=",
            "content_base64sha512": "4Xl9TdHWDpGjn8ssbSoxCqcjsQftEVx3QWAd+tatiBpGIAWiEMoXfZr3qDSWPCaNMOybf7jp2CUGwkS8uFulvg==",
            "content_md5": "2bfbc25f6fafd834cc83f8f38c25bc4a",
            "content_sha1": "ed713af7b831be439b165fb672ba3e06264fb6e2",
            "content_sha256": "be7bb2ef5d390494ad016f32c6477bc6bb8dc5cffab9bd9c257db8c26d120828",
            "content_sha512": "e1797d4dd1d60e91a39fcb2c6d2a310aa723b107ed115c7741601dfad6ad881a462005a210ca177d9af7a834963c268d30ec9b7fb8e9d82506c244bcb85ba5be",
            "directory_permission": "0777",
            "file_permission": "0777",
            "filename": "productos-ayti.txt",
            "id": "ed713af7b831be439b165fb672ba3e06264fb6e2",
            "sensitive_content": null,
            "source": null
          },
          "sensitive_attributes": [
            [
              {
                "type": "get_attr",
                "value": "sensitive_content"
              }
            ]
          ],
          "dependencies": [
            "random_string.sufijo"
          ]
        },
        {
          "index_key": 19,
          "schema_version": 0,
          "attributes": {
            "content": "lista de productos para el siguiente mes",
            "content_base64": null,
            "content_base64sha256": "vnuy7105BJStAW8yxkd7xruNxc/6ub2cJX24wm0SCCg=",
            "content_base64sha512": "4Xl9TdHWDpGjn8ssbSoxCqcjsQftEVx3QWAd+tatiBpGIAWiEMoXfZr3qDSWPCaNMOybf7jp2CUGwkS8uFulvg==",
            "content_md5": "2bfbc25f6fafd834cc83f8f38c25bc4a",
            "content_sha1": "ed713af7b831be439b165fb672ba3e06264fb6e2",
            "content_sha256": "be7bb2ef5d390494ad016f32c6477bc6bb8dc5cffab9bd9c257db8c26d120828",
            "content_sha512": "e1797d4dd1d60e91a39fcb2c6d2a310aa723b107ed115c7741601dfad6ad881a462005a210ca177d9af7a834963c268d30ec9b7fb8e9d82506c244bcb85ba5be",
            "directory_permission": "0777",
            "file_permission": "0777",
            "filename": "productos-hwtl.txt",
            "id": "ed713af7b831be439b165fb672ba3e06264fb6e2",
            "sensitive_content": null,
            "source": null
          },
          "sensitive_attributes": [
            [
              {
                "type": "get_attr",
                "value": "sensitive_content"
              }
            ]
          ],
          "dependencies": [
            "random_string.sufijo"
          ]
        },
        {
          "index_key": 20,
          "schema_version": 0,
          "attributes": {
            "content": "lista de productos para el siguiente mes",
            "content_base64": null,
            "content_base64sha256": "vnuy7105BJStAW8yxkd7xruNxc/6ub2cJX24wm0SCCg=",
            "content_base64sha512": "4Xl9TdHWDpGjn8ssbSoxCqcjsQftEVx3QWAd+tatiBpGIAWiEMoXfZr3qDSWPCaNMOybf7jp2CUGwkS8uFulvg==",
            "content_md5": "2bfbc25f6fafd834cc83f8f38c25bc4a",
            "content_sha1": "ed713af7b831be439b165fb672ba3e06264fb6e2",
            "content_sha256": "be7bb2ef5d390494ad016f32c6477bc6bb8dc5cffab9bd9c257db8c26d120828",
            "content_sha512": "e1797d4dd1d60e91a39fcb2c6d2a310aa723b107ed115c7741601dfad6ad881a462005a210ca177d9af7a834963c268d30ec9b7fb8e9d82506c244bcb85ba5be",
            "directory_permission": "0777",
            "file_permission": "0777",
            "filename": "productos-kffp.txt",
            "id": "ed713af7b831be439b165fb672ba3e06264fb6e2",
            "sensitive_content": null,
            "source": null
          },
          "sensitive_attributes": [
            [
              {
                "type": "get_attr",
                "value": "sensitive_content"
              }
            ]
          ],
          "dependencies": [
            "random_string.sufijo"
          ]
        },
        {
          "index_key": 21,
          "schema_version": 0,
          "attributes": {
            "content": "lista de productos para el siguiente mes",
            "content_base64": null,
            "content_base64sha256": "vnuy7105BJStAW8yxkd7xruNxc/6ub2cJX24wm0SCCg=",
            "content_base64sha512": "4Xl9TdHWDpGjn8ssbSoxCqcjsQftEVx3QWAd+tatiBpGIAWiEMoXfZr3qDSWPCaNMOybf7jp2CUGwkS8uFulvg==",
            "content_md5": "2bfbc25f6fafd834cc83f8f38c25bc4a",
            "content_sha1": "ed713af7b831be439b165fb672ba3e06264fb6e2",
            "content_sha256": "be7bb2ef5d390494ad016f32c6477bc6bb8dc5cffab9bd9c257db8c26d120828",
            "content_sha512": "e1797d4dd1d60e91a39fcb2c6d2a310aa723b107ed115c7741601dfad6ad881a462005a210ca177d9af7a834963c268d30ec9b7fb8e9d82506c244bcb85ba5be",
            "directory_permission": "0777",
            "file_permission": "0777",
            "filename": "productos-mvyr.txt",
            "id": "ed713af7b831be439b165fb672ba3e06264fb6e2",
            "sensitive_content": null,
            "source": null
          },
          "sensitive_attributes": [
            [
              {
                "type": "get_attr",
                "value": "sensitive_content"
              }
            ]
          ],
          "dependencies": [
            "random_string.sufijo"
          ]
        },
        {
          "index_key": 22,
          "schema_version": 0,
          "attributes": {
            "content": "lista de productos para el siguiente mes",
            "content_base64": null,
            "content_base64sha256": "vnuy7105BJStAW8yxkd7xruNxc/6ub2cJX24wm0SCCg=",
            "content_base64sha512": "4Xl9TdHWDpGjn8ssbSoxCqcjsQftEVx3QWAd+tatiBpGIAWiEMoXfZr3qDSWPCaNMOybf7jp2CUGwkS8uFulvg==",
            "content_md5": "2bfbc25f6fafd834cc83f8f38c25bc4a",
            "content_sha1": "ed713af7b831be439b165fb672ba3e06264fb6e2",
            "content_sha256": "be7bb2ef5d390494ad016f32c6477bc6bb8dc5cffab9bd9c257db8c26d120828",
            "content_sha512": "e1797d4dd1d60e91a39fcb2c6d2a310aa723b107ed115c7741601dfad6ad881a462005a210ca177d9af7a834963c268d30ec9b7fb8e9d82506c244bcb85ba5be",
            "directory_permission": "0777",
            "file_permission": "0777",
            "filename": "productos-pguy.txt",
            "id": "ed713af7b831be439b165fb672ba3e06264fb6e2",
            "sensitive_content": null,
            "source": null
          },
          "sensitive_attributes": [
            [
              {
                "type": "get_attr",
                "value": "sensitive_content"
              }
            ]
          ],
          "dependencies": [
            "random_string.sufijo"
          ]
        },
        {
          "index_key": 23,
          "schema_version": 0,
          "attributes": {
            "content": "lista de productos para el siguiente mes",
            "content_base64": null,
            "content_base64sha256": "vnuy7105BJStAW8yxkd7xruNxc/6ub2cJX24wm0SCCg=",
            "content_base64sha512": "4Xl9TdHWDpGjn8ssbSoxCqcjsQftEVx3QWAd+tatiBpGIAWiEMoXfZr3qDSWPCaNMOybf7jp2CUGwkS8uFulvg==",
            "content_md5": "2bfbc25f6fafd834cc83f8f38c25bc4a",
            "content_sha1": "ed713af7b831be439b165fb672ba3e06264fb6e2",
            "content_sha256": "be7bb2ef5d390494ad016f32c6477bc6bb8dc5cffab9bd9c257db8c26d120828",
            "content_sha512": "e1797d4dd1d60e91a39fcb2c6d2a310aa723b107ed115c7741601dfad6ad881a462005a210ca177d9af7a834963c268d30ec9b7fb8e9d82506c244bcb85ba5be",
            "directory_permission": "0777",
            "file_permission": "0777",
            "filename": "productos-yxyh.txt",
            "id": "ed713af7b831be439b165fb672ba3e06264fb6e2",
            "sensitive_content": null,
            "source": null
          },
          "sensitive_attributes": [
            [
              {
                "type": "get_attr",
                "value": "sensitive_content"
              }
            ]
          ],
          "dependencies": [
            "random_string.sufijo"
          ]
        },
        {
          "index_key": 24,
          "schema_version": 0,
          "attributes": {
            "content": "lista de productos para el siguiente mes",
            "content_base64": null,
            "content_base64sha256": "vnuy7105BJStAW8yxkd7xruNxc/6ub2cJX24wm0SCCg=",
            "content_base64sha512": "4Xl9TdHWDpGjn8ssbSoxCqcjsQftEVx3QWAd+tatiBpGIAWiEMoXfZr3qDSWPCaNMOybf7jp2CUGwkS8uFulvg==",
            "content_md5": "2bfbc25f6fafd834cc83f8f38c25bc4a",
            "content_sha1": "ed713af7b831be439b165fb672ba3e06264fb6e2",
            "content_sha256": "be7bb2ef5d390494ad016f32c6477bc6bb8dc5cffab9bd9c257db8c26d120828",
            "content_sha512": "e1797d4dd1d60e91a39fcb2c6d2a310aa723b107ed115c7741601dfad6ad881a462005a210ca177d9af7a834963c268d30ec9b7fb8e9d82506c244bcb85ba5be",
            "directory_permission": "0777",
            "file_permission": "0777",
            "filename": "productos-zhju.txt",
            "id": "ed713af7b831be439b165fb672ba3e06264fb6e2",
            "sensitive_content": null,
            "source": null
          },
          "sensitive_attributes": [
            [
              {
                "type": "get_attr",
                "value": "sensitive_content"
              }
            ]
          ],
          "dependencies": [
            "random_string.sufijo"
          ]
        },
        {
          "index_key": 25,
          "schema_version": 0,
          "attributes": {
            "content": "lista de productos para el siguiente mes",
            "content_base64": null,
            "content_base64sha256": "vnuy7105BJStAW8yxkd7xruNxc/6ub2cJX24wm0SCCg=",
            "content_base64sha512": "4Xl9TdHWDpGjn8ssbSoxCqcjsQftEVx3QWAd+tatiBpGIAWiEMoXfZr3qDSWPCaNMOybf7jp2CUGwkS8uFulvg==",
            "content_md5": "2bfbc25f6fafd834cc83f8f38c25bc4a",
            "content_sha1": "ed713af7b831be439b165fb672ba3e06264fb6e2",
            "content_sha256": "be7bb2ef5d390494ad016f32c6477bc6bb8dc5cffab9bd9c257db8c26d120828",
            "content_sha512": "e1797d4dd1d60e91a39fcb2c6d2a310aa723b107ed115c7741601dfad6ad881a462005a210ca177d9af7a834963c268d30ec9b7fb8e9d82506c244bcb85ba5be",
            "directory_permission": "0777",
            "file_permission": "0777",
            "filename": "productos-donb.txt",
            "id": "ed713af7b831be439b165fb672ba3e06264fb6e2",
            "sensitive_content": null,
            "source": null
          },
          "sensitive_attributes": [
            [
              {
                "type": "get_attr",
                "value": "sensitive_content"
              }
            ]
          ],
          "dependencies": [
            "random_string.sufijo"
          ]
        },
        {
          "index_key": 26,
          "schema_version": 0,
          "attributes": {
            "content": "lista de productos para el siguiente mes",
            "content_base64": null,
            "content_base64sha256": "vnuy7105BJStAW8yxkd7xruNxc/6ub2cJX24wm0SCCg=",
            "content_base64sha512": "4Xl9TdHWDpGjn8ssbSoxCqcjsQftEVx3QWAd+tatiBpGIAWiEMoXfZr3qDSWPCaNMOybf7jp2CUGwkS8uFulvg==",
            "content_md5": "2bfbc25f6fafd834cc83f8f38c25bc4a",
            "content_sha1": "ed713af7b831be439b165fb672ba3e06264fb6e2",
            "content_sha256": "be7bb2ef5d390494ad016f32c6477bc6bb8dc5cffab9bd9c257db8c26d120828",
            "content_sha512": "e1797d4dd1d60e91a39fcb2c6d2a310aa723b107ed115c7741601dfad6ad881a462005a210ca177d9af7a834963c268d30ec9b7fb8e9d82506c244bcb85ba5be",
            "directory_permission": "0777",
            "file_permission": "0777",
            "filename": "productos-ruzo.txt",
            "id": "ed713af7b831be439b165fb672ba3e06264fb6e2",
            "sensitive_content": null,
            "source": null
          },
          "sensitive_attributes": [
            [
              {
                "type": "get_attr",
                "value": "sensitive_content"
              }
            ]
          ],
          "dependencies": [
            "random_string.sufijo"
          ]
        },
        {
          "index_key": 27,
          "schema_version": 0,
          "attributes": {
            "content": "lista de productos para el siguiente mes",
            "content_base64": null,
            "content_base64sha256": "vnuy7105BJStAW8yxkd7xruNxc/6ub2cJX24wm0SCCg=",
            "content_base64sha512": "4Xl9TdHWDpGjn8ssbSoxCqcjsQftEVx3QWAd+tatiBpGIAWiEMoXfZr3qDSWPCaNMOybf7jp2CUGwkS8uFulvg==",
            "content_md5": "2bfbc25f6fafd834cc83f8f38c25bc4a",
            "content_sha1": "ed713af7b831be439b165fb672ba3e06264fb6e2",
            "content_sha256": "be7bb2ef5d390494ad016f32c6477bc6bb8dc5cffab9bd9c257db8c26d120828",
            "content_sha512": "e1797d4dd1d60e91a39fcb2c6d2a310aa723b107ed115c7741601dfad6ad881a462005a210ca177d9af7a834963c268d30ec9b7fb8e9d82506c244bcb85ba5be",
            "directory_permission": "0777",
            "file_permission": "0777",
            "filename": "productos-gckb.txt",
            "id": "ed713af7b831be439b165fb672ba3e06264fb6e2",
            "sensitive_content": null,
            "source": null
          },
          "sensitive_attributes": [
            [
              {
                "type": "get_attr",
                "value": "sensitive_content"
              }
            ]
          ],
          "dependencies": [
            "random_string.sufijo"
          ]
        },
        {
          "index_key": 28,
          "schema_version": 0,
          "attributes": {
            "content": "lista de productos para el siguiente mes",
            "content_base64": null,
            "content_base64sha256": "vnuy7105BJStAW8yxkd7xruNxc/6ub2cJX24wm0SCCg=",
            "content_base64sha512": "4Xl9TdHWDpGjn8ssbSoxCqcjsQftEVx3QWAd+tatiBpGIAWiEMoXfZr3qDSWPCaNMOybf7jp2CUGwkS8uFulvg==",
            "content_md5": "2bfbc25f6fafd834cc83f8f38c25bc4a",
            "content_sha1": "ed713af7b831be439b165fb672ba3e06264fb6e2",
            "content_sha256": "be7bb2ef5d390494ad016f32c6477bc6bb8dc5cffab9bd9c257db8c26d120828",
            "content_sha512": "e1797d4dd1d60e91a39fcb2c6d2a310aa723b107ed115c7741601dfad6ad881a462005a210ca177d9af7a834963c268d30ec9b7fb8e9d82506c244bcb85ba5be",
            "directory_permission": "0777",
            "file_permission": "0777",
            "filename": "productos-zabc.txt",
            "id": "ed713af7b831be439b165fb672ba3e06264fb6e2",
            "sensitive_content": null,
            "source": null
          },
          "sensitive_attributes": [
            [
              {
                "type": "get_attr",
                "value": "sensitive_content"
              }
            ]
          ],
          "dependencies": [
            "random_string.sufijo"
          ]
        },
        {
          "index_key": 29,
          "schema_version": 0,
          "attributes": {
            "content": "lista de productos para el siguiente mes",
            "content_base64": null,
            "content_base64sha256": "vnuy7105BJStAW8yxkd7xruNxc/6ub2cJX24wm0SCCg=",
            "content_base64sha512": "4Xl9TdHWDpGjn8ssbSoxCqcjsQftEVx3QWAd+tatiBpGIAWiEMoXfZr3qDSWPCaNMOybf7jp2CUGwkS8uFulvg==",
            "content_md5": "2bfbc25f6fafd834cc83f8f38c25bc4a",
            "content_sha1": "ed713af7b831be439b165fb672ba3e06264fb6e2",
            "content_sha256": "be7bb2ef5d390494ad016f32c6477bc6bb8dc5cffab9bd9c257db8c26d120828",
            "content_sha512": "e1797d4dd1d60e91a39fcb2c6d2a310aa723b107ed115c7741601dfad6ad881a462005a210ca177d9af7a834963c268d30ec9b7fb8e9d82506c244bcb85ba5be",
            "directory_permission": "0777",
            "file_permission": "0777",
            "filename": "productos-pmal.txt",
            "id": "ed713af7b831be439b165fb672ba3e06264fb6e2",
            "sensitive_content": null,
            "source": null
          },
          "sensitive_attributes": [
            [
              {
                "type": "get_attr",
                "value": "sensitive_content"
              }
            ]
          ],
          "dependencies": [
            "random_string.sufijo"
          ]
        },
        {
          "index_key": 30,
          "schema_version": 0,
          "attributes": {
            "content": "lista de productos para el siguiente mes",
            "content_base64": null,
            "content_base64sha256": "vnuy7105BJStAW8yxkd7xruNxc/6ub2cJX24wm0SCCg=",
            "content_base64sha512": "4Xl9TdHWDpGjn8ssbSoxCqcjsQftEVx3QWAd+tatiBpGIAWiEMoXfZr3qDSWPCaNMOybf7jp2CUGwkS8uFulvg==",
            "content_md5": "2bfbc25f6fafd834cc83f8f38c25bc4a",
            "content_sha1": "ed713af7b831be439b165fb672ba3e06264fb6e2",
            "content_sha256": "be7bb2ef5d390494ad016f32c6477bc6bb8dc5cffab9bd9c257db8c26d120828",
            "content_sha512": "e1797d4dd1d60e91a39fcb2c6d2a310aa723b107ed115c7741601dfad6ad881a462005a210ca177d9af7a834963c268d30ec9b7fb8e9d82506c244bcb85ba5be",
            "directory_permission": "0777",
            "file_permission": "0777",
            "filename": "productos-kswm.txt",
            "id": "ed713af7b831be439b165fb672ba3e06264fb6e2",
            "sensitive_content": null,
            "source": null
          },
          "sensitive_attributes": [
            [
              {
                "type": "get_attr",
                "value": "sensitive_content"
              }
            ]
          ],
          "dependencies": [
            "random_string.sufijo"
          ]
        },
        {
          "index_key": 31,
          "schema_version": 0,
          "attributes": {
            "content": "lista de productos para el siguiente mes",
            "content_base64": null,
            "content_base64sha256": "vnuy7105BJStAW8yxkd7xruNxc/6ub2cJX24wm0SCCg=",
            "content_base64sha512": "4Xl9TdHWDpGjn8ssbSoxCqcjsQftEVx3QWAd+tatiBpGIAWiEMoXfZr3qDSWPCaNMOybf7jp2CUGwkS8uFulvg==",
            "content_md5": "2bfbc25f6fafd834cc83f8f38c25bc4a",
            "content_sha1": "ed713af7b831be439b165fb672ba3e06264fb6e2",
            "content_sha256": "be7bb2ef5d390494ad016f32c6477bc6bb8dc5cffab9bd9c257db8c26d120828",
            "content_sha512": "e1797d4dd1d60e91a39fcb2c6d2a310aa723b107ed115c7741601dfad6ad881a462005a210ca177d9af7a834963c268d30ec9b7fb8e9d82506c244bcb85ba5be",
            "directory_permission": "0777",
            "file_permission": "0777",
            "filename": "productos-hige.txt",
            "id": "ed713af7b831be439b165fb672ba3e06264fb6e2",
            "sensitive_content": null,
            "source": null
          },
          "sensitive_attributes": [
            [
              {
                "type": "get_attr",
                "value": "sensitive_content"
              }
            ]
          ],
          "dependencies": [
            "random_string.sufijo"
          ]
        },
        {
          "index_key": 32,
          "schema_version": 0,
          "attributes": {
            "content": "lista de productos para el siguiente mes",
            "content_base64": null,
            "content_base64sha256": "vnuy7105BJStAW8yxkd7xruNxc/6ub2cJX24wm0SCCg=",
            "content_base64sha512": "4Xl9TdHWDpGjn8ssbSoxCqcjsQftEVx3QWAd+tatiBpGIAWiEMoXfZr3qDSWPCaNMOybf7jp2CUGwkS8uFulvg==",
            "content_md5": "2bfbc25f6fafd834cc83f8f38c25bc4a",
            "content_sha1": "ed713af7b831be439b165fb672ba3e06264fb6e2",
            "content_sha256": "be7bb2ef5d390494ad016f32c6477bc6bb8dc5cffab9bd9c257db8c26d120828",
            "content_sha512": "e1797d4dd1d60e91a39fcb2c6d2a310aa723b107ed115c7741601dfad6ad881a462005a210ca177d9af7a834963c268d30ec9b7fb8e9d82506c244bcb85ba5be",
            "directory_permission": "0777",
            "file_permission": "0777",
            "filename": "productos-lche.txt",
            "id": "ed713af7b831be439b165fb672ba3e06264fb6e2",
            "sensitive_content": null,
            "source": null
          },
          "sensitive_attributes": [
            [
              {
                "type": "get_attr",
                "value": "sensitive_content"
              }
            ]
          ],
          "dependencies": [
            "random_string.sufijo"
          ]
        },
        {
          "index_key": 33,
          "schema_version": 0,
          "attributes": {
            "content": "lista de productos para el siguiente mes",
            "content_base64": null,
            "content_base64sha256": "vnuy7105BJStAW8yxkd7xruNxc/6ub2cJX24wm0SCCg=",
            "content_base64sha512": "4Xl9TdHWDpGjn8ssbSoxCqcjsQftEVx3QWAd+tatiBpGIAWiEMoXfZr3qDSWPCaNMOybf7jp2CUGwkS8uFulvg==",
            "content_md5": "2bfbc25f6fafd834cc83f8f38c25bc4a",
            "content_sha1": "ed713af7b831be439b165fb672ba3e06264fb6e2",
            "content_sha256": "be7bb2ef5d390494ad016f32c6477bc6bb8dc5cffab9bd9c257db8c26d120828",
            "content_sha512": "e1797d4dd1d60e91a39fcb2c6d2a310aa723b107ed115c7741601dfad6ad881a462005a210ca177d9af7a834963c268d30ec9b7fb8e9d82506c244bcb85ba5be",
            "directory_permission": "0777",
            "file_permission": "0777",
            "filename": "productos-vdms.txt",
            "id": "ed713af7b831be439b165fb672ba3e06264fb6e2",
            "sensitive_content": null,
            "source": null
          },
          "sensitive_attributes": [
            [
              {
                "type": "get_attr",
                "value": "sensitive_content"
              }
            ]
          ],
          "dependencies": [
            "random_string.sufijo"
          ]
        },
        {
          "index_key": 34,
          "schema_version": 0,
          "attributes": {
            "content": "lista de productos para el siguiente mes",
            "content_base64": null,
            "content_base64sha256": "vnuy7105BJStAW8yxkd7xruNxc/6ub2cJX24wm0SCCg=",
            "content_base64sha512": "4Xl9TdHWDpGjn8ssbSoxCqcjsQftEVx3QWAd+tatiBpGIAWiEMoXfZr3qDSWPCaNMOybf7jp2CUGwkS8uFulvg==",
            "content_md5": "2bfbc25f6fafd834cc83f8f38c25bc4a",
            "content_sha1": "ed713af7b831be439b165fb672ba3e06264fb6e2",
            "content_sha256": "be7bb2ef5d390494ad016f32c6477bc6bb8dc5cffab9bd9c257db8c26d120828",
            "content_sha512": "e1797d4dd1d60e91a39fcb2c6d2a310aa723b107ed115c7741601dfad6ad881a462005a210ca177d9af7a834963c268d30ec9b7fb8e9d82506c244bcb85ba5be",
            "directory_permission": "0777",
            "file_permission": "0777",
            "filename": "productos-kmiz.txt",
            "id": "ed713af7b831be439b165fb672ba3e06264fb6e2",
            "sensitive_content": null,
            "source": null
          },
          "sensitive_attributes": [
            [
              {
                "type": "get_attr",
                "value": "sensitive_content"
              }
            ]
          ],
          "dependencies": [
            "random_string.sufijo"
          ]
        },
        {
          "index_key": 35,
          "schema_version": 0,
          "attributes": {
            "content": "lista de productos para el siguiente mes",
            "content_base64": null,
            "content_base64sha256": "vnuy7105BJStAW8yxkd7xruNxc/6ub2cJX24wm0SCCg=",
            "content_base64sha512": "4Xl9TdHWDpGjn8ssbSoxCqcjsQftEVx3QWAd+tatiBpGIAWiEMoXfZr3qDSWPCaNMOybf7jp2CUGwkS8uFulvg==",
            "content_md5": "2bfbc25f6fafd834cc83f8f38c25bc4a",
            "content_sha1": "ed713af7b831be439b165fb672ba3e06264fb6e2",
            "content_sha256": "be7bb2ef5d390494ad016f32c6477bc6bb8dc5cffab9bd9c257db8c26d120828",
            "content_sha512": "e1797d4dd1d60e91a39fcb2c6d2a310aa723b107ed115c7741601dfad6ad881a462005a210ca177d9af7a834963c268d30ec9b7fb8e9d82506c244bcb85ba5be",
            "directory_permission": "0777",
            "file_permission": "0777",
            "filename": "productos-kngj.txt",
            "id": "ed713af7b831be439b165fb672ba3e06264fb6e2",
            "sensitive_content": null,
            "source": null
          },
          "sensitive_attributes": [
            [
              {
                "type": "get_attr",
                "value": "sensitive_content"
              }
            ]
          ],
          "dependencies": [
            "random_string.sufijo"
          ]
        },
        {
          "index_key": 36,
          "schema_version": 0,
          "attributes": {
            "content": "lista de productos para el siguiente mes",
            "content_base64": null,
            "content_base64sha256": "vnuy7105BJStAW8yxkd7xruNxc/6ub2cJX24wm0SCCg=",
            "content_base64sha512": "4Xl9TdHWDpGjn8ssbSoxCqcjsQftEVx3QWAd+tatiBpGIAWiEMoXfZr3qDSWPCaNMOybf7jp2CUGwkS8uFulvg==",
            "content_md5": "2bfbc25f6fafd834cc83f8f38c25bc4a",
            "content_sha1": "ed713af7b831be439b165fb672ba3e06264fb6e2",
            "content_sha256": "be7bb2ef5d390494ad016f32c6477bc6bb8dc5cffab9bd9c257db8c26d120828",
            "content_sha512": "e1797d4dd1d60e91a39fcb2c6d2a310aa723b107ed115c7741601dfad6ad881a462005a210ca177d9af7a834963c268d30ec9b7fb8e9d82506c244bcb85ba5be",
            "directory_permission": "0777",
            "file_permission": "0777",
            "filename": "productos-xzez.txt",
            "id": "ed713af7b831be439b165fb672ba3e06264fb6e2",
            "sensitive_content": null,
            "source": null
          },
          "sensitive_attributes": [
            [
              {
                "type": "get_attr",
                "value": "sensitive_content"
              }
            ]
          ],
          "dependencies": [
            "random_string.sufijo"
          ]
        },
        {
          "index_key": 37,
          "schema_version": 0,
          "attributes": {
            "content": "lista de productos para el siguiente mes",
            "content_base64": null,
            "content_base64sha256": "vnuy7105BJStAW8yxkd7xruNxc/6ub2cJX24wm0SCCg=",
            "content_base64sha512": "4Xl9TdHWDpGjn8ssbSoxCqcjsQftEVx3QWAd+tatiBpGIAWiEMoXfZr3qDSWPCaNMOybf7jp2CUGwkS8uFulvg==",
            "content_md5": "2bfbc25f6fafd834cc83f8f38c25bc4a",
            "content_sha1": "ed713af7b831be439b165fb672ba3e06264fb6e2",
            "content_sha256": "be7bb2ef5d390494ad016f32c6477bc6bb8dc5cffab9bd9c257db8c26d120828",
            "content_sha512": "e1797d4dd1d60e91a39fcb2c6d2a310aa723b107ed115c7741601dfad6ad881a462005a210ca177d9af7a834963c268d30ec9b7fb8e9d82506c244bcb85ba5be",
            "directory_permission": "0777",
            "file_permission": "0777",
            "filename": "productos-hqak.txt",
            "id": "ed713af7b831be439b165fb672ba3e06264fb6e2",
            "sensitive_content": null,
            "source": null
          },
          "sensitive_attributes": [
            [
              {
                "type": "get_attr",
                "value": "sensitive_content"
              }
            ]
          ],
          "dependencies": [
            "random_string.sufijo"
          ]
        },
        {
          "index_key": 38,
          "schema_version": 0,
          "attributes": {
            "content": "lista de productos para el siguiente mes",
            "content_base64": null,
            "content_base64sha256": "vnuy7105BJStAW8yxkd7xruNxc/6ub2cJX24wm0SCCg=",
            "content_base64sha512": "4Xl9TdHWDpGjn8ssbSoxCqcjsQftEVx3QWAd+tatiBpGIAWiEMoXfZr3qDSWPCaNMOybf7jp2CUGwkS8uFulvg==",
            "content_md5": "2bfbc25f6fafd834cc83f8f38c25bc4a",
            "content_sha1": "ed713af7b831be439b165fb672ba3e06264fb6e2",
            "content_sha256": "be7bb2ef5d390494ad016f32c6477bc6bb8dc5cffab9bd9c257db8c26d120828",
            "content_sha512": "e1797d4dd1d60e91a39fcb2c6d2a310aa723b107ed115c7741601dfad6ad881a462005a210ca177d9af7a834963c268d30ec9b7fb8e9d82506c244bcb85ba5be",
            "directory_permission": "0777",
            "file_permission": "0777",
            "filename": "productos-vjgp.txt",
            "id": "ed713af7b831be439b165fb672ba3e06264fb6e2",
            "sensitive_content": null,
            "source": null
          },
          "sensitive_attributes": [
            [
              {
                "type": "get_attr",
                "value": "sensitive_content"
              }
            ]
          ],
          "dependencies": [
            "random_string.sufijo"
          ]
        },
        {
          "index_key": 39,
          "schema_version": 0,
          "attributes": {
            "content": "lista de productos para el siguiente mes",
            "content_base64": null,
            "content_base64sha256": "vnuy7105BJStAW8yxkd7xruNxc/6ub2cJX24wm0SCCg=",
            "content_base64sha512": "4Xl9TdHWDpGjn8ssbSoxCqcjsQftEVx3QWAd+tatiBpGIAWiEMoXfZr3qDSWPCaNMOybf7jp2CUGwkS8uFulvg==",
            "content_md5": "2bfbc25f6fafd834cc83f8f38c25bc4a",
            "content_sha1": "ed713af7b831be439b165fb672ba3e06264fb6e2",
            "content_sha256": "be7bb2ef5d390494ad016f32c6477bc6bb8dc5cffab9bd9c257db8c26d120828",
            "content_sha512": "e1797d4dd1d60e91a39fcb2c6d2a310aa723b107ed115c7741601dfad6ad881a462005a210ca177d9af7a834963c268d30ec9b7fb8e9d82506c244bcb85ba5be",
            "directory_permission": "0777",
            "file_permission": "0777",
            "filename": "productos-ixul.txt",
            "id": "ed713af7b831be439b165fb672ba3e06264fb6e2",
            "sensitive_content": null,
            "source": null
          },
          "sensitive_attributes": [
            [
              {
                "type": "get_attr",
                "value": "sensitive_content"
              }
            ]
          ],
          "dependencies": [
            "random_string.sufijo"
          ]
        },
        {
          "index_key": 40,
          "schema_version": 0,
          "attributes": {
            "content": "lista de productos para el siguiente mes",
            "content_base64": null,
            "content_base64sha256": "vnuy7105BJStAW8yxkd7xruNxc/6ub2cJX24wm0SCCg=",
            "content_base64sha512": "4Xl9TdHWDpGjn8ssbSoxCqcjsQftEVx3QWAd+tatiBpGIAWiEMoXfZr3qDSWPCaNMOybf7jp2CUGwkS8uFulvg==",
            "content_md5": "2bfbc25f6fafd834cc83f8f38c25bc4a",
            "content_sha1": "ed713af7b831be439b165fb672ba3e06264fb6e2",
            "content_sha256": "be7bb2ef5d390494ad016f32c6477bc6bb8dc5cffab9bd9c257db8c26d120828",
            "content_sha512": "e1797d4dd1d60e91a39fcb2c6d2a310aa723b107ed115c7741601dfad6ad881a462005a210ca177d9af7a834963c268d30ec9b7fb8e9d82506c244bcb85ba5be",
            "directory_permission": "0777",
            "file_permission": "0777",
            "filename": "productos-clds.txt",
            "id": "ed713af7b831be439b165fb672ba3e06264fb6e2",
            "sensitive_content": null,
            "source": null
          },
          "sensitive_attributes": [
            [
              {
                "type": "get_attr",
                "value": "sensitive_content"
              }
            ]
          ],
          "dependencies": [
            "random_string.sufijo"
          ]
        },
        {
          "index_key": 41,
          "schema_version": 0,
          "attributes": {
            "content": "lista de productos para el siguiente mes",
            "content_base64": null,
            "content_base64sha256": "vnuy7105BJStAW8yxkd7xruNxc/6ub2cJX24wm0SCCg=",
            "content_base64sha512": "4Xl9TdHWDpGjn8ssbSoxCqcjsQftEVx3QWAd+tatiBpGIAWiEMoXfZr3qDSWPCaNMOybf7jp2CUGwkS8uFulvg==",
            "content_md5": "2bfbc25f6fafd834cc83f8f38c25bc4a",
            "content_sha1": "ed713af7b831be439b165fb672ba3e06264fb6e2",
            "content_sha256": "be7bb2ef5d390494ad016f32c6477bc6bb8dc5cffab9bd9c257db8c26d120828",
            "content_sha512": "e1797d4dd1d60e91a39fcb2c6d2a310aa723b107ed115c7741601dfad6ad881a462005a210ca177d9af7a834963c268d30ec9b7fb8e9d82506c244bcb85ba5be",
            "directory_permission": "0777",
            "file_permission": "0777",
            "filename": "productos-qisd.txt",
            "id": "ed713af7b831be439b165fb672ba3e06264fb6e2",
            "sensitive_content": null,
            "source": null
          },
          "sensitive_attributes": [
            [
              {
                "type": "get_attr",
                "value": "sensitive_content"
              }
            ]
          ],
          "dependencies": [
            "random_string.sufijo"
          ]
        },
        {
          "index_key": 42,
          "schema_version": 0,
          "attributes": {
            "content": "lista de productos para el siguiente mes",
            "content_base64": null,
            "content_base64sha256": "vnuy7105BJStAW8yxkd7xruNxc/6ub2cJX24wm0SCCg=",
            "content_base64sha512": "4Xl9TdHWDpGjn8ssbSoxCqcjsQftEVx3QWAd+tatiBpGIAWiEMoXfZr3qDSWPCaNMOybf7jp2CUGwkS8uFulvg==",
            "content_md5": "2bfbc25f6fafd834cc83f8f38c25bc4a",
            "content_sha1": "ed713af7b831be439b165fb672ba3e06264fb6e2",
            "content_sha256": "be7bb2ef5d390494ad016f32c6477bc6bb8dc5cffab9bd9c257db8c26d120828",
            "content_sha512": "e1797d4dd1d60e91a39fcb2c6d2a310aa723b107ed115c7741601dfad6ad881a462005a210ca177d9af7a834963c268d30ec9b7fb8e9d82506c244bcb85ba5be",
            "directory_permission": "0777",
            "file_permission": "0777",
            "filename": "productos-cdmm.txt",
            "id": "ed713af7b831be439b165fb672ba3e06264fb6e2",
            "sensitive_content": null,
            "source": null
          },
          "sensitive_attributes": [
            [
              {
                "type": "get_attr",
                "value": "sensitive_content"
              }
            ]
          ],
          "dependencies": [
            "random_string.sufijo"
          ]
        },
        {
          "index_key": 43,
          "schema_version": 0,
          "attributes": {
            "content": "lista de productos para el siguiente mes",
            "content_base64": null,
            "content_base64sha256": "vnuy7105BJStAW8yxkd7xruNxc/6ub2cJX24wm0SCCg=",
            "content_base64sha512": "4Xl9TdHWDpGjn8ssbSoxCqcjsQftEVx3QWAd+tatiBpGIAWiEMoXfZr3qDSWPCaNMOybf7jp2CUGwkS8uFulvg==",
            "content_md5": "2bfbc25f6fafd834cc83f8f38c25bc4a",
            "content_sha1": "ed713af7b831be439b165fb672ba3e06264fb6e2",
            "content_sha256": "be7bb2ef5d390494ad016f32c6477bc6bb8dc5cffab9bd9c257db8c26d120828",
            "content_sha512": "e1797d4dd1d60e91a39fcb2c6d2a310aa723b107ed115c7741601dfad6ad881a462005a210ca177d9af7a834963c268d30ec9b7fb8e9d82506c244bcb85ba5be",
            "directory_permission": "0777",
            "file_permission": "0777",
            "filename": "productos-echl.txt",
            "id": "ed713af7b831be439b165fb672ba3e06264fb6e2",
            "sensitive_content": null,
            "source": null
          },
          "sensitive_attributes": [
            [
              {
                "type": "get_attr",
                "value": "sensitive_content"
              }
            ]
          ],
          "dependencies": [
            "random_string.sufijo"
          ]
        },
        {
          "index_key": 44,
          "schema_version": 0,
          "attributes": {
            "content": "lista de productos para el siguiente mes",
            "content_base64": null,
            "content_base64sha256": "vnuy7105BJStAW8yxkd7xruNxc/6ub2cJX24wm0SCCg=",
            "content_base64sha512": "4Xl9TdHWDpGjn8ssbSoxCqcjsQftEVx3QWAd+tatiBpGIAWiEMoXfZr3qDSWPCaNMOybf7jp2CUGwkS8uFulvg==",
            "content_md5": "2bfbc25f6fafd834cc83f8f38c25bc4a",
            "content_sha1": "ed713af7b831be439b165fb672ba3e06264fb6e2",
            "content_sha256": "be7bb2ef5d390494ad016f32c6477bc6bb8dc5cffab9bd9c257db8c26d120828",
            "content_sha512": "e1797d4dd1d60e91a39fcb2c6d2a310aa723b107ed115c7741601dfad6ad881a462005a210ca177d9af7a834963c268d30ec9b7fb8e9d82506c244bcb85ba5be",
            "directory_permission": "0777",
            "file_permission": "0777",
            "filename": "productos-xmfo.txt",
            "id": "ed713af7b831be439b165fb672ba3e06264fb6e2",
            "sensitive_content": null,
            "source": null
          },
          "sensitive_attributes": [
            [
              {
                "type": "get_attr",
                "value": "sensitive_content"
              }
            ]
          ],
          "dependencies": [
            "random_string.sufijo"
          ]
        },
        {
          "index_key": 45,
          "schema_version": 0,
          "attributes": {
            "content": "lista de productos para el siguiente mes",
            "content_base64": null,
            "content_base64sha256": "vnuy7105BJStAW8yxkd7xruNxc/6ub2cJX24wm0SCCg=",
            "content_base64sha512": "4Xl9TdHWDpGjn8ssbSoxCqcjsQftEVx3QWAd+tatiBpGIAWiEMoXfZr3qDSWPCaNMOybf7jp2CUGwkS8uFulvg==",
            "content_md5": "2bfbc25f6fafd834cc83f8f38c25bc4a",
            "content_sha1": "ed713af7b831be439b165fb672ba3e06264fb6e2",
            "content_sha256": "be7bb2ef5d390494ad016f32c6477bc6bb8dc5cffab9bd9c257db8c26d120828",
            "content_sha512": "e1797d4dd1d60e91a39fcb2c6d2a310aa723b107ed115c7741601dfad6ad881a462005a210ca177d9af7a834963c268d30ec9b7fb8e9d82506c244bcb85ba5be",
            "directory_permission": "0777",
            "file_permission": "0777",
            "filename": "productos-kmcn.txt",
            "id": "ed713af7b831be439b165fb672ba3e06264fb6e2",
            "sensitive_content": null,
            "source": null
          },
          "sensitive_attributes": [
            [
              {
                "type": "get_attr",
                "value": "sensitive_content"
              }
            ]
          ],
          "dependencies": [
            "random_string.sufijo"
          ]
        },
        {
          "index_key": 46,
          "schema_version": 0,
          "attributes": {
            "content": "lista de productos para el siguiente mes",
            "content_base64": null,
            "content_base64sha256": "vnuy7105BJStAW8yxkd7xruNxc/6ub2cJX24wm0SCCg=",
            "content_base64sha512": "4Xl9TdHWDpGjn8ssbSoxCqcjsQftEVx3QWAd+tatiBpGIAWiEMoXfZr3qDSWPCaNMOybf7jp2CUGwkS8uFulvg==",
            "content_md5": "2bfbc25f6fafd834cc83f8f38c25bc4a",
            "content_sha1": "ed713af7b831be439b165fb672ba3e06264fb6e2",
            "content_sha256": "be7bb2ef5d390494ad016f32c6477bc6bb8dc5cffab9bd9c257db8c26d120828",
            "content_sha512": "e1797d4dd1d60e91a39fcb2c6d2a310aa723b107ed115c7741601dfad6ad881a462005a210ca177d9af7a834963c268d30ec9b7fb8e9d82506c244bcb85ba5be",
            "directory_permission": "0777",
            "file_permission": "0777",
            "filename": "productos-nkaz.txt",
            "id": "ed713af7b831be439b165fb672ba3e06264fb6e2",
            "sensitive_content": null,
            "source": null
          },
          "sensitive_attributes": [
            [
              {
                "type": "get_attr",
                "value": "sensitive_content"
              }
            ]
          ],
          "dependencies": [
            "random_string.sufijo"
          ]
        },
        {
          "index_key": 47,
          "schema_version": 0,
          "attributes": {
            "content": "lista de productos para el siguiente mes",
            "content_base64": null,
            "content_base64sha256": "vnuy7105BJStAW8yxkd7xruNxc/6ub2cJX24wm0SCCg=",
            "content_base64sha512": "4Xl9TdHWDpGjn8ssbSoxCqcjsQftEVx3QWAd+tatiBpGIAWiEMoXfZr3qDSWPCaNMOybf7jp2CUGwkS8uFulvg==",
            "content_md5": "2bfbc25f6fafd834cc83f8f38c25bc4a",
            "content_sha1": "ed713af7b831be439b165fb672ba3e06264fb6e2",
            "content_sha256": "be7bb2ef5d390494ad016f32c6477bc6bb8dc5cffab9bd9c257db8c26d120828",
            "content_sha512": "e1797d4dd1d60e91a39fcb2c6d2a310aa723b107ed115c7741601dfad6ad881a462005a210ca177d9af7a834963c268d30ec9b7fb8e9d82506c244bcb85ba5be",
            "directory_permission": "0777",
            "file_permission": "0777",
            "filename": "productos-htyc.txt",
            "id": "ed713af7b831be439b165fb672ba3e06264fb6e2",
            "sensitive_content": null,
            "source": null
          },
          "sensitive_attributes": [
            [
              {
                "type": "get_attr",
                "value": "sensitive_content"
              }
            ]
          ],
          "dependencies": [
            "random_string.sufijo"
          ]
        },
        {
          "index_key": 48,
          "schema_version": 0,
          "attributes": {
            "content": "lista de productos para el siguiente mes",
            "content_base64": null,
            "content_base64sha256": "vnuy7105BJStAW8yxkd7xruNxc/6ub2cJX24wm0SCCg=",
            "content_base64sha512": "4Xl9TdHWDpGjn8ssbSoxCqcjsQftEVx3QWAd+tatiBpGIAWiEMoXfZr3qDSWPCaNMOybf7jp2CUGwkS8uFulvg==",
            "content_md5": "2bfbc25f6fafd834cc83f8f38c25bc4a",
            "content_sha1": "ed713af7b831be439b165fb672ba3e06264fb6e2",
            "content_sha256": "be7bb2ef5d390494ad016f32c6477bc6bb8dc5cffab9bd9c257db8c26d120828",
            "content_sha512": "e1797d4dd1d60e91a39fcb2c6d2a310aa723b107ed115c7741601dfad6ad881a462005a210ca177d9af7a834963c268d30ec9b7fb8e9d82506c244bcb85ba5be",
            "directory_permission": "0777",
            "file_permission": "0777",
            "filename": "productos-bbdk.txt",
            "id": "ed713af7b831be439b165fb672ba3e06264fb6e2",
            "sensitive_content": null,
            "source": null
          },
          "sensitive_attributes": [
            [
              {
                "type": "get_attr",
                "value": "sensitive_content"
              }
            ]
          ],
          "dependencies": [
            "random_string.sufijo"
          ]
        },
        {
          "index_key": 49,
          "schema_version": 0,
          "attributes": {
            "content": "lista de productos para el siguiente mes",
            "content_base64": null,
            "content_base64sha256": "vnuy7105BJStAW8yxkd7xruNxc/6ub2cJX24wm0SCCg=",
            "content_base64sha512": "4Xl9TdHWDpGjn8ssbSoxCqcjsQftEVx3QWAd+tatiBpGIAWiEMoXfZr3qDSWPCaNMOybf7jp2CUGwkS8uFulvg==",
            "content_md5": "2bfbc25f6fafd834cc83f8f38c25bc4a",
            "content_sha1": "ed713af7b831be439b165fb672ba3e06264fb6e2",
            "content_sha256": "be7bb2ef5d390494ad016f32c6477bc6bb8dc5cffab9bd9c257db8c26d120828",
            "content_sha512": "e1797d4dd1d60e91a39fcb2c6d2a310aa723b107ed115c7741601dfad6ad881a462005a210ca177d9af7a834963c268d30ec9b7fb8e9d82506c244bcb85ba5be",
            "directory_permission": "0777",
            "file_permission": "0777",
            "filename": "productos-cjqi.txt",
            "id": "ed713af7b831be439b165fb672ba3e06264fb6e2",
            "sensitive_content": null,
            "source": null
          },
          "sensitive_attributes": [
            [
              {
                "type": "get_attr",
                "value": "sensitive_content"
              }
            ]
          ],
          "dependencies": [
            "random_string.sufijo"
          ]
        }
      ]
    },
    {
      "mode": "managed",
      "type": "random_string",
      "name": "sufijo",
      "provider": "provider[\"registry.terraform.io/hashicorp/random\"]",
      "instances": [
        {
          "index_key": 0,
          "schema_version": 2,
          "attributes": {
            "id": "ikmb",
            "keepers": null,
            "length": 4,
            "lower": true,
            "min_lower": 0,
            "min_numeric": 0,
            "min_special": 0,
            "min_upper": 0,
            "number": false,
            "numeric": false,
            "override_special": null,
            "result": "ikmb",
            "special": false,
            "upper": false
          },
          "sensitive_attributes": []
        },
        {
          "index_key": 1,
          "schema_version": 2,
          "attributes": {
            "id": "wsus",
            "keepers": null,
            "length": 4,
            "lower": true,
            "min_lower": 0,
            "min_numeric": 0,
            "min_special": 0,
            "min_upper": 0,
            "number": false,
            "numeric": false,
            "override_special": null,
            "result": "wsus",
            "special": false,
            "upper": false
          },
          "sensitive_attributes": []
        },
        {
          "index_key": 2,
          "schema_version": 2,
          "attributes": {
            "id": "swlf",
            "keepers": null,
            "length": 4,
            "lower": true,
            "min_lower": 0,
            "min_numeric": 0,
            "min_special": 0,
            "min_upper": 0,
            "number": false,
            "numeric": false,
            "override_special": null,
            "result": "swlf",
            "special": false,
            "upper": false
          },
          "sensitive_attributes": []
        },
        {
          "index_key": 3,
          "schema_version": 2,
          "attributes": {
            "id": "jzfk",
            "keepers": null,
            "length": 4,
            "lower": true,
            "min_lower": 0,
            "min_numeric": 0,
            "min_special": 0,
            "min_upper": 0,
            "number": false,
            "numeric": false,
            "override_special": null,
            "result": "jzfk",
            "special": false,
            "upper": false
          },
          "sensitive_attributes": []
        },
        {
          "index_key": 4,
          "schema_version": 2,
          "attributes": {
            "id": "mqvy",
            "keepers": null,
            "length": 4,
            "lower": true,
            "min_lower": 0,
            "min_numeric": 0,
            "min_special": 0,
            "min_upper": 0,
            "number": false,
            "numeric": false,
            "override_special": null,
            "result": "mqvy",
            "special": false,
            "upper": false
          },
          "sensitive_attributes": []
        },
        {
          "index_key": 5,
          "schema_version": 2,
          "attributes": {
            "id": "rlpz",
            "keepers": null,
            "length": 4,
            "lower": true,
            "min_lower": 0,
            "min_numeric": 0,
            "min_special": 0,
            "min_upper": 0,
            "number": false,
            "numeric": false,
            "override_special": null,
            "result": "rlpz",
            "special": false,
            "upper": false
          },
          "sensitive_attributes": []
        },
        {
          "index_key": 6,
          "schema_version": 2,
          "attributes": {
            "id": "yjoq",
            "keepers": null,
            "length": 4,
            "lower": true,
            "min_lower": 0,
            "min_numeric": 0,
            "min_special": 0,
            "min_upper": 0,
            "number": false,
            "numeric": false,
            "override_special": null,
            "result": "yjoq",
            "special": false,
            "upper": false
          },
          "sensitive_attributes": []
        },
        {
          "index_key": 7,
          "schema_version": 2,
          "attributes": {
            "id": "kyod",
            "keepers": null,
            "length": 4,
            "lower": true,
            "min_lower": 0,
            "min_numeric": 0,
            "min_special": 0,
            "min_upper": 0,
            "number": false,
            "numeric": false,
            "override_special": null,
            "result": "kyod",
            "special": false,
            "upper": false
          },
          "sensitive_attributes": []
        },
        {
          "index_key": 8,
          "schema_version": 2,
          "attributes": {
            "id": "bwga",
            "keepers": null,
            "length": 4,
            "lower": true,
            "min_lower": 0,
            "min_numeric": 0,
            "min_special": 0,
            "min_upper": 0,
            "number": false,
            "numeric": false,
            "override_special": null,
            "result": "bwga",
            "special": false,
            "upper": false
          },
          "sensitive_attributes": []
        },
        {
          "index_key": 9,
          "schema_version": 2,
          "attributes": {
            "id": "hzvf",
            "keepers": null,
            "length": 4,
            "lower": true,
            "min_lower": 0,
            "min_numeric": 0,
            "min_special": 0,
            "min_upper": 0,
            "number": false,
            "numeric": false,
            "override_special": null,
            "result": "hzvf",
            "special": false,
            "upper": false
          },
          "sensitive_attributes": []
        },
        {
          "index_key": 10,
          "schema_version": 2,
          "attributes": {
            "id": "pnlj",
            "keepers": null,
            "length": 4,
            "lower": true,
            "min_lower": 0,
            "min_numeric": 0,
            "min_special": 0,
            "min_upper": 0,
            "number": false,
            "numeric": false,
            "override_special": null,
            "result": "pnlj",
            "special": false,
            "upper": false
          },
          "sensitive_attributes": []
        },
        {
          "index_key": 11,
          "schema_version": 2,
          "attributes": {
            "id": "uubn",
            "keepers": null,
            "length": 4,
            "lower": true,
            "min_lower": 0,
            "min_numeric": 0,
            "min_special": 0,
            "min_upper": 0,
            "number": false,
            "numeric": false,
            "override_special": null,
            "result": "uubn",
            "special": false,
            "upper": false
          },
          "sensitive_attributes": []
        },
        {
          "index_key": 12,
          "schema_version": 2,
          "attributes": {
            "id": "hyhp",
            "keepers": null,
            "length": 4,
            "lower": true,
            "min_lower": 0,
            "min_numeric": 0,
            "min_special": 0,
            "min_upper": 0,
            "number": false,
            "numeric": false,
            "override_special": null,
            "result": "hyhp",
            "special": false,
            "upper": false
          },
          "sensitive_attributes": []
        },
        {
          "index_key": 13,
          "schema_version": 2,
          "attributes": {
            "id": "gisi",
            "keepers": null,
            "length": 4,
            "lower": true,
            "min_lower": 0,
            "min_numeric": 0,
            "min_special": 0,
            "min_upper": 0,
            "number": false,
            "numeric": false,
            "override_special": null,
            "result": "gisi",
            "special": false,
            "upper": false
          },
          "sensitive_attributes": []
        },
        {
          "index_key": 14,
          "schema_version": 2,
          "attributes": {
            "id": "gdnd",
            "keepers": null,
            "length": 4,
            "lower": true,
            "min_lower": 0,
            "min_numeric": 0,
            "min_special": 0,
            "min_upper": 0,
            "number": false,
            "numeric": false,
            "override_special": null,
            "result": "gdnd",
            "special": false,
            "upper": false
          },
          "sensitive_attributes": []
        },
        {
          "index_key": 15,
          "schema_version": 2,
          "attributes": {
            "id": "koil",
            "keepers": null,
            "length": 4,
            "lower": true,
            "min_lower": 0,
            "min_numeric": 0,
            "min_special": 0,
            "min_upper": 0,
            "number": false,
            "numeric": false,
            "override_special": null,
            "result": "koil",
            "special": false,
            "upper": false
          },
          "sensitive_attributes": []
        },
        {
          "index_key": 16,
          "schema_version": 2,
          "attributes": {
            "id": "wxbg",
            "keepers": null,
            "length": 4,
            "lower": true,
            "min_lower": 0,
            "min_numeric": 0,
            "min_special": 0,
            "min_upper": 0,
            "number": false,
            "numeric": false,
            "override_special": null,
            "result": "wxbg",
            "special": false,
            "upper": false
          },
          "sensitive_attributes": []
        },
        {
          "index_key": 17,
          "schema_version": 2,
          "attributes": {
            "id": "kzrw",
            "keepers": null,
            "length": 4,
            "lower": true,
            "min_lower": 0,
            "min_numeric": 0,
            "min_special": 0,
            "min_upper": 0,
            "number": false,
            "numeric": false,
            "override_special": null,
            "result": "kzrw",
            "special": false,
            "upper": false
          },
          "sensitive_attributes": []
        },
        {
          "index_key": 18,
          "schema_version": 2,
          "attributes": {
            "id": "ayti",
            "keepers": null,
            "length": 4,
            "lower": true,
            "min_lower": 0,
            "min_numeric": 0,
            "min_special": 0,
            "min_upper": 0,
            "number": false,
            "numeric": false,
            "override_special": null,
            "result": "ayti",
            "special": false,
            "upper": false
          },
          "sensitive_attributes": []
        },
        {
          "index_key": 19,
          "schema_version": 2,
          "attributes": {
            "id": "hwtl",
            "keepers": null,
            "length": 4,
            "lower": true,
            "min_lower": 0,
            "min_numeric": 0,
            "min_special": 0,
            "min_upper": 0,
            "number": false,
            "numeric": false,
            "override_special": null,
            "result": "hwtl",
            "special": false,
            "upper": false
          },
          "sensitive_attributes": []
        },
        {
          "index_key": 20,
          "schema_version": 2,
          "attributes": {
            "id": "kffp",
            "keepers": null,
            "length": 4,
            "lower": true,
            "min_lower": 0,
            "min_numeric": 0,
            "min_special": 0,
            "min_upper": 0,
            "number": false,
            "numeric": false,
            "override_special": null,
            "result": "kffp",
            "special": false,
            "upper": false
          },
          "sensitive_attributes": []
        },
        {
          "index_key": 21,
          "schema_version": 2,
          "attributes": {
            "id": "mvyr",
            "keepers": null,
            "length": 4,
            "lower": true,
            "min_lower": 0,
            "min_numeric": 0,
            "min_special": 0,
            "min_upper": 0,
            "number": false,
            "numeric": false,
            "override_special": null,
            "result": "mvyr",
            "special": false,
            "upper": false
          },
          "sensitive_attributes": []
        },
        {
          "index_key": 22,
          "schema_version": 2,
          "attributes": {
            "id": "pguy",
            "keepers": null,
            "length": 4,
            "lower": true,
            "min_lower": 0,
            "min_numeric": 0,
            "min_special": 0,
            "min_upper": 0,
            "number": false,
            "numeric": false,
            "override_special": null,
            "result": "pguy",
            "special": false,
            "upper": false
          },
          "sensitive_attributes": []
        },
        {
          "index_key": 23,
          "schema_version": 2,
          "attributes": {
            "id": "yxyh",
            "keepers": null,
            "length": 4,
            "lower": true,
            "min_lower": 0,
            "min_numeric": 0,
            "min_special": 0,
            "min_upper": 0,
            "number": false,
            "numeric": false,
            "override_special": null,
            "result": "yxyh",
            "special": false,
            "upper": false
          },
          "sensitive_attributes": []
        },
        {
          "index_key": 24,
          "schema_version": 2,
          "attributes": {
            "id": "zhju",
            "keepers": null,
            "length": 4,
            "lower": true,
            "min_lower": 0,
            "min_numeric": 0,
            "min_special": 0,
            "min_upper": 0,
            "number": false,
            "numeric": false,
            "override_special": null,
            "result": "zhju",
            "special": false,
            "upper": false
          },
          "sensitive_attributes": []
        },
        {
          "index_key": 25,
          "schema_version": 2,
          "attributes": {
            "id": "donb",
            "keepers": null,
            "length": 4,
            "lower": true,
            "min_lower": 0,
            "min_numeric": 0,
            "min_special": 0,
            "min_upper": 0,
            "number": false,
            "numeric": false,
            "override_special": null,
            "result": "donb",
            "special": false,
            "upper": false
          },
          "sensitive_attributes": []
        },
        {
          "index_key": 26,
          "schema_version": 2,
          "attributes": {
            "id": "ruzo",
            "keepers": null,
            "length": 4,
            "lower": true,
            "min_lower": 0,
            "min_numeric": 0,
            "min_special": 0,
            "min_upper": 0,
            "number": false,
            "numeric": false,
            "override_special": null,
            "result": "ruzo",
            "special": false,
            "upper": false
          },
          "sensitive_attributes": []
        },
        {
          "index_key": 27,
          "schema_version": 2,
          "attributes": {
            "id": "gckb",
            "keepers": null,
            "length": 4,
            "lower": true,
            "min_lower": 0,
            "min_numeric": 0,
            "min_special": 0,
            "min_upper": 0,
            "number": false,
            "numeric": false,
            "override_special": null,
            "result": "gckb",
            "special": false,
            "upper": false
          },
          "sensitive_attributes": []
        },
        {
          "index_key": 28,
          "schema_version": 2,
          "attributes": {
            "id": "zabc",
            "keepers": null,
            "length": 4,
            "lower": true,
            "min_lower": 0,
            "min_numeric": 0,
            "min_special": 0,
            "min_upper": 0,
            "number": false,
            "numeric": false,
            "override_special": null,
            "result": "zabc",
            "special": false,
            "upper": false
          },
          "sensitive_attributes": []
        },
        {
          "index_key": 29,
          "schema_version": 2,
          "attributes": {
            "id": "pmal",
            "keepers": null,
            "length": 4,
            "lower": true,
            "min_lower": 0,
            "min_numeric": 0,
            "min_special": 0,
            "min_upper": 0,
            "number": false,
            "numeric": false,
            "override_special": null,
            "result": "pmal",
            "special": false,
            "upper": false
          },
          "sensitive_attributes": []
        },
        {
          "index_key": 30,
          "schema_version": 2,
          "attributes": {
            "id": "kswm",
            "keepers": null,
            "length": 4,
            "lower": true,
            "min_lower": 0,
            "min_numeric": 0,
            "min_special": 0,
            "min_upper": 0,
            "number": false,
            "numeric": false,
            "override_special": null,
            "result": "kswm",
            "special": false,
            "upper": false
          },
          "sensitive_attributes": []
        },
        {
          "index_key": 31,
          "schema_version": 2,
          "attributes": {
            "id": "hige",
            "keepers": null,
            "length": 4,
            "lower": true,
            "min_lower": 0,
            "min_numeric": 0,
            "min_special": 0,
            "min_upper": 0,
            "number": false,
            "numeric": false,
            "override_special": null,
            "result": "hige",
            "special": false,
            "upper": false
          },
          "sensitive_attributes": []
        },
        {
          "index_key": 32,
          "schema_version": 2,
          "attributes": {
            "id": "lche",
            "keepers": null,
            "length": 4,
            "lower": true,
            "min_lower": 0,
            "min_numeric": 0,
            "min_special": 0,
            "min_upper": 0,
            "number": false,
            "numeric": false,
            "override_special": null,
            "result": "lche",
            "special": false,
            "upper": false
          },
          "sensitive_attributes": []
        },
        {
          "index_key": 33,
          "schema_version": 2,
          "attributes": {
            "id": "vdms",
            "keepers": null,
            "length": 4,
            "lower": true,
            "min_lower": 0,
            "min_numeric": 0,
            "min_special": 0,
            "min_upper": 0,
            "number": false,
            "numeric": false,
            "override_special": null,
            "result": "vdms",
            "special": false,
            "upper": false
          },
          "sensitive_attributes": []
        },
        {
          "index_key": 34,
          "schema_version": 2,
          "attributes": {
            "id": "kmiz",
            "keepers": null,
            "length": 4,
            "lower": true,
            "min_lower": 0,
            "min_numeric": 0,
            "min_special": 0,
            "min_upper": 0,
            "number": false,
            "numeric": false,
            "override_special": null,
            "result": "kmiz",
            "special": false,
            "upper": false
          },
          "sensitive_attributes": []
        },
        {
          "index_key": 35,
          "schema_version": 2,
          "attributes": {
            "id": "kngj",
            "keepers": null,
            "length": 4,
            "lower": true,
            "min_lower": 0,
            "min_numeric": 0,
            "min_special": 0,
            "min_upper": 0,
            "number": false,
            "numeric": false,
            "override_special": null,
            "result": "kngj",
            "special": false,
            "upper": false
          },
          "sensitive_attributes": []
        },
        {
          "index_key": 36,
          "schema_version": 2,
          "attributes": {
            "id": "xzez",
            "keepers": null,
            "length": 4,
            "lower": true,
            "min_lower": 0,
            "min_numeric": 0,
            "min_special": 0,
            "min_upper": 0,
            "number": false,
            "numeric": false,
            "override_special": null,
            "result": "xzez",
            "special": false,
            "upper": false
          },
          "sensitive_attributes": []
        },
        {
          "index_key": 37,
          "schema_version": 2,
          "attributes": {
            "id": "hqak",
            "keepers": null,
            "length": 4,
            "lower": true,
            "min_lower": 0,
            "min_numeric": 0,
            "min_special": 0,
            "min_upper": 0,
            "number": false,
            "numeric": false,
            "override_special": null,
            "result": "hqak",
            "special": false,
            "upper": false
          },
          "sensitive_attributes": []
        },
        {
          "index_key": 38,
          "schema_version": 2,
          "attributes": {
            "id": "vjgp",
            "keepers": null,
            "length": 4,
            "lower": true,
            "min_lower": 0,
            "min_numeric": 0,
            "min_special": 0,
            "min_upper": 0,
            "number": false,
            "numeric": false,
            "override_special": null,
            "result": "vjgp",
            "special": false,
            "upper": false
          },
          "sensitive_attributes": []
        },
        {
          "index_key": 39,
          "schema_version": 2,
          "attributes": {
            "id": "ixul",
            "keepers": null,
            "length": 4,
            "lower": true,
            "min_lower": 0,
            "min_numeric": 0,
            "min_special": 0,
            "min_upper": 0,
            "number": false,
            "numeric": false,
            "override_special": null,
            "result": "ixul",
            "special": false,
            "upper": false
          },
          "sensitive_attributes": []
        },
        {
          "index_key": 40,
          "schema_version": 2,
          "attributes": {
            "id": "clds",
            "keepers": null,
            "length": 4,
            "lower": true,
            "min_lower": 0,
            "min_numeric": 0,
            "min_special": 0,
            "min_upper": 0,
            "number": false,
            "numeric": false,
            "override_special": null,
            "result": "clds",
            "special": false,
            "upper": false
          },
          "sensitive_attributes": []
        },
        {
          "index_key": 41,
          "schema_version": 2,
          "attributes": {
            "id": "qisd",
            "keepers": null,
            "length": 4,
            "lower": true,
            "min_lower": 0,
            "min_numeric": 0,
            "min_special": 0,
            "min_upper": 0,
            "number": false,
            "numeric": false,
            "override_special": null,
            "result": "qisd",
            "special": false,
            "upper": false
          },
          "sensitive_attributes": []
        },
        {
          "index_key": 42,
          "schema_version": 2,
          "attributes": {
            "id": "cdmm",
            "keepers": null,
            "length": 4,
            "lower": true,
            "min_lower": 0,
            "min_numeric": 0,
            "min_special": 0,
            "min_upper": 0,
            "number": false,
            "numeric": false,
            "override_special": null,
            "result": "cdmm",
            "special": false,
            "upper": false
          },
          "sensitive_attributes": []
        },
        {
          "index_key": 43,
          "schema_version": 2,
          "attributes": {
            "id": "echl",
            "keepers": null,
            "length": 4,
            "lower": true,
            "min_lower": 0,
            "min_numeric": 0,
            "min_special": 0,
            "min_upper": 0,
            "number": false,
            "numeric": false,
            "override_special": null,
            "result": "echl",
            "special": false,
            "upper": false
          },
          "sensitive_attributes": []
        },
        {
          "index_key": 44,
          "schema_version": 2,
          "attributes": {
            "id": "xmfo",
            "keepers": null,
            "length": 4,
            "lower": true,
            "min_lower": 0,
            "min_numeric": 0,
            "min_special": 0,
            "min_upper": 0,
            "number": false,
            "numeric": false,
            "override_special": null,
            "result": "xmfo",
            "special": false,
            "upper": false
          },
          "sensitive_attributes": []
        },
        {
          "index_key": 45,
          "schema_version": 2,
          "attributes": {
            "id": "kmcn",
            "keepers": null,
            "length": 4,
            "lower": true,
            "min_lower": 0,
            "min_numeric": 0,
            "min_special": 0,
            "min_upper": 0,
            "number": false,
            "numeric": false,
            "override_special": null,
            "result": "kmcn",
            "special": false,
            "upper": false
          },
          "sensitive_attributes": []
        },
        {
          "index_key": 46,
          "schema_version": 2,
          "attributes": {
            "id": "nkaz",
            "keepers": null,
            "length": 4,
            "lower": true,
            "min_lower": 0,
            "min_numeric": 0,
            "min_special": 0,
            "min_upper": 0,
            "number": false,
            "numeric": false,
            "override_special": null,
            "result": "nkaz",
            "special": false,
            "upper": false
          },
          "sensitive_attributes": []
        },
        {
          "index_key": 47,
          "schema_version": 2,
          "attributes": {
            "id": "htyc",
            "keepers": null,
            "length": 4,
            "lower": true,
            "min_lower": 0,
            "min_numeric": 0,
            "min_special": 0,
            "min_upper": 0,
            "number": false,
            "numeric": false,
            "override_special": null,
            "result": "htyc",
            "special": false,
            "upper": false
          },
          "sensitive_attributes": []
        },
        {
          "index_key": 48,
          "schema_version": 2,
          "attributes": {
            "id": "bbdk",
            "keepers": null,
            "length": 4,
            "lower": true,
            "min_lower": 0,
            "min_numeric": 0,
            "min_special": 0,
            "min_upper": 0,
            "number": false,
            "numeric": false,
            "override_special": null,
            "result": "bbdk",
            "special": false,
            "upper": false
          },
          "sensitive_attributes": []
        },
        {
          "index_key": 49,
          "schema_version": 2,
          "attributes": {
            "id": "cjqi",
            "keepers": null,
            "length": 4,
            "lower": true,
            "min_lower": 0,
            "min_numeric": 0,
            "min_special": 0,
            "min_upper": 0,
            "number": false,
            "numeric": false,
            "override_special": null,
            "result": "cjqi",
            "special": false,
            "upper": false
          },
          "sensitive_attributes": []
        }
      ]
    }
  ],
  "check_results": null
}
