{
  "version": 4,
  "terraform_version": "1.10.5",
  "serial": 451,
  "lineage": "e31c365f-9cd2-7778-893e-6a35f7f8b31e",
  "outputs": {},
  "resources": [
    {
      "mode": "managed",
      "type": "local_file",
      "name": "productos",
      "provider": "provider[\"registry.terraform.io/hashicorp/local\"]",
      "instances": [
        {
          "index_key": 0,
          "schema_version": 0,
          "attributes": {
            "content": "lista de productos para el siguiente mes",
            "content_base64": null,
            "content_base64sha256": "vnuy7105BJStAW8yxkd7xruNxc/6ub2cJX24wm0SCCg=",
            "content_base64sha512": "4Xl9TdHWDpGjn8ssbSoxCqcjsQftEVx3QWAd+tatiBpGIAWiEMoXfZr3qDSWPCaNMOybf7jp2CUGwkS8uFulvg==",
            "content_md5": "2bfbc25f6fafd834cc83f8f38c25bc4a",
            "content_sha1": "ed713af7b831be439b165fb672ba3e06264fb6e2",
            "content_sha256": "be7bb2ef5d390494ad016f32c6477bc6bb8dc5cffab9bd9c257db8c26d120828",
            "content_sha512": "e1797d4dd1d60e91a39fcb2c6d2a310aa723b107ed115c7741601dfad6ad881a462005a210ca177d9af7a834963c268d30ec9b7fb8e9d82506c244bcb85ba5be",
            "directory_permission": "0777",
            "file_permission": "0777",
            "filename": "productos-ugfr.txt",
            "id": "ed713af7b831be439b165fb672ba3e06264fb6e2",
            "sensitive_content": null,
            "source": null
          },
          "sensitive_attributes": [
            [
              {
                "type": "get_attr",
                "value": "sensitive_content"
              }
            ]
          ],
          "dependencies": [
            "random_string.sufijo"
          ]
        },
        {
          "index_key": 1,
          "schema_version": 0,
          "attributes": {
            "content": "lista de productos para el siguiente mes",
            "content_base64": null,
            "content_base64sha256": "vnuy7105BJStAW8yxkd7xruNxc/6ub2cJX24wm0SCCg=",
            "content_base64sha512": "4Xl9TdHWDpGjn8ssbSoxCqcjsQftEVx3QWAd+tatiBpGIAWiEMoXfZr3qDSWPCaNMOybf7jp2CUGwkS8uFulvg==",
            "content_md5": "2bfbc25f6fafd834cc83f8f38c25bc4a",
            "content_sha1": "ed713af7b831be439b165fb672ba3e06264fb6e2",
            "content_sha256": "be7bb2ef5d390494ad016f32c6477bc6bb8dc5cffab9bd9c257db8c26d120828",
            "content_sha512": "e1797d4dd1d60e91a39fcb2c6d2a310aa723b107ed115c7741601dfad6ad881a462005a210ca177d9af7a834963c268d30ec9b7fb8e9d82506c244bcb85ba5be",
            "directory_permission": "0777",
            "file_permission": "0777",
            "filename": "productos-wblv.txt",
            "id": "ed713af7b831be439b165fb672ba3e06264fb6e2",
            "sensitive_content": null,
            "source": null
          },
          "sensitive_attributes": [
            [
              {
                "type": "get_attr",
                "value": "sensitive_content"
              }
            ]
          ],
          "dependencies": [
            "random_string.sufijo"
          ]
        },
        {
          "index_key": 2,
          "schema_version": 0,
          "attributes": {
            "content": "lista de productos para el siguiente mes",
            "content_base64": null,
            "content_base64sha256": "vnuy7105BJStAW8yxkd7xruNxc/6ub2cJX24wm0SCCg=",
            "content_base64sha512": "4Xl9TdHWDpGjn8ssbSoxCqcjsQftEVx3QWAd+tatiBpGIAWiEMoXfZr3qDSWPCaNMOybf7jp2CUGwkS8uFulvg==",
            "content_md5": "2bfbc25f6fafd834cc83f8f38c25bc4a",
            "content_sha1": "ed713af7b831be439b165fb672ba3e06264fb6e2",
            "content_sha256": "be7bb2ef5d390494ad016f32c6477bc6bb8dc5cffab9bd9c257db8c26d120828",
            "content_sha512": "e1797d4dd1d60e91a39fcb2c6d2a310aa723b107ed115c7741601dfad6ad881a462005a210ca177d9af7a834963c268d30ec9b7fb8e9d82506c244bcb85ba5be",
            "directory_permission": "0777",
            "file_permission": "0777",
            "filename": "productos-nyvy.txt",
            "id": "ed713af7b831be439b165fb672ba3e06264fb6e2",
            "sensitive_content": null,
            "source": null
          },
          "sensitive_attributes": [
            [
              {
                "type": "get_attr",
                "value": "sensitive_content"
              }
            ]
          ],
          "dependencies": [
            "random_string.sufijo"
          ]
        },
        {
          "index_key": 3,
          "schema_version": 0,
          "attributes": {
            "content": "lista de productos para el siguiente mes",
            "content_base64": null,
            "content_base64sha256": "vnuy7105BJStAW8yxkd7xruNxc/6ub2cJX24wm0SCCg=",
            "content_base64sha512": "4Xl9TdHWDpGjn8ssbSoxCqcjsQftEVx3QWAd+tatiBpGIAWiEMoXfZr3qDSWPCaNMOybf7jp2CUGwkS8uFulvg==",
            "content_md5": "2bfbc25f6fafd834cc83f8f38c25bc4a",
            "content_sha1": "ed713af7b831be439b165fb672ba3e06264fb6e2",
            "content_sha256": "be7bb2ef5d390494ad016f32c6477bc6bb8dc5cffab9bd9c257db8c26d120828",
            "content_sha512": "e1797d4dd1d60e91a39fcb2c6d2a310aa723b107ed115c7741601dfad6ad881a462005a210ca177d9af7a834963c268d30ec9b7fb8e9d82506c244bcb85ba5be",
            "directory_permission": "0777",
            "file_permission": "0777",
            "filename": "productos-fcvp.txt",
            "id": "ed713af7b831be439b165fb672ba3e06264fb6e2",
            "sensitive_content": null,
            "source": null
          },
          "sensitive_attributes": [
            [
              {
                "type": "get_attr",
                "value": "sensitive_content"
              }
            ]
          ],
          "dependencies": [
            "random_string.sufijo"
          ]
        },
        {
          "index_key": 4,
          "schema_version": 0,
          "attributes": {
            "content": "lista de productos para el siguiente mes",
            "content_base64": null,
            "content_base64sha256": "vnuy7105BJStAW8yxkd7xruNxc/6ub2cJX24wm0SCCg=",
            "content_base64sha512": "4Xl9TdHWDpGjn8ssbSoxCqcjsQftEVx3QWAd+tatiBpGIAWiEMoXfZr3qDSWPCaNMOybf7jp2CUGwkS8uFulvg==",
            "content_md5": "2bfbc25f6fafd834cc83f8f38c25bc4a",
            "content_sha1": "ed713af7b831be439b165fb672ba3e06264fb6e2",
            "content_sha256": "be7bb2ef5d390494ad016f32c6477bc6bb8dc5cffab9bd9c257db8c26d120828",
            "content_sha512": "e1797d4dd1d60e91a39fcb2c6d2a310aa723b107ed115c7741601dfad6ad881a462005a210ca177d9af7a834963c268d30ec9b7fb8e9d82506c244bcb85ba5be",
            "directory_permission": "0777",
            "file_permission": "0777",
            "filename": "productos-ackz.txt",
            "id": "ed713af7b831be439b165fb672ba3e06264fb6e2",
            "sensitive_content": null,
            "source": null
          },
          "sensitive_attributes": [
            [
              {
                "type": "get_attr",
                "value": "sensitive_content"
              }
            ]
          ],
          "dependencies": [
            "random_string.sufijo"
          ]
        },
        {
          "index_key": 5,
          "schema_version": 0,
          "attributes": {
            "content": "lista de productos para el siguiente mes",
            "content_base64": null,
            "content_base64sha256": "vnuy7105BJStAW8yxkd7xruNxc/6ub2cJX24wm0SCCg=",
            "content_base64sha512": "4Xl9TdHWDpGjn8ssbSoxCqcjsQftEVx3QWAd+tatiBpGIAWiEMoXfZr3qDSWPCaNMOybf7jp2CUGwkS8uFulvg==",
            "content_md5": "2bfbc25f6fafd834cc83f8f38c25bc4a",
            "content_sha1": "ed713af7b831be439b165fb672ba3e06264fb6e2",
            "content_sha256": "be7bb2ef5d390494ad016f32c6477bc6bb8dc5cffab9bd9c257db8c26d120828",
            "content_sha512": "e1797d4dd1d60e91a39fcb2c6d2a310aa723b107ed115c7741601dfad6ad881a462005a210ca177d9af7a834963c268d30ec9b7fb8e9d82506c244bcb85ba5be",
            "directory_permission": "0777",
            "file_permission": "0777",
            "filename": "productos-ujte.txt",
            "id": "ed713af7b831be439b165fb672ba3e06264fb6e2",
            "sensitive_content": null,
            "source": null
          },
          "sensitive_attributes": [
            [
              {
                "type": "get_attr",
                "value": "sensitive_content"
              }
            ]
          ],
          "dependencies": [
            "random_string.sufijo"
          ]
        },
        {
          "index_key": 6,
          "schema_version": 0,
          "attributes": {
            "content": "lista de productos para el siguiente mes",
            "content_base64": null,
            "content_base64sha256": "vnuy7105BJStAW8yxkd7xruNxc/6ub2cJX24wm0SCCg=",
            "content_base64sha512": "4Xl9TdHWDpGjn8ssbSoxCqcjsQftEVx3QWAd+tatiBpGIAWiEMoXfZr3qDSWPCaNMOybf7jp2CUGwkS8uFulvg==",
            "content_md5": "2bfbc25f6fafd834cc83f8f38c25bc4a",
            "content_sha1": "ed713af7b831be439b165fb672ba3e06264fb6e2",
            "content_sha256": "be7bb2ef5d390494ad016f32c6477bc6bb8dc5cffab9bd9c257db8c26d120828",
            "content_sha512": "e1797d4dd1d60e91a39fcb2c6d2a310aa723b107ed115c7741601dfad6ad881a462005a210ca177d9af7a834963c268d30ec9b7fb8e9d82506c244bcb85ba5be",
            "directory_permission": "0777",
            "file_permission": "0777",
            "filename": "productos-vacx.txt",
            "id": "ed713af7b831be439b165fb672ba3e06264fb6e2",
            "sensitive_content": null,
            "source": null
          },
          "sensitive_attributes": [
            [
              {
                "type": "get_attr",
                "value": "sensitive_content"
              }
            ]
          ],
          "dependencies": [
            "random_string.sufijo"
          ]
        },
        {
          "index_key": 7,
          "schema_version": 0,
          "attributes": {
            "content": "lista de productos para el siguiente mes",
            "content_base64": null,
            "content_base64sha256": "vnuy7105BJStAW8yxkd7xruNxc/6ub2cJX24wm0SCCg=",
            "content_base64sha512": "4Xl9TdHWDpGjn8ssbSoxCqcjsQftEVx3QWAd+tatiBpGIAWiEMoXfZr3qDSWPCaNMOybf7jp2CUGwkS8uFulvg==",
            "content_md5": "2bfbc25f6fafd834cc83f8f38c25bc4a",
            "content_sha1": "ed713af7b831be439b165fb672ba3e06264fb6e2",
            "content_sha256": "be7bb2ef5d390494ad016f32c6477bc6bb8dc5cffab9bd9c257db8c26d120828",
            "content_sha512": "e1797d4dd1d60e91a39fcb2c6d2a310aa723b107ed115c7741601dfad6ad881a462005a210ca177d9af7a834963c268d30ec9b7fb8e9d82506c244bcb85ba5be",
            "directory_permission": "0777",
            "file_permission": "0777",
            "filename": "productos-reji.txt",
            "id": "ed713af7b831be439b165fb672ba3e06264fb6e2",
            "sensitive_content": null,
            "source": null
          },
          "sensitive_attributes": [
            [
              {
                "type": "get_attr",
                "value": "sensitive_content"
              }
            ]
          ],
          "dependencies": [
            "random_string.sufijo"
          ]
        },
        {
          "index_key": 8,
          "schema_version": 0,
          "attributes": {
            "content": "lista de productos para el siguiente mes",
            "content_base64": null,
            "content_base64sha256": "vnuy7105BJStAW8yxkd7xruNxc/6ub2cJX24wm0SCCg=",
            "content_base64sha512": "4Xl9TdHWDpGjn8ssbSoxCqcjsQftEVx3QWAd+tatiBpGIAWiEMoXfZr3qDSWPCaNMOybf7jp2CUGwkS8uFulvg==",
            "content_md5": "2bfbc25f6fafd834cc83f8f38c25bc4a",
            "content_sha1": "ed713af7b831be439b165fb672ba3e06264fb6e2",
            "content_sha256": "be7bb2ef5d390494ad016f32c6477bc6bb8dc5cffab9bd9c257db8c26d120828",
            "content_sha512": "e1797d4dd1d60e91a39fcb2c6d2a310aa723b107ed115c7741601dfad6ad881a462005a210ca177d9af7a834963c268d30ec9b7fb8e9d82506c244bcb85ba5be",
            "directory_permission": "0777",
            "file_permission": "0777",
            "filename": "productos-zfxj.txt",
            "id": "ed713af7b831be439b165fb672ba3e06264fb6e2",
            "sensitive_content": null,
            "source": null
          },
          "sensitive_attributes": [
            [
              {
                "type": "get_attr",
                "value": "sensitive_content"
              }
            ]
          ],
          "dependencies": [
            "random_string.sufijo"
          ]
        },
        {
          "index_key": 9,
          "schema_version": 0,
          "attributes": {
            "content": "lista de productos para el siguiente mes",
            "content_base64": null,
            "content_base64sha256": "vnuy7105BJStAW8yxkd7xruNxc/6ub2cJX24wm0SCCg=",
            "content_base64sha512": "4Xl9TdHWDpGjn8ssbSoxCqcjsQftEVx3QWAd+tatiBpGIAWiEMoXfZr3qDSWPCaNMOybf7jp2CUGwkS8uFulvg==",
            "content_md5": "2bfbc25f6fafd834cc83f8f38c25bc4a",
            "content_sha1": "ed713af7b831be439b165fb672ba3e06264fb6e2",
            "content_sha256": "be7bb2ef5d390494ad016f32c6477bc6bb8dc5cffab9bd9c257db8c26d120828",
            "content_sha512": "e1797d4dd1d60e91a39fcb2c6d2a310aa723b107ed115c7741601dfad6ad881a462005a210ca177d9af7a834963c268d30ec9b7fb8e9d82506c244bcb85ba5be",
            "directory_permission": "0777",
            "file_permission": "0777",
            "filename": "productos-tkqo.txt",
            "id": "ed713af7b831be439b165fb672ba3e06264fb6e2",
            "sensitive_content": null,
            "source": null
          },
          "sensitive_attributes": [
            [
              {
                "type": "get_attr",
                "value": "sensitive_content"
              }
            ]
          ],
          "dependencies": [
            "random_string.sufijo"
          ]
        },
        {
          "index_key": 10,
          "schema_version": 0,
          "attributes": {
            "content": "lista de productos para el siguiente mes",
            "content_base64": null,
            "content_base64sha256": "vnuy7105BJStAW8yxkd7xruNxc/6ub2cJX24wm0SCCg=",
            "content_base64sha512": "4Xl9TdHWDpGjn8ssbSoxCqcjsQftEVx3QWAd+tatiBpGIAWiEMoXfZr3qDSWPCaNMOybf7jp2CUGwkS8uFulvg==",
            "content_md5": "2bfbc25f6fafd834cc83f8f38c25bc4a",
            "content_sha1": "ed713af7b831be439b165fb672ba3e06264fb6e2",
            "content_sha256": "be7bb2ef5d390494ad016f32c6477bc6bb8dc5cffab9bd9c257db8c26d120828",
            "content_sha512": "e1797d4dd1d60e91a39fcb2c6d2a310aa723b107ed115c7741601dfad6ad881a462005a210ca177d9af7a834963c268d30ec9b7fb8e9d82506c244bcb85ba5be",
            "directory_permission": "0777",
            "file_permission": "0777",
            "filename": "productos-bvee.txt",
            "id": "ed713af7b831be439b165fb672ba3e06264fb6e2",
            "sensitive_content": null,
            "source": null
          },
          "sensitive_attributes": [
            [
              {
                "type": "get_attr",
                "value": "sensitive_content"
              }
            ]
          ],
          "dependencies": [
            "random_string.sufijo"
          ]
        },
        {
          "index_key": 11,
          "schema_version": 0,
          "attributes": {
            "content": "lista de productos para el siguiente mes",
            "content_base64": null,
            "content_base64sha256": "vnuy7105BJStAW8yxkd7xruNxc/6ub2cJX24wm0SCCg=",
            "content_base64sha512": "4Xl9TdHWDpGjn8ssbSoxCqcjsQftEVx3QWAd+tatiBpGIAWiEMoXfZr3qDSWPCaNMOybf7jp2CUGwkS8uFulvg==",
            "content_md5": "2bfbc25f6fafd834cc83f8f38c25bc4a",
            "content_sha1": "ed713af7b831be439b165fb672ba3e06264fb6e2",
            "content_sha256": "be7bb2ef5d390494ad016f32c6477bc6bb8dc5cffab9bd9c257db8c26d120828",
            "content_sha512": "e1797d4dd1d60e91a39fcb2c6d2a310aa723b107ed115c7741601dfad6ad881a462005a210ca177d9af7a834963c268d30ec9b7fb8e9d82506c244bcb85ba5be",
            "directory_permission": "0777",
            "file_permission": "0777",
            "filename": "productos-bzpb.txt",
            "id": "ed713af7b831be439b165fb672ba3e06264fb6e2",
            "sensitive_content": null,
            "source": null
          },
          "sensitive_attributes": [
            [
              {
                "type": "get_attr",
                "value": "sensitive_content"
              }
            ]
          ],
          "dependencies": [
            "random_string.sufijo"
          ]
        },
        {
          "index_key": 12,
          "schema_version": 0,
          "attributes": {
            "content": "lista de productos para el siguiente mes",
            "content_base64": null,
            "content_base64sha256": "vnuy7105BJStAW8yxkd7xruNxc/6ub2cJX24wm0SCCg=",
            "content_base64sha512": "4Xl9TdHWDpGjn8ssbSoxCqcjsQftEVx3QWAd+tatiBpGIAWiEMoXfZr3qDSWPCaNMOybf7jp2CUGwkS8uFulvg==",
            "content_md5": "2bfbc25f6fafd834cc83f8f38c25bc4a",
            "content_sha1": "ed713af7b831be439b165fb672ba3e06264fb6e2",
            "content_sha256": "be7bb2ef5d390494ad016f32c6477bc6bb8dc5cffab9bd9c257db8c26d120828",
            "content_sha512": "e1797d4dd1d60e91a39fcb2c6d2a310aa723b107ed115c7741601dfad6ad881a462005a210ca177d9af7a834963c268d30ec9b7fb8e9d82506c244bcb85ba5be",
            "directory_permission": "0777",
            "file_permission": "0777",
            "filename": "productos-rvxg.txt",
            "id": "ed713af7b831be439b165fb672ba3e06264fb6e2",
            "sensitive_content": null,
            "source": null
          },
          "sensitive_attributes": [
            [
              {
                "type": "get_attr",
                "value": "sensitive_content"
              }
            ]
          ],
          "dependencies": [
            "random_string.sufijo"
          ]
        },
        {
          "index_key": 13,
          "schema_version": 0,
          "attributes": {
            "content": "lista de productos para el siguiente mes",
            "content_base64": null,
            "content_base64sha256": "vnuy7105BJStAW8yxkd7xruNxc/6ub2cJX24wm0SCCg=",
            "content_base64sha512": "4Xl9TdHWDpGjn8ssbSoxCqcjsQftEVx3QWAd+tatiBpGIAWiEMoXfZr3qDSWPCaNMOybf7jp2CUGwkS8uFulvg==",
            "content_md5": "2bfbc25f6fafd834cc83f8f38c25bc4a",
            "content_sha1": "ed713af7b831be439b165fb672ba3e06264fb6e2",
            "content_sha256": "be7bb2ef5d390494ad016f32c6477bc6bb8dc5cffab9bd9c257db8c26d120828",
            "content_sha512": "e1797d4dd1d60e91a39fcb2c6d2a310aa723b107ed115c7741601dfad6ad881a462005a210ca177d9af7a834963c268d30ec9b7fb8e9d82506c244bcb85ba5be",
            "directory_permission": "0777",
            "file_permission": "0777",
            "filename": "productos-hcsd.txt",
            "id": "ed713af7b831be439b165fb672ba3e06264fb6e2",
            "sensitive_content": null,
            "source": null
          },
          "sensitive_attributes": [
            [
              {
                "type": "get_attr",
                "value": "sensitive_content"
              }
            ]
          ],
          "dependencies": [
            "random_string.sufijo"
          ]
        },
        {
          "index_key": 14,
          "schema_version": 0,
          "attributes": {
            "content": "lista de productos para el siguiente mes",
            "content_base64": null,
            "content_base64sha256": "vnuy7105BJStAW8yxkd7xruNxc/6ub2cJX24wm0SCCg=",
            "content_base64sha512": "4Xl9TdHWDpGjn8ssbSoxCqcjsQftEVx3QWAd+tatiBpGIAWiEMoXfZr3qDSWPCaNMOybf7jp2CUGwkS8uFulvg==",
            "content_md5": "2bfbc25f6fafd834cc83f8f38c25bc4a",
            "content_sha1": "ed713af7b831be439b165fb672ba3e06264fb6e2",
            "content_sha256": "be7bb2ef5d390494ad016f32c6477bc6bb8dc5cffab9bd9c257db8c26d120828",
            "content_sha512": "e1797d4dd1d60e91a39fcb2c6d2a310aa723b107ed115c7741601dfad6ad881a462005a210ca177d9af7a834963c268d30ec9b7fb8e9d82506c244bcb85ba5be",
            "directory_permission": "0777",
            "file_permission": "0777",
            "filename": "productos-clak.txt",
            "id": "ed713af7b831be439b165fb672ba3e06264fb6e2",
            "sensitive_content": null,
            "source": null
          },
          "sensitive_attributes": [
            [
              {
                "type": "get_attr",
                "value": "sensitive_content"
              }
            ]
          ],
          "dependencies": [
            "random_string.sufijo"
          ]
        },
        {
          "index_key": 15,
          "schema_version": 0,
          "attributes": {
            "content": "lista de productos para el siguiente mes",
            "content_base64": null,
            "content_base64sha256": "vnuy7105BJStAW8yxkd7xruNxc/6ub2cJX24wm0SCCg=",
            "content_base64sha512": "4Xl9TdHWDpGjn8ssbSoxCqcjsQftEVx3QWAd+tatiBpGIAWiEMoXfZr3qDSWPCaNMOybf7jp2CUGwkS8uFulvg==",
            "content_md5": "2bfbc25f6fafd834cc83f8f38c25bc4a",
            "content_sha1": "ed713af7b831be439b165fb672ba3e06264fb6e2",
            "content_sha256": "be7bb2ef5d390494ad016f32c6477bc6bb8dc5cffab9bd9c257db8c26d120828",
            "content_sha512": "e1797d4dd1d60e91a39fcb2c6d2a310aa723b107ed115c7741601dfad6ad881a462005a210ca177d9af7a834963c268d30ec9b7fb8e9d82506c244bcb85ba5be",
            "directory_permission": "0777",
            "file_permission": "0777",
            "filename": "productos-uxus.txt",
            "id": "ed713af7b831be439b165fb672ba3e06264fb6e2",
            "sensitive_content": null,
            "source": null
          },
          "sensitive_attributes": [
            [
              {
                "type": "get_attr",
                "value": "sensitive_content"
              }
            ]
          ],
          "dependencies": [
            "random_string.sufijo"
          ]
        },
        {
          "index_key": 16,
          "schema_version": 0,
          "attributes": {
            "content": "lista de productos para el siguiente mes",
            "content_base64": null,
            "content_base64sha256": "vnuy7105BJStAW8yxkd7xruNxc/6ub2cJX24wm0SCCg=",
            "content_base64sha512": "4Xl9TdHWDpGjn8ssbSoxCqcjsQftEVx3QWAd+tatiBpGIAWiEMoXfZr3qDSWPCaNMOybf7jp2CUGwkS8uFulvg==",
            "content_md5": "2bfbc25f6fafd834cc83f8f38c25bc4a",
            "content_sha1": "ed713af7b831be439b165fb672ba3e06264fb6e2",
            "content_sha256": "be7bb2ef5d390494ad016f32c6477bc6bb8dc5cffab9bd9c257db8c26d120828",
            "content_sha512": "e1797d4dd1d60e91a39fcb2c6d2a310aa723b107ed115c7741601dfad6ad881a462005a210ca177d9af7a834963c268d30ec9b7fb8e9d82506c244bcb85ba5be",
            "directory_permission": "0777",
            "file_permission": "0777",
            "filename": "productos-iosd.txt",
            "id": "ed713af7b831be439b165fb672ba3e06264fb6e2",
            "sensitive_content": null,
            "source": null
          },
          "sensitive_attributes": [
            [
              {
                "type": "get_attr",
                "value": "sensitive_content"
              }
            ]
          ],
          "dependencies": [
            "random_string.sufijo"
          ]
        },
        {
          "index_key": 17,
          "schema_version": 0,
          "attributes": {
            "content": "lista de productos para el siguiente mes",
            "content_base64": null,
            "content_base64sha256": "vnuy7105BJStAW8yxkd7xruNxc/6ub2cJX24wm0SCCg=",
            "content_base64sha512": "4Xl9TdHWDpGjn8ssbSoxCqcjsQftEVx3QWAd+tatiBpGIAWiEMoXfZr3qDSWPCaNMOybf7jp2CUGwkS8uFulvg==",
            "content_md5": "2bfbc25f6fafd834cc83f8f38c25bc4a",
            "content_sha1": "ed713af7b831be439b165fb672ba3e06264fb6e2",
            "content_sha256": "be7bb2ef5d390494ad016f32c6477bc6bb8dc5cffab9bd9c257db8c26d120828",
            "content_sha512": "e1797d4dd1d60e91a39fcb2c6d2a310aa723b107ed115c7741601dfad6ad881a462005a210ca177d9af7a834963c268d30ec9b7fb8e9d82506c244bcb85ba5be",
            "directory_permission": "0777",
            "file_permission": "0777",
            "filename": "productos-wyon.txt",
            "id": "ed713af7b831be439b165fb672ba3e06264fb6e2",
            "sensitive_content": null,
            "source": null
          },
          "sensitive_attributes": [
            [
              {
                "type": "get_attr",
                "value": "sensitive_content"
              }
            ]
          ],
          "dependencies": [
            "random_string.sufijo"
          ]
        },
        {
          "index_key": 18,
          "schema_version": 0,
          "attributes": {
            "content": "lista de productos para el siguiente mes",
            "content_base64": null,
            "content_base64sha256": "vnuy7105BJStAW8yxkd7xruNxc/6ub2cJX24wm0SCCg=",
            "content_base64sha512": "4Xl9TdHWDpGjn8ssbSoxCqcjsQftEVx3QWAd+tatiBpGIAWiEMoXfZr3qDSWPCaNMOybf7jp2CUGwkS8uFulvg==",
            "content_md5": "2bfbc25f6fafd834cc83f8f38c25bc4a",
            "content_sha1": "ed713af7b831be439b165fb672ba3e06264fb6e2",
            "content_sha256": "be7bb2ef5d390494ad016f32c6477bc6bb8dc5cffab9bd9c257db8c26d120828",
            "content_sha512": "e1797d4dd1d60e91a39fcb2c6d2a310aa723b107ed115c7741601dfad6ad881a462005a210ca177d9af7a834963c268d30ec9b7fb8e9d82506c244bcb85ba5be",
            "directory_permission": "0777",
            "file_permission": "0777",
            "filename": "productos-ctsn.txt",
            "id": "ed713af7b831be439b165fb672ba3e06264fb6e2",
            "sensitive_content": null,
            "source": null
          },
          "sensitive_attributes": [
            [
              {
                "type": "get_attr",
                "value": "sensitive_content"
              }
            ]
          ],
          "dependencies": [
            "random_string.sufijo"
          ]
        },
        {
          "index_key": 19,
          "schema_version": 0,
          "attributes": {
            "content": "lista de productos para el siguiente mes",
            "content_base64": null,
            "content_base64sha256": "vnuy7105BJStAW8yxkd7xruNxc/6ub2cJX24wm0SCCg=",
            "content_base64sha512": "4Xl9TdHWDpGjn8ssbSoxCqcjsQftEVx3QWAd+tatiBpGIAWiEMoXfZr3qDSWPCaNMOybf7jp2CUGwkS8uFulvg==",
            "content_md5": "2bfbc25f6fafd834cc83f8f38c25bc4a",
            "content_sha1": "ed713af7b831be439b165fb672ba3e06264fb6e2",
            "content_sha256": "be7bb2ef5d390494ad016f32c6477bc6bb8dc5cffab9bd9c257db8c26d120828",
            "content_sha512": "e1797d4dd1d60e91a39fcb2c6d2a310aa723b107ed115c7741601dfad6ad881a462005a210ca177d9af7a834963c268d30ec9b7fb8e9d82506c244bcb85ba5be",
            "directory_permission": "0777",
            "file_permission": "0777",
            "filename": "productos-lmlh.txt",
            "id": "ed713af7b831be439b165fb672ba3e06264fb6e2",
            "sensitive_content": null,
            "source": null
          },
          "sensitive_attributes": [
            [
              {
                "type": "get_attr",
                "value": "sensitive_content"
              }
            ]
          ],
          "dependencies": [
            "random_string.sufijo"
          ]
        },
        {
          "index_key": 20,
          "schema_version": 0,
          "attributes": {
            "content": "lista de productos para el siguiente mes",
            "content_base64": null,
            "content_base64sha256": "vnuy7105BJStAW8yxkd7xruNxc/6ub2cJX24wm0SCCg=",
            "content_base64sha512": "4Xl9TdHWDpGjn8ssbSoxCqcjsQftEVx3QWAd+tatiBpGIAWiEMoXfZr3qDSWPCaNMOybf7jp2CUGwkS8uFulvg==",
            "content_md5": "2bfbc25f6fafd834cc83f8f38c25bc4a",
            "content_sha1": "ed713af7b831be439b165fb672ba3e06264fb6e2",
            "content_sha256": "be7bb2ef5d390494ad016f32c6477bc6bb8dc5cffab9bd9c257db8c26d120828",
            "content_sha512": "e1797d4dd1d60e91a39fcb2c6d2a310aa723b107ed115c7741601dfad6ad881a462005a210ca177d9af7a834963c268d30ec9b7fb8e9d82506c244bcb85ba5be",
            "directory_permission": "0777",
            "file_permission": "0777",
            "filename": "productos-hyyv.txt",
            "id": "ed713af7b831be439b165fb672ba3e06264fb6e2",
            "sensitive_content": null,
            "source": null
          },
          "sensitive_attributes": [
            [
              {
                "type": "get_attr",
                "value": "sensitive_content"
              }
            ]
          ],
          "dependencies": [
            "random_string.sufijo"
          ]
        },
        {
          "index_key": 21,
          "schema_version": 0,
          "attributes": {
            "content": "lista de productos para el siguiente mes",
            "content_base64": null,
            "content_base64sha256": "vnuy7105BJStAW8yxkd7xruNxc/6ub2cJX24wm0SCCg=",
            "content_base64sha512": "4Xl9TdHWDpGjn8ssbSoxCqcjsQftEVx3QWAd+tatiBpGIAWiEMoXfZr3qDSWPCaNMOybf7jp2CUGwkS8uFulvg==",
            "content_md5": "2bfbc25f6fafd834cc83f8f38c25bc4a",
            "content_sha1": "ed713af7b831be439b165fb672ba3e06264fb6e2",
            "content_sha256": "be7bb2ef5d390494ad016f32c6477bc6bb8dc5cffab9bd9c257db8c26d120828",
            "content_sha512": "e1797d4dd1d60e91a39fcb2c6d2a310aa723b107ed115c7741601dfad6ad881a462005a210ca177d9af7a834963c268d30ec9b7fb8e9d82506c244bcb85ba5be",
            "directory_permission": "0777",
            "file_permission": "0777",
            "filename": "productos-yvcz.txt",
            "id": "ed713af7b831be439b165fb672ba3e06264fb6e2",
            "sensitive_content": null,
            "source": null
          },
          "sensitive_attributes": [
            [
              {
                "type": "get_attr",
                "value": "sensitive_content"
              }
            ]
          ],
          "dependencies": [
            "random_string.sufijo"
          ]
        },
        {
          "index_key": 22,
          "schema_version": 0,
          "attributes": {
            "content": "lista de productos para el siguiente mes",
            "content_base64": null,
            "content_base64sha256": "vnuy7105BJStAW8yxkd7xruNxc/6ub2cJX24wm0SCCg=",
            "content_base64sha512": "4Xl9TdHWDpGjn8ssbSoxCqcjsQftEVx3QWAd+tatiBpGIAWiEMoXfZr3qDSWPCaNMOybf7jp2CUGwkS8uFulvg==",
            "content_md5": "2bfbc25f6fafd834cc83f8f38c25bc4a",
            "content_sha1": "ed713af7b831be439b165fb672ba3e06264fb6e2",
            "content_sha256": "be7bb2ef5d390494ad016f32c6477bc6bb8dc5cffab9bd9c257db8c26d120828",
            "content_sha512": "e1797d4dd1d60e91a39fcb2c6d2a310aa723b107ed115c7741601dfad6ad881a462005a210ca177d9af7a834963c268d30ec9b7fb8e9d82506c244bcb85ba5be",
            "directory_permission": "0777",
            "file_permission": "0777",
            "filename": "productos-nuih.txt",
            "id": "ed713af7b831be439b165fb672ba3e06264fb6e2",
            "sensitive_content": null,
            "source": null
          },
          "sensitive_attributes": [
            [
              {
                "type": "get_attr",
                "value": "sensitive_content"
              }
            ]
          ],
          "dependencies": [
            "random_string.sufijo"
          ]
        },
        {
          "index_key": 23,
          "schema_version": 0,
          "attributes": {
            "content": "lista de productos para el siguiente mes",
            "content_base64": null,
            "content_base64sha256": "vnuy7105BJStAW8yxkd7xruNxc/6ub2cJX24wm0SCCg=",
            "content_base64sha512": "4Xl9TdHWDpGjn8ssbSoxCqcjsQftEVx3QWAd+tatiBpGIAWiEMoXfZr3qDSWPCaNMOybf7jp2CUGwkS8uFulvg==",
            "content_md5": "2bfbc25f6fafd834cc83f8f38c25bc4a",
            "content_sha1": "ed713af7b831be439b165fb672ba3e06264fb6e2",
            "content_sha256": "be7bb2ef5d390494ad016f32c6477bc6bb8dc5cffab9bd9c257db8c26d120828",
            "content_sha512": "e1797d4dd1d60e91a39fcb2c6d2a310aa723b107ed115c7741601dfad6ad881a462005a210ca177d9af7a834963c268d30ec9b7fb8e9d82506c244bcb85ba5be",
            "directory_permission": "0777",
            "file_permission": "0777",
            "filename": "productos-xlks.txt",
            "id": "ed713af7b831be439b165fb672ba3e06264fb6e2",
            "sensitive_content": null,
            "source": null
          },
          "sensitive_attributes": [
            [
              {
                "type": "get_attr",
                "value": "sensitive_content"
              }
            ]
          ],
          "dependencies": [
            "random_string.sufijo"
          ]
        },
        {
          "index_key": 24,
          "schema_version": 0,
          "attributes": {
            "content": "lista de productos para el siguiente mes",
            "content_base64": null,
            "content_base64sha256": "vnuy7105BJStAW8yxkd7xruNxc/6ub2cJX24wm0SCCg=",
            "content_base64sha512": "4Xl9TdHWDpGjn8ssbSoxCqcjsQftEVx3QWAd+tatiBpGIAWiEMoXfZr3qDSWPCaNMOybf7jp2CUGwkS8uFulvg==",
            "content_md5": "2bfbc25f6fafd834cc83f8f38c25bc4a",
            "content_sha1": "ed713af7b831be439b165fb672ba3e06264fb6e2",
            "content_sha256": "be7bb2ef5d390494ad016f32c6477bc6bb8dc5cffab9bd9c257db8c26d120828",
            "content_sha512": "e1797d4dd1d60e91a39fcb2c6d2a310aa723b107ed115c7741601dfad6ad881a462005a210ca177d9af7a834963c268d30ec9b7fb8e9d82506c244bcb85ba5be",
            "directory_permission": "0777",
            "file_permission": "0777",
            "filename": "productos-lvdg.txt",
            "id": "ed713af7b831be439b165fb672ba3e06264fb6e2",
            "sensitive_content": null,
            "source": null
          },
          "sensitive_attributes": [
            [
              {
                "type": "get_attr",
                "value": "sensitive_content"
              }
            ]
          ],
          "dependencies": [
            "random_string.sufijo"
          ]
        },
        {
          "index_key": 25,
          "schema_version": 0,
          "attributes": {
            "content": "lista de productos para el siguiente mes",
            "content_base64": null,
            "content_base64sha256": "vnuy7105BJStAW8yxkd7xruNxc/6ub2cJX24wm0SCCg=",
            "content_base64sha512": "4Xl9TdHWDpGjn8ssbSoxCqcjsQftEVx3QWAd+tatiBpGIAWiEMoXfZr3qDSWPCaNMOybf7jp2CUGwkS8uFulvg==",
            "content_md5": "2bfbc25f6fafd834cc83f8f38c25bc4a",
            "content_sha1": "ed713af7b831be439b165fb672ba3e06264fb6e2",
            "content_sha256": "be7bb2ef5d390494ad016f32c6477bc6bb8dc5cffab9bd9c257db8c26d120828",
            "content_sha512": "e1797d4dd1d60e91a39fcb2c6d2a310aa723b107ed115c7741601dfad6ad881a462005a210ca177d9af7a834963c268d30ec9b7fb8e9d82506c244bcb85ba5be",
            "directory_permission": "0777",
            "file_permission": "0777",
            "filename": "productos-bhst.txt",
            "id": "ed713af7b831be439b165fb672ba3e06264fb6e2",
            "sensitive_content": null,
            "source": null
          },
          "sensitive_attributes": [
            [
              {
                "type": "get_attr",
                "value": "sensitive_content"
              }
            ]
          ],
          "dependencies": [
            "random_string.sufijo"
          ]
        },
        {
          "index_key": 26,
          "schema_version": 0,
          "attributes": {
            "content": "lista de productos para el siguiente mes",
            "content_base64": null,
            "content_base64sha256": "vnuy7105BJStAW8yxkd7xruNxc/6ub2cJX24wm0SCCg=",
            "content_base64sha512": "4Xl9TdHWDpGjn8ssbSoxCqcjsQftEVx3QWAd+tatiBpGIAWiEMoXfZr3qDSWPCaNMOybf7jp2CUGwkS8uFulvg==",
            "content_md5": "2bfbc25f6fafd834cc83f8f38c25bc4a",
            "content_sha1": "ed713af7b831be439b165fb672ba3e06264fb6e2",
            "content_sha256": "be7bb2ef5d390494ad016f32c6477bc6bb8dc5cffab9bd9c257db8c26d120828",
            "content_sha512": "e1797d4dd1d60e91a39fcb2c6d2a310aa723b107ed115c7741601dfad6ad881a462005a210ca177d9af7a834963c268d30ec9b7fb8e9d82506c244bcb85ba5be",
            "directory_permission": "0777",
            "file_permission": "0777",
            "filename": "productos-vttn.txt",
            "id": "ed713af7b831be439b165fb672ba3e06264fb6e2",
            "sensitive_content": null,
            "source": null
          },
          "sensitive_attributes": [
            [
              {
                "type": "get_attr",
                "value": "sensitive_content"
              }
            ]
          ],
          "dependencies": [
            "random_string.sufijo"
          ]
        },
        {
          "index_key": 27,
          "schema_version": 0,
          "attributes": {
            "content": "lista de productos para el siguiente mes",
            "content_base64": null,
            "content_base64sha256": "vnuy7105BJStAW8yxkd7xruNxc/6ub2cJX24wm0SCCg=",
            "content_base64sha512": "4Xl9TdHWDpGjn8ssbSoxCqcjsQftEVx3QWAd+tatiBpGIAWiEMoXfZr3qDSWPCaNMOybf7jp2CUGwkS8uFulvg==",
            "content_md5": "2bfbc25f6fafd834cc83f8f38c25bc4a",
            "content_sha1": "ed713af7b831be439b165fb672ba3e06264fb6e2",
            "content_sha256": "be7bb2ef5d390494ad016f32c6477bc6bb8dc5cffab9bd9c257db8c26d120828",
            "content_sha512": "e1797d4dd1d60e91a39fcb2c6d2a310aa723b107ed115c7741601dfad6ad881a462005a210ca177d9af7a834963c268d30ec9b7fb8e9d82506c244bcb85ba5be",
            "directory_permission": "0777",
            "file_permission": "0777",
            "filename": "productos-dqwr.txt",
            "id": "ed713af7b831be439b165fb672ba3e06264fb6e2",
            "sensitive_content": null,
            "source": null
          },
          "sensitive_attributes": [
            [
              {
                "type": "get_attr",
                "value": "sensitive_content"
              }
            ]
          ],
          "dependencies": [
            "random_string.sufijo"
          ]
        },
        {
          "index_key": 28,
          "schema_version": 0,
          "attributes": {
            "content": "lista de productos para el siguiente mes",
            "content_base64": null,
            "content_base64sha256": "vnuy7105BJStAW8yxkd7xruNxc/6ub2cJX24wm0SCCg=",
            "content_base64sha512": "4Xl9TdHWDpGjn8ssbSoxCqcjsQftEVx3QWAd+tatiBpGIAWiEMoXfZr3qDSWPCaNMOybf7jp2CUGwkS8uFulvg==",
            "content_md5": "2bfbc25f6fafd834cc83f8f38c25bc4a",
            "content_sha1": "ed713af7b831be439b165fb672ba3e06264fb6e2",
            "content_sha256": "be7bb2ef5d390494ad016f32c6477bc6bb8dc5cffab9bd9c257db8c26d120828",
            "content_sha512": "e1797d4dd1d60e91a39fcb2c6d2a310aa723b107ed115c7741601dfad6ad881a462005a210ca177d9af7a834963c268d30ec9b7fb8e9d82506c244bcb85ba5be",
            "directory_permission": "0777",
            "file_permission": "0777",
            "filename": "productos-mrbg.txt",
            "id": "ed713af7b831be439b165fb672ba3e06264fb6e2",
            "sensitive_content": null,
            "source": null
          },
          "sensitive_attributes": [
            [
              {
                "type": "get_attr",
                "value": "sensitive_content"
              }
            ]
          ],
          "dependencies": [
            "random_string.sufijo"
          ]
        },
        {
          "index_key": 29,
          "schema_version": 0,
          "attributes": {
            "content": "lista de productos para el siguiente mes",
            "content_base64": null,
            "content_base64sha256": "vnuy7105BJStAW8yxkd7xruNxc/6ub2cJX24wm0SCCg=",
            "content_base64sha512": "4Xl9TdHWDpGjn8ssbSoxCqcjsQftEVx3QWAd+tatiBpGIAWiEMoXfZr3qDSWPCaNMOybf7jp2CUGwkS8uFulvg==",
            "content_md5": "2bfbc25f6fafd834cc83f8f38c25bc4a",
            "content_sha1": "ed713af7b831be439b165fb672ba3e06264fb6e2",
            "content_sha256": "be7bb2ef5d390494ad016f32c6477bc6bb8dc5cffab9bd9c257db8c26d120828",
            "content_sha512": "e1797d4dd1d60e91a39fcb2c6d2a310aa723b107ed115c7741601dfad6ad881a462005a210ca177d9af7a834963c268d30ec9b7fb8e9d82506c244bcb85ba5be",
            "directory_permission": "0777",
            "file_permission": "0777",
            "filename": "productos-qyku.txt",
            "id": "ed713af7b831be439b165fb672ba3e06264fb6e2",
            "sensitive_content": null,
            "source": null
          },
          "sensitive_attributes": [
            [
              {
                "type": "get_attr",
                "value": "sensitive_content"
              }
            ]
          ],
          "dependencies": [
            "random_string.sufijo"
          ]
        },
        {
          "index_key": 30,
          "schema_version": 0,
          "attributes": {
            "content": "lista de productos para el siguiente mes",
            "content_base64": null,
            "content_base64sha256": "vnuy7105BJStAW8yxkd7xruNxc/6ub2cJX24wm0SCCg=",
            "content_base64sha512": "4Xl9TdHWDpGjn8ssbSoxCqcjsQftEVx3QWAd+tatiBpGIAWiEMoXfZr3qDSWPCaNMOybf7jp2CUGwkS8uFulvg==",
            "content_md5": "2bfbc25f6fafd834cc83f8f38c25bc4a",
            "content_sha1": "ed713af7b831be439b165fb672ba3e06264fb6e2",
            "content_sha256": "be7bb2ef5d390494ad016f32c6477bc6bb8dc5cffab9bd9c257db8c26d120828",
            "content_sha512": "e1797d4dd1d60e91a39fcb2c6d2a310aa723b107ed115c7741601dfad6ad881a462005a210ca177d9af7a834963c268d30ec9b7fb8e9d82506c244bcb85ba5be",
            "directory_permission": "0777",
            "file_permission": "0777",
            "filename": "productos-mmex.txt",
            "id": "ed713af7b831be439b165fb672ba3e06264fb6e2",
            "sensitive_content": null,
            "source": null
          },
          "sensitive_attributes": [
            [
              {
                "type": "get_attr",
                "value": "sensitive_content"
              }
            ]
          ],
          "dependencies": [
            "random_string.sufijo"
          ]
        },
        {
          "index_key": 31,
          "schema_version": 0,
          "attributes": {
            "content": "lista de productos para el siguiente mes",
            "content_base64": null,
            "content_base64sha256": "vnuy7105BJStAW8yxkd7xruNxc/6ub2cJX24wm0SCCg=",
            "content_base64sha512": "4Xl9TdHWDpGjn8ssbSoxCqcjsQftEVx3QWAd+tatiBpGIAWiEMoXfZr3qDSWPCaNMOybf7jp2CUGwkS8uFulvg==",
            "content_md5": "2bfbc25f6fafd834cc83f8f38c25bc4a",
            "content_sha1": "ed713af7b831be439b165fb672ba3e06264fb6e2",
            "content_sha256": "be7bb2ef5d390494ad016f32c6477bc6bb8dc5cffab9bd9c257db8c26d120828",
            "content_sha512": "e1797d4dd1d60e91a39fcb2c6d2a310aa723b107ed115c7741601dfad6ad881a462005a210ca177d9af7a834963c268d30ec9b7fb8e9d82506c244bcb85ba5be",
            "directory_permission": "0777",
            "file_permission": "0777",
            "filename": "productos-beyd.txt",
            "id": "ed713af7b831be439b165fb672ba3e06264fb6e2",
            "sensitive_content": null,
            "source": null
          },
          "sensitive_attributes": [
            [
              {
                "type": "get_attr",
                "value": "sensitive_content"
              }
            ]
          ],
          "dependencies": [
            "random_string.sufijo"
          ]
        },
        {
          "index_key": 32,
          "schema_version": 0,
          "attributes": {
            "content": "lista de productos para el siguiente mes",
            "content_base64": null,
            "content_base64sha256": "vnuy7105BJStAW8yxkd7xruNxc/6ub2cJX24wm0SCCg=",
            "content_base64sha512": "4Xl9TdHWDpGjn8ssbSoxCqcjsQftEVx3QWAd+tatiBpGIAWiEMoXfZr3qDSWPCaNMOybf7jp2CUGwkS8uFulvg==",
            "content_md5": "2bfbc25f6fafd834cc83f8f38c25bc4a",
            "content_sha1": "ed713af7b831be439b165fb672ba3e06264fb6e2",
            "content_sha256": "be7bb2ef5d390494ad016f32c6477bc6bb8dc5cffab9bd9c257db8c26d120828",
            "content_sha512": "e1797d4dd1d60e91a39fcb2c6d2a310aa723b107ed115c7741601dfad6ad881a462005a210ca177d9af7a834963c268d30ec9b7fb8e9d82506c244bcb85ba5be",
            "directory_permission": "0777",
            "file_permission": "0777",
            "filename": "productos-hweo.txt",
            "id": "ed713af7b831be439b165fb672ba3e06264fb6e2",
            "sensitive_content": null,
            "source": null
          },
          "sensitive_attributes": [
            [
              {
                "type": "get_attr",
                "value": "sensitive_content"
              }
            ]
          ],
          "dependencies": [
            "random_string.sufijo"
          ]
        },
        {
          "index_key": 33,
          "schema_version": 0,
          "attributes": {
            "content": "lista de productos para el siguiente mes",
            "content_base64": null,
            "content_base64sha256": "vnuy7105BJStAW8yxkd7xruNxc/6ub2cJX24wm0SCCg=",
            "content_base64sha512": "4Xl9TdHWDpGjn8ssbSoxCqcjsQftEVx3QWAd+tatiBpGIAWiEMoXfZr3qDSWPCaNMOybf7jp2CUGwkS8uFulvg==",
            "content_md5": "2bfbc25f6fafd834cc83f8f38c25bc4a",
            "content_sha1": "ed713af7b831be439b165fb672ba3e06264fb6e2",
            "content_sha256": "be7bb2ef5d390494ad016f32c6477bc6bb8dc5cffab9bd9c257db8c26d120828",
            "content_sha512": "e1797d4dd1d60e91a39fcb2c6d2a310aa723b107ed115c7741601dfad6ad881a462005a210ca177d9af7a834963c268d30ec9b7fb8e9d82506c244bcb85ba5be",
            "directory_permission": "0777",
            "file_permission": "0777",
            "filename": "productos-licm.txt",
            "id": "ed713af7b831be439b165fb672ba3e06264fb6e2",
            "sensitive_content": null,
            "source": null
          },
          "sensitive_attributes": [
            [
              {
                "type": "get_attr",
                "value": "sensitive_content"
              }
            ]
          ],
          "dependencies": [
            "random_string.sufijo"
          ]
        },
        {
          "index_key": 34,
          "schema_version": 0,
          "attributes": {
            "content": "lista de productos para el siguiente mes",
            "content_base64": null,
            "content_base64sha256": "vnuy7105BJStAW8yxkd7xruNxc/6ub2cJX24wm0SCCg=",
            "content_base64sha512": "4Xl9TdHWDpGjn8ssbSoxCqcjsQftEVx3QWAd+tatiBpGIAWiEMoXfZr3qDSWPCaNMOybf7jp2CUGwkS8uFulvg==",
            "content_md5": "2bfbc25f6fafd834cc83f8f38c25bc4a",
            "content_sha1": "ed713af7b831be439b165fb672ba3e06264fb6e2",
            "content_sha256": "be7bb2ef5d390494ad016f32c6477bc6bb8dc5cffab9bd9c257db8c26d120828",
            "content_sha512": "e1797d4dd1d60e91a39fcb2c6d2a310aa723b107ed115c7741601dfad6ad881a462005a210ca177d9af7a834963c268d30ec9b7fb8e9d82506c244bcb85ba5be",
            "directory_permission": "0777",
            "file_permission": "0777",
            "filename": "productos-kznm.txt",
            "id": "ed713af7b831be439b165fb672ba3e06264fb6e2",
            "sensitive_content": null,
            "source": null
          },
          "sensitive_attributes": [
            [
              {
                "type": "get_attr",
                "value": "sensitive_content"
              }
            ]
          ],
          "dependencies": [
            "random_string.sufijo"
          ]
        },
        {
          "index_key": 35,
          "schema_version": 0,
          "attributes": {
            "content": "lista de productos para el siguiente mes",
            "content_base64": null,
            "content_base64sha256": "vnuy7105BJStAW8yxkd7xruNxc/6ub2cJX24wm0SCCg=",
            "content_base64sha512": "4Xl9TdHWDpGjn8ssbSoxCqcjsQftEVx3QWAd+tatiBpGIAWiEMoXfZr3qDSWPCaNMOybf7jp2CUGwkS8uFulvg==",
            "content_md5": "2bfbc25f6fafd834cc83f8f38c25bc4a",
            "content_sha1": "ed713af7b831be439b165fb672ba3e06264fb6e2",
            "content_sha256": "be7bb2ef5d390494ad016f32c6477bc6bb8dc5cffab9bd9c257db8c26d120828",
            "content_sha512": "e1797d4dd1d60e91a39fcb2c6d2a310aa723b107ed115c7741601dfad6ad881a462005a210ca177d9af7a834963c268d30ec9b7fb8e9d82506c244bcb85ba5be",
            "directory_permission": "0777",
            "file_permission": "0777",
            "filename": "productos-cyqp.txt",
            "id": "ed713af7b831be439b165fb672ba3e06264fb6e2",
            "sensitive_content": null,
            "source": null
          },
          "sensitive_attributes": [
            [
              {
                "type": "get_attr",
                "value": "sensitive_content"
              }
            ]
          ],
          "dependencies": [
            "random_string.sufijo"
          ]
        },
        {
          "index_key": 36,
          "schema_version": 0,
          "attributes": {
            "content": "lista de productos para el siguiente mes",
            "content_base64": null,
            "content_base64sha256": "vnuy7105BJStAW8yxkd7xruNxc/6ub2cJX24wm0SCCg=",
            "content_base64sha512": "4Xl9TdHWDpGjn8ssbSoxCqcjsQftEVx3QWAd+tatiBpGIAWiEMoXfZr3qDSWPCaNMOybf7jp2CUGwkS8uFulvg==",
            "content_md5": "2bfbc25f6fafd834cc83f8f38c25bc4a",
            "content_sha1": "ed713af7b831be439b165fb672ba3e06264fb6e2",
            "content_sha256": "be7bb2ef5d390494ad016f32c6477bc6bb8dc5cffab9bd9c257db8c26d120828",
            "content_sha512": "e1797d4dd1d60e91a39fcb2c6d2a310aa723b107ed115c7741601dfad6ad881a462005a210ca177d9af7a834963c268d30ec9b7fb8e9d82506c244bcb85ba5be",
            "directory_permission": "0777",
            "file_permission": "0777",
            "filename": "productos-qjwp.txt",
            "id": "ed713af7b831be439b165fb672ba3e06264fb6e2",
            "sensitive_content": null,
            "source": null
          },
          "sensitive_attributes": [
            [
              {
                "type": "get_attr",
                "value": "sensitive_content"
              }
            ]
          ],
          "dependencies": [
            "random_string.sufijo"
          ]
        },
        {
          "index_key": 37,
          "schema_version": 0,
          "attributes": {
            "content": "lista de productos para el siguiente mes",
            "content_base64": null,
            "content_base64sha256": "vnuy7105BJStAW8yxkd7xruNxc/6ub2cJX24wm0SCCg=",
            "content_base64sha512": "4Xl9TdHWDpGjn8ssbSoxCqcjsQftEVx3QWAd+tatiBpGIAWiEMoXfZr3qDSWPCaNMOybf7jp2CUGwkS8uFulvg==",
            "content_md5": "2bfbc25f6fafd834cc83f8f38c25bc4a",
            "content_sha1": "ed713af7b831be439b165fb672ba3e06264fb6e2",
            "content_sha256": "be7bb2ef5d390494ad016f32c6477bc6bb8dc5cffab9bd9c257db8c26d120828",
            "content_sha512": "e1797d4dd1d60e91a39fcb2c6d2a310aa723b107ed115c7741601dfad6ad881a462005a210ca177d9af7a834963c268d30ec9b7fb8e9d82506c244bcb85ba5be",
            "directory_permission": "0777",
            "file_permission": "0777",
            "filename": "productos-awge.txt",
            "id": "ed713af7b831be439b165fb672ba3e06264fb6e2",
            "sensitive_content": null,
            "source": null
          },
          "sensitive_attributes": [
            [
              {
                "type": "get_attr",
                "value": "sensitive_content"
              }
            ]
          ],
          "dependencies": [
            "random_string.sufijo"
          ]
        },
        {
          "index_key": 38,
          "schema_version": 0,
          "attributes": {
            "content": "lista de productos para el siguiente mes",
            "content_base64": null,
            "content_base64sha256": "vnuy7105BJStAW8yxkd7xruNxc/6ub2cJX24wm0SCCg=",
            "content_base64sha512": "4Xl9TdHWDpGjn8ssbSoxCqcjsQftEVx3QWAd+tatiBpGIAWiEMoXfZr3qDSWPCaNMOybf7jp2CUGwkS8uFulvg==",
            "content_md5": "2bfbc25f6fafd834cc83f8f38c25bc4a",
            "content_sha1": "ed713af7b831be439b165fb672ba3e06264fb6e2",
            "content_sha256": "be7bb2ef5d390494ad016f32c6477bc6bb8dc5cffab9bd9c257db8c26d120828",
            "content_sha512": "e1797d4dd1d60e91a39fcb2c6d2a310aa723b107ed115c7741601dfad6ad881a462005a210ca177d9af7a834963c268d30ec9b7fb8e9d82506c244bcb85ba5be",
            "directory_permission": "0777",
            "file_permission": "0777",
            "filename": "productos-rdxq.txt",
            "id": "ed713af7b831be439b165fb672ba3e06264fb6e2",
            "sensitive_content": null,
            "source": null
          },
          "sensitive_attributes": [
            [
              {
                "type": "get_attr",
                "value": "sensitive_content"
              }
            ]
          ],
          "dependencies": [
            "random_string.sufijo"
          ]
        },
        {
          "index_key": 39,
          "schema_version": 0,
          "attributes": {
            "content": "lista de productos para el siguiente mes",
            "content_base64": null,
            "content_base64sha256": "vnuy7105BJStAW8yxkd7xruNxc/6ub2cJX24wm0SCCg=",
            "content_base64sha512": "4Xl9TdHWDpGjn8ssbSoxCqcjsQftEVx3QWAd+tatiBpGIAWiEMoXfZr3qDSWPCaNMOybf7jp2CUGwkS8uFulvg==",
            "content_md5": "2bfbc25f6fafd834cc83f8f38c25bc4a",
            "content_sha1": "ed713af7b831be439b165fb672ba3e06264fb6e2",
            "content_sha256": "be7bb2ef5d390494ad016f32c6477bc6bb8dc5cffab9bd9c257db8c26d120828",
            "content_sha512": "e1797d4dd1d60e91a39fcb2c6d2a310aa723b107ed115c7741601dfad6ad881a462005a210ca177d9af7a834963c268d30ec9b7fb8e9d82506c244bcb85ba5be",
            "directory_permission": "0777",
            "file_permission": "0777",
            "filename": "productos-sqzb.txt",
            "id": "ed713af7b831be439b165fb672ba3e06264fb6e2",
            "sensitive_content": null,
            "source": null
          },
          "sensitive_attributes": [
            [
              {
                "type": "get_attr",
                "value": "sensitive_content"
              }
            ]
          ],
          "dependencies": [
            "random_string.sufijo"
          ]
        },
        {
          "index_key": 40,
          "schema_version": 0,
          "attributes": {
            "content": "lista de productos para el siguiente mes",
            "content_base64": null,
            "content_base64sha256": "vnuy7105BJStAW8yxkd7xruNxc/6ub2cJX24wm0SCCg=",
            "content_base64sha512": "4Xl9TdHWDpGjn8ssbSoxCqcjsQftEVx3QWAd+tatiBpGIAWiEMoXfZr3qDSWPCaNMOybf7jp2CUGwkS8uFulvg==",
            "content_md5": "2bfbc25f6fafd834cc83f8f38c25bc4a",
            "content_sha1": "ed713af7b831be439b165fb672ba3e06264fb6e2",
            "content_sha256": "be7bb2ef5d390494ad016f32c6477bc6bb8dc5cffab9bd9c257db8c26d120828",
            "content_sha512": "e1797d4dd1d60e91a39fcb2c6d2a310aa723b107ed115c7741601dfad6ad881a462005a210ca177d9af7a834963c268d30ec9b7fb8e9d82506c244bcb85ba5be",
            "directory_permission": "0777",
            "file_permission": "0777",
            "filename": "productos-icch.txt",
            "id": "ed713af7b831be439b165fb672ba3e06264fb6e2",
            "sensitive_content": null,
            "source": null
          },
          "sensitive_attributes": [
            [
              {
                "type": "get_attr",
                "value": "sensitive_content"
              }
            ]
          ],
          "dependencies": [
            "random_string.sufijo"
          ]
        },
        {
          "index_key": 41,
          "schema_version": 0,
          "attributes": {
            "content": "lista de productos para el siguiente mes",
            "content_base64": null,
            "content_base64sha256": "vnuy7105BJStAW8yxkd7xruNxc/6ub2cJX24wm0SCCg=",
            "content_base64sha512": "4Xl9TdHWDpGjn8ssbSoxCqcjsQftEVx3QWAd+tatiBpGIAWiEMoXfZr3qDSWPCaNMOybf7jp2CUGwkS8uFulvg==",
            "content_md5": "2bfbc25f6fafd834cc83f8f38c25bc4a",
            "content_sha1": "ed713af7b831be439b165fb672ba3e06264fb6e2",
            "content_sha256": "be7bb2ef5d390494ad016f32c6477bc6bb8dc5cffab9bd9c257db8c26d120828",
            "content_sha512": "e1797d4dd1d60e91a39fcb2c6d2a310aa723b107ed115c7741601dfad6ad881a462005a210ca177d9af7a834963c268d30ec9b7fb8e9d82506c244bcb85ba5be",
            "directory_permission": "0777",
            "file_permission": "0777",
            "filename": "productos-wbrm.txt",
            "id": "ed713af7b831be439b165fb672ba3e06264fb6e2",
            "sensitive_content": null,
            "source": null
          },
          "sensitive_attributes": [
            [
              {
                "type": "get_attr",
                "value": "sensitive_content"
              }
            ]
          ],
          "dependencies": [
            "random_string.sufijo"
          ]
        },
        {
          "index_key": 42,
          "schema_version": 0,
          "attributes": {
            "content": "lista de productos para el siguiente mes",
            "content_base64": null,
            "content_base64sha256": "vnuy7105BJStAW8yxkd7xruNxc/6ub2cJX24wm0SCCg=",
            "content_base64sha512": "4Xl9TdHWDpGjn8ssbSoxCqcjsQftEVx3QWAd+tatiBpGIAWiEMoXfZr3qDSWPCaNMOybf7jp2CUGwkS8uFulvg==",
            "content_md5": "2bfbc25f6fafd834cc83f8f38c25bc4a",
            "content_sha1": "ed713af7b831be439b165fb672ba3e06264fb6e2",
            "content_sha256": "be7bb2ef5d390494ad016f32c6477bc6bb8dc5cffab9bd9c257db8c26d120828",
            "content_sha512": "e1797d4dd1d60e91a39fcb2c6d2a310aa723b107ed115c7741601dfad6ad881a462005a210ca177d9af7a834963c268d30ec9b7fb8e9d82506c244bcb85ba5be",
            "directory_permission": "0777",
            "file_permission": "0777",
            "filename": "productos-uyqj.txt",
            "id": "ed713af7b831be439b165fb672ba3e06264fb6e2",
            "sensitive_content": null,
            "source": null
          },
          "sensitive_attributes": [
            [
              {
                "type": "get_attr",
                "value": "sensitive_content"
              }
            ]
          ],
          "dependencies": [
            "random_string.sufijo"
          ]
        },
        {
          "index_key": 43,
          "schema_version": 0,
          "attributes": {
            "content": "lista de productos para el siguiente mes",
            "content_base64": null,
            "content_base64sha256": "vnuy7105BJStAW8yxkd7xruNxc/6ub2cJX24wm0SCCg=",
            "content_base64sha512": "4Xl9TdHWDpGjn8ssbSoxCqcjsQftEVx3QWAd+tatiBpGIAWiEMoXfZr3qDSWPCaNMOybf7jp2CUGwkS8uFulvg==",
            "content_md5": "2bfbc25f6fafd834cc83f8f38c25bc4a",
            "content_sha1": "ed713af7b831be439b165fb672ba3e06264fb6e2",
            "content_sha256": "be7bb2ef5d390494ad016f32c6477bc6bb8dc5cffab9bd9c257db8c26d120828",
            "content_sha512": "e1797d4dd1d60e91a39fcb2c6d2a310aa723b107ed115c7741601dfad6ad881a462005a210ca177d9af7a834963c268d30ec9b7fb8e9d82506c244bcb85ba5be",
            "directory_permission": "0777",
            "file_permission": "0777",
            "filename": "productos-sfka.txt",
            "id": "ed713af7b831be439b165fb672ba3e06264fb6e2",
            "sensitive_content": null,
            "source": null
          },
          "sensitive_attributes": [
            [
              {
                "type": "get_attr",
                "value": "sensitive_content"
              }
            ]
          ],
          "dependencies": [
            "random_string.sufijo"
          ]
        },
        {
          "index_key": 44,
          "schema_version": 0,
          "attributes": {
            "content": "lista de productos para el siguiente mes",
            "content_base64": null,
            "content_base64sha256": "vnuy7105BJStAW8yxkd7xruNxc/6ub2cJX24wm0SCCg=",
            "content_base64sha512": "4Xl9TdHWDpGjn8ssbSoxCqcjsQftEVx3QWAd+tatiBpGIAWiEMoXfZr3qDSWPCaNMOybf7jp2CUGwkS8uFulvg==",
            "content_md5": "2bfbc25f6fafd834cc83f8f38c25bc4a",
            "content_sha1": "ed713af7b831be439b165fb672ba3e06264fb6e2",
            "content_sha256": "be7bb2ef5d390494ad016f32c6477bc6bb8dc5cffab9bd9c257db8c26d120828",
            "content_sha512": "e1797d4dd1d60e91a39fcb2c6d2a310aa723b107ed115c7741601dfad6ad881a462005a210ca177d9af7a834963c268d30ec9b7fb8e9d82506c244bcb85ba5be",
            "directory_permission": "0777",
            "file_permission": "0777",
            "filename": "productos-gzhd.txt",
            "id": "ed713af7b831be439b165fb672ba3e06264fb6e2",
            "sensitive_content": null,
            "source": null
          },
          "sensitive_attributes": [
            [
              {
                "type": "get_attr",
                "value": "sensitive_content"
              }
            ]
          ],
          "dependencies": [
            "random_string.sufijo"
          ]
        },
        {
          "index_key": 45,
          "schema_version": 0,
          "attributes": {
            "content": "lista de productos para el siguiente mes",
            "content_base64": null,
            "content_base64sha256": "vnuy7105BJStAW8yxkd7xruNxc/6ub2cJX24wm0SCCg=",
            "content_base64sha512": "4Xl9TdHWDpGjn8ssbSoxCqcjsQftEVx3QWAd+tatiBpGIAWiEMoXfZr3qDSWPCaNMOybf7jp2CUGwkS8uFulvg==",
            "content_md5": "2bfbc25f6fafd834cc83f8f38c25bc4a",
            "content_sha1": "ed713af7b831be439b165fb672ba3e06264fb6e2",
            "content_sha256": "be7bb2ef5d390494ad016f32c6477bc6bb8dc5cffab9bd9c257db8c26d120828",
            "content_sha512": "e1797d4dd1d60e91a39fcb2c6d2a310aa723b107ed115c7741601dfad6ad881a462005a210ca177d9af7a834963c268d30ec9b7fb8e9d82506c244bcb85ba5be",
            "directory_permission": "0777",
            "file_permission": "0777",
            "filename": "productos-psmo.txt",
            "id": "ed713af7b831be439b165fb672ba3e06264fb6e2",
            "sensitive_content": null,
            "source": null
          },
          "sensitive_attributes": [
            [
              {
                "type": "get_attr",
                "value": "sensitive_content"
              }
            ]
          ],
          "dependencies": [
            "random_string.sufijo"
          ]
        },
        {
          "index_key": 46,
          "schema_version": 0,
          "attributes": {
            "content": "lista de productos para el siguiente mes",
            "content_base64": null,
            "content_base64sha256": "vnuy7105BJStAW8yxkd7xruNxc/6ub2cJX24wm0SCCg=",
            "content_base64sha512": "4Xl9TdHWDpGjn8ssbSoxCqcjsQftEVx3QWAd+tatiBpGIAWiEMoXfZr3qDSWPCaNMOybf7jp2CUGwkS8uFulvg==",
            "content_md5": "2bfbc25f6fafd834cc83f8f38c25bc4a",
            "content_sha1": "ed713af7b831be439b165fb672ba3e06264fb6e2",
            "content_sha256": "be7bb2ef5d390494ad016f32c6477bc6bb8dc5cffab9bd9c257db8c26d120828",
            "content_sha512": "e1797d4dd1d60e91a39fcb2c6d2a310aa723b107ed115c7741601dfad6ad881a462005a210ca177d9af7a834963c268d30ec9b7fb8e9d82506c244bcb85ba5be",
            "directory_permission": "0777",
            "file_permission": "0777",
            "filename": "productos-eczq.txt",
            "id": "ed713af7b831be439b165fb672ba3e06264fb6e2",
            "sensitive_content": null,
            "source": null
          },
          "sensitive_attributes": [
            [
              {
                "type": "get_attr",
                "value": "sensitive_content"
              }
            ]
          ],
          "dependencies": [
            "random_string.sufijo"
          ]
        },
        {
          "index_key": 47,
          "schema_version": 0,
          "attributes": {
            "content": "lista de productos para el siguiente mes",
            "content_base64": null,
            "content_base64sha256": "vnuy7105BJStAW8yxkd7xruNxc/6ub2cJX24wm0SCCg=",
            "content_base64sha512": "4Xl9TdHWDpGjn8ssbSoxCqcjsQftEVx3QWAd+tatiBpGIAWiEMoXfZr3qDSWPCaNMOybf7jp2CUGwkS8uFulvg==",
            "content_md5": "2bfbc25f6fafd834cc83f8f38c25bc4a",
            "content_sha1": "ed713af7b831be439b165fb672ba3e06264fb6e2",
            "content_sha256": "be7bb2ef5d390494ad016f32c6477bc6bb8dc5cffab9bd9c257db8c26d120828",
            "content_sha512": "e1797d4dd1d60e91a39fcb2c6d2a310aa723b107ed115c7741601dfad6ad881a462005a210ca177d9af7a834963c268d30ec9b7fb8e9d82506c244bcb85ba5be",
            "directory_permission": "0777",
            "file_permission": "0777",
            "filename": "productos-xbsy.txt",
            "id": "ed713af7b831be439b165fb672ba3e06264fb6e2",
            "sensitive_content": null,
            "source": null
          },
          "sensitive_attributes": [
            [
              {
                "type": "get_attr",
                "value": "sensitive_content"
              }
            ]
          ],
          "dependencies": [
            "random_string.sufijo"
          ]
        },
        {
          "index_key": 48,
          "schema_version": 0,
          "attributes": {
            "content": "lista de productos para el siguiente mes",
            "content_base64": null,
            "content_base64sha256": "vnuy7105BJStAW8yxkd7xruNxc/6ub2cJX24wm0SCCg=",
            "content_base64sha512": "4Xl9TdHWDpGjn8ssbSoxCqcjsQftEVx3QWAd+tatiBpGIAWiEMoXfZr3qDSWPCaNMOybf7jp2CUGwkS8uFulvg==",
            "content_md5": "2bfbc25f6fafd834cc83f8f38c25bc4a",
            "content_sha1": "ed713af7b831be439b165fb672ba3e06264fb6e2",
            "content_sha256": "be7bb2ef5d390494ad016f32c6477bc6bb8dc5cffab9bd9c257db8c26d120828",
            "content_sha512": "e1797d4dd1d60e91a39fcb2c6d2a310aa723b107ed115c7741601dfad6ad881a462005a210ca177d9af7a834963c268d30ec9b7fb8e9d82506c244bcb85ba5be",
            "directory_permission": "0777",
            "file_permission": "0777",
            "filename": "productos-ppph.txt",
            "id": "ed713af7b831be439b165fb672ba3e06264fb6e2",
            "sensitive_content": null,
            "source": null
          },
          "sensitive_attributes": [
            [
              {
                "type": "get_attr",
                "value": "sensitive_content"
              }
            ]
          ],
          "dependencies": [
            "random_string.sufijo"
          ]
        },
        {
          "index_key": 49,
          "schema_version": 0,
          "attributes": {
            "content": "lista de productos para el siguiente mes",
            "content_base64": null,
            "content_base64sha256": "vnuy7105BJStAW8yxkd7xruNxc/6ub2cJX24wm0SCCg=",
            "content_base64sha512": "4Xl9TdHWDpGjn8ssbSoxCqcjsQftEVx3QWAd+tatiBpGIAWiEMoXfZr3qDSWPCaNMOybf7jp2CUGwkS8uFulvg==",
            "content_md5": "2bfbc25f6fafd834cc83f8f38c25bc4a",
            "content_sha1": "ed713af7b831be439b165fb672ba3e06264fb6e2",
            "content_sha256": "be7bb2ef5d390494ad016f32c6477bc6bb8dc5cffab9bd9c257db8c26d120828",
            "content_sha512": "e1797d4dd1d60e91a39fcb2c6d2a310aa723b107ed115c7741601dfad6ad881a462005a210ca177d9af7a834963c268d30ec9b7fb8e9d82506c244bcb85ba5be",
            "directory_permission": "0777",
            "file_permission": "0777",
            "filename": "productos-sjmi.txt",
            "id": "ed713af7b831be439b165fb672ba3e06264fb6e2",
            "sensitive_content": null,
            "source": null
          },
          "sensitive_attributes": [
            [
              {
                "type": "get_attr",
                "value": "sensitive_content"
              }
            ]
          ],
          "dependencies": [
            "random_string.sufijo"
          ]
        },
        {
          "index_key": 50,
          "schema_version": 0,
          "attributes": {
            "content": "lista de productos para el siguiente mes",
            "content_base64": null,
            "content_base64sha256": "vnuy7105BJStAW8yxkd7xruNxc/6ub2cJX24wm0SCCg=",
            "content_base64sha512": "4Xl9TdHWDpGjn8ssbSoxCqcjsQftEVx3QWAd+tatiBpGIAWiEMoXfZr3qDSWPCaNMOybf7jp2CUGwkS8uFulvg==",
            "content_md5": "2bfbc25f6fafd834cc83f8f38c25bc4a",
            "content_sha1": "ed713af7b831be439b165fb672ba3e06264fb6e2",
            "content_sha256": "be7bb2ef5d390494ad016f32c6477bc6bb8dc5cffab9bd9c257db8c26d120828",
            "content_sha512": "e1797d4dd1d60e91a39fcb2c6d2a310aa723b107ed115c7741601dfad6ad881a462005a210ca177d9af7a834963c268d30ec9b7fb8e9d82506c244bcb85ba5be",
            "directory_permission": "0777",
            "file_permission": "0777",
            "filename": "productos-qvav.txt",
            "id": "ed713af7b831be439b165fb672ba3e06264fb6e2",
            "sensitive_content": null,
            "source": null
          },
          "sensitive_attributes": [
            [
              {
                "type": "get_attr",
                "value": "sensitive_content"
              }
            ]
          ],
          "dependencies": [
            "random_string.sufijo"
          ]
        },
        {
          "index_key": 51,
          "schema_version": 0,
          "attributes": {
            "content": "lista de productos para el siguiente mes",
            "content_base64": null,
            "content_base64sha256": "vnuy7105BJStAW8yxkd7xruNxc/6ub2cJX24wm0SCCg=",
            "content_base64sha512": "4Xl9TdHWDpGjn8ssbSoxCqcjsQftEVx3QWAd+tatiBpGIAWiEMoXfZr3qDSWPCaNMOybf7jp2CUGwkS8uFulvg==",
            "content_md5": "2bfbc25f6fafd834cc83f8f38c25bc4a",
            "content_sha1": "ed713af7b831be439b165fb672ba3e06264fb6e2",
            "content_sha256": "be7bb2ef5d390494ad016f32c6477bc6bb8dc5cffab9bd9c257db8c26d120828",
            "content_sha512": "e1797d4dd1d60e91a39fcb2c6d2a310aa723b107ed115c7741601dfad6ad881a462005a210ca177d9af7a834963c268d30ec9b7fb8e9d82506c244bcb85ba5be",
            "directory_permission": "0777",
            "file_permission": "0777",
            "filename": "productos-hkqm.txt",
            "id": "ed713af7b831be439b165fb672ba3e06264fb6e2",
            "sensitive_content": null,
            "source": null
          },
          "sensitive_attributes": [
            [
              {
                "type": "get_attr",
                "value": "sensitive_content"
              }
            ]
          ],
          "dependencies": [
            "random_string.sufijo"
          ]
        },
        {
          "index_key": 52,
          "schema_version": 0,
          "attributes": {
            "content": "lista de productos para el siguiente mes",
            "content_base64": null,
            "content_base64sha256": "vnuy7105BJStAW8yxkd7xruNxc/6ub2cJX24wm0SCCg=",
            "content_base64sha512": "4Xl9TdHWDpGjn8ssbSoxCqcjsQftEVx3QWAd+tatiBpGIAWiEMoXfZr3qDSWPCaNMOybf7jp2CUGwkS8uFulvg==",
            "content_md5": "2bfbc25f6fafd834cc83f8f38c25bc4a",
            "content_sha1": "ed713af7b831be439b165fb672ba3e06264fb6e2",
            "content_sha256": "be7bb2ef5d390494ad016f32c6477bc6bb8dc5cffab9bd9c257db8c26d120828",
            "content_sha512": "e1797d4dd1d60e91a39fcb2c6d2a310aa723b107ed115c7741601dfad6ad881a462005a210ca177d9af7a834963c268d30ec9b7fb8e9d82506c244bcb85ba5be",
            "directory_permission": "0777",
            "file_permission": "0777",
            "filename": "productos-mqbv.txt",
            "id": "ed713af7b831be439b165fb672ba3e06264fb6e2",
            "sensitive_content": null,
            "source": null
          },
          "sensitive_attributes": [
            [
              {
                "type": "get_attr",
                "value": "sensitive_content"
              }
            ]
          ],
          "dependencies": [
            "random_string.sufijo"
          ]
        },
        {
          "index_key": 53,
          "schema_version": 0,
          "attributes": {
            "content": "lista de productos para el siguiente mes",
            "content_base64": null,
            "content_base64sha256": "vnuy7105BJStAW8yxkd7xruNxc/6ub2cJX24wm0SCCg=",
            "content_base64sha512": "4Xl9TdHWDpGjn8ssbSoxCqcjsQftEVx3QWAd+tatiBpGIAWiEMoXfZr3qDSWPCaNMOybf7jp2CUGwkS8uFulvg==",
            "content_md5": "2bfbc25f6fafd834cc83f8f38c25bc4a",
            "content_sha1": "ed713af7b831be439b165fb672ba3e06264fb6e2",
            "content_sha256": "be7bb2ef5d390494ad016f32c6477bc6bb8dc5cffab9bd9c257db8c26d120828",
            "content_sha512": "e1797d4dd1d60e91a39fcb2c6d2a310aa723b107ed115c7741601dfad6ad881a462005a210ca177d9af7a834963c268d30ec9b7fb8e9d82506c244bcb85ba5be",
            "directory_permission": "0777",
            "file_permission": "0777",
            "filename": "productos-gudy.txt",
            "id": "ed713af7b831be439b165fb672ba3e06264fb6e2",
            "sensitive_content": null,
            "source": null
          },
          "sensitive_attributes": [
            [
              {
                "type": "get_attr",
                "value": "sensitive_content"
              }
            ]
          ],
          "dependencies": [
            "random_string.sufijo"
          ]
        },
        {
          "index_key": 54,
          "schema_version": 0,
          "attributes": {
            "content": "lista de productos para el siguiente mes",
            "content_base64": null,
            "content_base64sha256": "vnuy7105BJStAW8yxkd7xruNxc/6ub2cJX24wm0SCCg=",
            "content_base64sha512": "4Xl9TdHWDpGjn8ssbSoxCqcjsQftEVx3QWAd+tatiBpGIAWiEMoXfZr3qDSWPCaNMOybf7jp2CUGwkS8uFulvg==",
            "content_md5": "2bfbc25f6fafd834cc83f8f38c25bc4a",
            "content_sha1": "ed713af7b831be439b165fb672ba3e06264fb6e2",
            "content_sha256": "be7bb2ef5d390494ad016f32c6477bc6bb8dc5cffab9bd9c257db8c26d120828",
            "content_sha512": "e1797d4dd1d60e91a39fcb2c6d2a310aa723b107ed115c7741601dfad6ad881a462005a210ca177d9af7a834963c268d30ec9b7fb8e9d82506c244bcb85ba5be",
            "directory_permission": "0777",
            "file_permission": "0777",
            "filename": "productos-qxvy.txt",
            "id": "ed713af7b831be439b165fb672ba3e06264fb6e2",
            "sensitive_content": null,
            "source": null
          },
          "sensitive_attributes": [
            [
              {
                "type": "get_attr",
                "value": "sensitive_content"
              }
            ]
          ],
          "dependencies": [
            "random_string.sufijo"
          ]
        },
        {
          "index_key": 55,
          "schema_version": 0,
          "attributes": {
            "content": "lista de productos para el siguiente mes",
            "content_base64": null,
            "content_base64sha256": "vnuy7105BJStAW8yxkd7xruNxc/6ub2cJX24wm0SCCg=",
            "content_base64sha512": "4Xl9TdHWDpGjn8ssbSoxCqcjsQftEVx3QWAd+tatiBpGIAWiEMoXfZr3qDSWPCaNMOybf7jp2CUGwkS8uFulvg==",
            "content_md5": "2bfbc25f6fafd834cc83f8f38c25bc4a",
            "content_sha1": "ed713af7b831be439b165fb672ba3e06264fb6e2",
            "content_sha256": "be7bb2ef5d390494ad016f32c6477bc6bb8dc5cffab9bd9c257db8c26d120828",
            "content_sha512": "e1797d4dd1d60e91a39fcb2c6d2a310aa723b107ed115c7741601dfad6ad881a462005a210ca177d9af7a834963c268d30ec9b7fb8e9d82506c244bcb85ba5be",
            "directory_permission": "0777",
            "file_permission": "0777",
            "filename": "productos-srqs.txt",
            "id": "ed713af7b831be439b165fb672ba3e06264fb6e2",
            "sensitive_content": null,
            "source": null
          },
          "sensitive_attributes": [
            [
              {
                "type": "get_attr",
                "value": "sensitive_content"
              }
            ]
          ],
          "dependencies": [
            "random_string.sufijo"
          ]
        },
        {
          "index_key": 56,
          "schema_version": 0,
          "attributes": {
            "content": "lista de productos para el siguiente mes",
            "content_base64": null,
            "content_base64sha256": "vnuy7105BJStAW8yxkd7xruNxc/6ub2cJX24wm0SCCg=",
            "content_base64sha512": "4Xl9TdHWDpGjn8ssbSoxCqcjsQftEVx3QWAd+tatiBpGIAWiEMoXfZr3qDSWPCaNMOybf7jp2CUGwkS8uFulvg==",
            "content_md5": "2bfbc25f6fafd834cc83f8f38c25bc4a",
            "content_sha1": "ed713af7b831be439b165fb672ba3e06264fb6e2",
            "content_sha256": "be7bb2ef5d390494ad016f32c6477bc6bb8dc5cffab9bd9c257db8c26d120828",
            "content_sha512": "e1797d4dd1d60e91a39fcb2c6d2a310aa723b107ed115c7741601dfad6ad881a462005a210ca177d9af7a834963c268d30ec9b7fb8e9d82506c244bcb85ba5be",
            "directory_permission": "0777",
            "file_permission": "0777",
            "filename": "productos-uecm.txt",
            "id": "ed713af7b831be439b165fb672ba3e06264fb6e2",
            "sensitive_content": null,
            "source": null
          },
          "sensitive_attributes": [
            [
              {
                "type": "get_attr",
                "value": "sensitive_content"
              }
            ]
          ],
          "dependencies": [
            "random_string.sufijo"
          ]
        },
        {
          "index_key": 57,
          "schema_version": 0,
          "attributes": {
            "content": "lista de productos para el siguiente mes",
            "content_base64": null,
            "content_base64sha256": "vnuy7105BJStAW8yxkd7xruNxc/6ub2cJX24wm0SCCg=",
            "content_base64sha512": "4Xl9TdHWDpGjn8ssbSoxCqcjsQftEVx3QWAd+tatiBpGIAWiEMoXfZr3qDSWPCaNMOybf7jp2CUGwkS8uFulvg==",
            "content_md5": "2bfbc25f6fafd834cc83f8f38c25bc4a",
            "content_sha1": "ed713af7b831be439b165fb672ba3e06264fb6e2",
            "content_sha256": "be7bb2ef5d390494ad016f32c6477bc6bb8dc5cffab9bd9c257db8c26d120828",
            "content_sha512": "e1797d4dd1d60e91a39fcb2c6d2a310aa723b107ed115c7741601dfad6ad881a462005a210ca177d9af7a834963c268d30ec9b7fb8e9d82506c244bcb85ba5be",
            "directory_permission": "0777",
            "file_permission": "0777",
            "filename": "productos-fyeb.txt",
            "id": "ed713af7b831be439b165fb672ba3e06264fb6e2",
            "sensitive_content": null,
            "source": null
          },
          "sensitive_attributes": [
            [
              {
                "type": "get_attr",
                "value": "sensitive_content"
              }
            ]
          ],
          "dependencies": [
            "random_string.sufijo"
          ]
        },
        {
          "index_key": 58,
          "schema_version": 0,
          "attributes": {
            "content": "lista de productos para el siguiente mes",
            "content_base64": null,
            "content_base64sha256": "vnuy7105BJStAW8yxkd7xruNxc/6ub2cJX24wm0SCCg=",
            "content_base64sha512": "4Xl9TdHWDpGjn8ssbSoxCqcjsQftEVx3QWAd+tatiBpGIAWiEMoXfZr3qDSWPCaNMOybf7jp2CUGwkS8uFulvg==",
            "content_md5": "2bfbc25f6fafd834cc83f8f38c25bc4a",
            "content_sha1": "ed713af7b831be439b165fb672ba3e06264fb6e2",
            "content_sha256": "be7bb2ef5d390494ad016f32c6477bc6bb8dc5cffab9bd9c257db8c26d120828",
            "content_sha512": "e1797d4dd1d60e91a39fcb2c6d2a310aa723b107ed115c7741601dfad6ad881a462005a210ca177d9af7a834963c268d30ec9b7fb8e9d82506c244bcb85ba5be",
            "directory_permission": "0777",
            "file_permission": "0777",
            "filename": "productos-gqkk.txt",
            "id": "ed713af7b831be439b165fb672ba3e06264fb6e2",
            "sensitive_content": null,
            "source": null
          },
          "sensitive_attributes": [
            [
              {
                "type": "get_attr",
                "value": "sensitive_content"
              }
            ]
          ],
          "dependencies": [
            "random_string.sufijo"
          ]
        },
        {
          "index_key": 59,
          "schema_version": 0,
          "attributes": {
            "content": "lista de productos para el siguiente mes",
            "content_base64": null,
            "content_base64sha256": "vnuy7105BJStAW8yxkd7xruNxc/6ub2cJX24wm0SCCg=",
            "content_base64sha512": "4Xl9TdHWDpGjn8ssbSoxCqcjsQftEVx3QWAd+tatiBpGIAWiEMoXfZr3qDSWPCaNMOybf7jp2CUGwkS8uFulvg==",
            "content_md5": "2bfbc25f6fafd834cc83f8f38c25bc4a",
            "content_sha1": "ed713af7b831be439b165fb672ba3e06264fb6e2",
            "content_sha256": "be7bb2ef5d390494ad016f32c6477bc6bb8dc5cffab9bd9c257db8c26d120828",
            "content_sha512": "e1797d4dd1d60e91a39fcb2c6d2a310aa723b107ed115c7741601dfad6ad881a462005a210ca177d9af7a834963c268d30ec9b7fb8e9d82506c244bcb85ba5be",
            "directory_permission": "0777",
            "file_permission": "0777",
            "filename": "productos-pwto.txt",
            "id": "ed713af7b831be439b165fb672ba3e06264fb6e2",
            "sensitive_content": null,
            "source": null
          },
          "sensitive_attributes": [
            [
              {
                "type": "get_attr",
                "value": "sensitive_content"
              }
            ]
          ],
          "dependencies": [
            "random_string.sufijo"
          ]
        },
        {
          "index_key": 60,
          "schema_version": 0,
          "attributes": {
            "content": "lista de productos para el siguiente mes",
            "content_base64": null,
            "content_base64sha256": "vnuy7105BJStAW8yxkd7xruNxc/6ub2cJX24wm0SCCg=",
            "content_base64sha512": "4Xl9TdHWDpGjn8ssbSoxCqcjsQftEVx3QWAd+tatiBpGIAWiEMoXfZr3qDSWPCaNMOybf7jp2CUGwkS8uFulvg==",
            "content_md5": "2bfbc25f6fafd834cc83f8f38c25bc4a",
            "content_sha1": "ed713af7b831be439b165fb672ba3e06264fb6e2",
            "content_sha256": "be7bb2ef5d390494ad016f32c6477bc6bb8dc5cffab9bd9c257db8c26d120828",
            "content_sha512": "e1797d4dd1d60e91a39fcb2c6d2a310aa723b107ed115c7741601dfad6ad881a462005a210ca177d9af7a834963c268d30ec9b7fb8e9d82506c244bcb85ba5be",
            "directory_permission": "0777",
            "file_permission": "0777",
            "filename": "productos-took.txt",
            "id": "ed713af7b831be439b165fb672ba3e06264fb6e2",
            "sensitive_content": null,
            "source": null
          },
          "sensitive_attributes": [
            [
              {
                "type": "get_attr",
                "value": "sensitive_content"
              }
            ]
          ],
          "dependencies": [
            "random_string.sufijo"
          ]
        },
        {
          "index_key": 61,
          "schema_version": 0,
          "attributes": {
            "content": "lista de productos para el siguiente mes",
            "content_base64": null,
            "content_base64sha256": "vnuy7105BJStAW8yxkd7xruNxc/6ub2cJX24wm0SCCg=",
            "content_base64sha512": "4Xl9TdHWDpGjn8ssbSoxCqcjsQftEVx3QWAd+tatiBpGIAWiEMoXfZr3qDSWPCaNMOybf7jp2CUGwkS8uFulvg==",
            "content_md5": "2bfbc25f6fafd834cc83f8f38c25bc4a",
            "content_sha1": "ed713af7b831be439b165fb672ba3e06264fb6e2",
            "content_sha256": "be7bb2ef5d390494ad016f32c6477bc6bb8dc5cffab9bd9c257db8c26d120828",
            "content_sha512": "e1797d4dd1d60e91a39fcb2c6d2a310aa723b107ed115c7741601dfad6ad881a462005a210ca177d9af7a834963c268d30ec9b7fb8e9d82506c244bcb85ba5be",
            "directory_permission": "0777",
            "file_permission": "0777",
            "filename": "productos-oots.txt",
            "id": "ed713af7b831be439b165fb672ba3e06264fb6e2",
            "sensitive_content": null,
            "source": null
          },
          "sensitive_attributes": [
            [
              {
                "type": "get_attr",
                "value": "sensitive_content"
              }
            ]
          ],
          "dependencies": [
            "random_string.sufijo"
          ]
        },
        {
          "index_key": 62,
          "schema_version": 0,
          "attributes": {
            "content": "lista de productos para el siguiente mes",
            "content_base64": null,
            "content_base64sha256": "vnuy7105BJStAW8yxkd7xruNxc/6ub2cJX24wm0SCCg=",
            "content_base64sha512": "4Xl9TdHWDpGjn8ssbSoxCqcjsQftEVx3QWAd+tatiBpGIAWiEMoXfZr3qDSWPCaNMOybf7jp2CUGwkS8uFulvg==",
            "content_md5": "2bfbc25f6fafd834cc83f8f38c25bc4a",
            "content_sha1": "ed713af7b831be439b165fb672ba3e06264fb6e2",
            "content_sha256": "be7bb2ef5d390494ad016f32c6477bc6bb8dc5cffab9bd9c257db8c26d120828",
            "content_sha512": "e1797d4dd1d60e91a39fcb2c6d2a310aa723b107ed115c7741601dfad6ad881a462005a210ca177d9af7a834963c268d30ec9b7fb8e9d82506c244bcb85ba5be",
            "directory_permission": "0777",
            "file_permission": "0777",
            "filename": "productos-sjcb.txt",
            "id": "ed713af7b831be439b165fb672ba3e06264fb6e2",
            "sensitive_content": null,
            "source": null
          },
          "sensitive_attributes": [
            [
              {
                "type": "get_attr",
                "value": "sensitive_content"
              }
            ]
          ],
          "dependencies": [
            "random_string.sufijo"
          ]
        },
        {
          "index_key": 63,
          "schema_version": 0,
          "attributes": {
            "content": "lista de productos para el siguiente mes",
            "content_base64": null,
            "content_base64sha256": "vnuy7105BJStAW8yxkd7xruNxc/6ub2cJX24wm0SCCg=",
            "content_base64sha512": "4Xl9TdHWDpGjn8ssbSoxCqcjsQftEVx3QWAd+tatiBpGIAWiEMoXfZr3qDSWPCaNMOybf7jp2CUGwkS8uFulvg==",
            "content_md5": "2bfbc25f6fafd834cc83f8f38c25bc4a",
            "content_sha1": "ed713af7b831be439b165fb672ba3e06264fb6e2",
            "content_sha256": "be7bb2ef5d390494ad016f32c6477bc6bb8dc5cffab9bd9c257db8c26d120828",
            "content_sha512": "e1797d4dd1d60e91a39fcb2c6d2a310aa723b107ed115c7741601dfad6ad881a462005a210ca177d9af7a834963c268d30ec9b7fb8e9d82506c244bcb85ba5be",
            "directory_permission": "0777",
            "file_permission": "0777",
            "filename": "productos-vllu.txt",
            "id": "ed713af7b831be439b165fb672ba3e06264fb6e2",
            "sensitive_content": null,
            "source": null
          },
          "sensitive_attributes": [
            [
              {
                "type": "get_attr",
                "value": "sensitive_content"
              }
            ]
          ],
          "dependencies": [
            "random_string.sufijo"
          ]
        },
        {
          "index_key": 64,
          "schema_version": 0,
          "attributes": {
            "content": "lista de productos para el siguiente mes",
            "content_base64": null,
            "content_base64sha256": "vnuy7105BJStAW8yxkd7xruNxc/6ub2cJX24wm0SCCg=",
            "content_base64sha512": "4Xl9TdHWDpGjn8ssbSoxCqcjsQftEVx3QWAd+tatiBpGIAWiEMoXfZr3qDSWPCaNMOybf7jp2CUGwkS8uFulvg==",
            "content_md5": "2bfbc25f6fafd834cc83f8f38c25bc4a",
            "content_sha1": "ed713af7b831be439b165fb672ba3e06264fb6e2",
            "content_sha256": "be7bb2ef5d390494ad016f32c6477bc6bb8dc5cffab9bd9c257db8c26d120828",
            "content_sha512": "e1797d4dd1d60e91a39fcb2c6d2a310aa723b107ed115c7741601dfad6ad881a462005a210ca177d9af7a834963c268d30ec9b7fb8e9d82506c244bcb85ba5be",
            "directory_permission": "0777",
            "file_permission": "0777",
            "filename": "productos-whyp.txt",
            "id": "ed713af7b831be439b165fb672ba3e06264fb6e2",
            "sensitive_content": null,
            "source": null
          },
          "sensitive_attributes": [
            [
              {
                "type": "get_attr",
                "value": "sensitive_content"
              }
            ]
          ],
          "dependencies": [
            "random_string.sufijo"
          ]
        },
        {
          "index_key": 65,
          "schema_version": 0,
          "attributes": {
            "content": "lista de productos para el siguiente mes",
            "content_base64": null,
            "content_base64sha256": "vnuy7105BJStAW8yxkd7xruNxc/6ub2cJX24wm0SCCg=",
            "content_base64sha512": "4Xl9TdHWDpGjn8ssbSoxCqcjsQftEVx3QWAd+tatiBpGIAWiEMoXfZr3qDSWPCaNMOybf7jp2CUGwkS8uFulvg==",
            "content_md5": "2bfbc25f6fafd834cc83f8f38c25bc4a",
            "content_sha1": "ed713af7b831be439b165fb672ba3e06264fb6e2",
            "content_sha256": "be7bb2ef5d390494ad016f32c6477bc6bb8dc5cffab9bd9c257db8c26d120828",
            "content_sha512": "e1797d4dd1d60e91a39fcb2c6d2a310aa723b107ed115c7741601dfad6ad881a462005a210ca177d9af7a834963c268d30ec9b7fb8e9d82506c244bcb85ba5be",
            "directory_permission": "0777",
            "file_permission": "0777",
            "filename": "productos-gbax.txt",
            "id": "ed713af7b831be439b165fb672ba3e06264fb6e2",
            "sensitive_content": null,
            "source": null
          },
          "sensitive_attributes": [
            [
              {
                "type": "get_attr",
                "value": "sensitive_content"
              }
            ]
          ],
          "dependencies": [
            "random_string.sufijo"
          ]
        },
        {
          "index_key": 66,
          "schema_version": 0,
          "attributes": {
            "content": "lista de productos para el siguiente mes",
            "content_base64": null,
            "content_base64sha256": "vnuy7105BJStAW8yxkd7xruNxc/6ub2cJX24wm0SCCg=",
            "content_base64sha512": "4Xl9TdHWDpGjn8ssbSoxCqcjsQftEVx3QWAd+tatiBpGIAWiEMoXfZr3qDSWPCaNMOybf7jp2CUGwkS8uFulvg==",
            "content_md5": "2bfbc25f6fafd834cc83f8f38c25bc4a",
            "content_sha1": "ed713af7b831be439b165fb672ba3e06264fb6e2",
            "content_sha256": "be7bb2ef5d390494ad016f32c6477bc6bb8dc5cffab9bd9c257db8c26d120828",
            "content_sha512": "e1797d4dd1d60e91a39fcb2c6d2a310aa723b107ed115c7741601dfad6ad881a462005a210ca177d9af7a834963c268d30ec9b7fb8e9d82506c244bcb85ba5be",
            "directory_permission": "0777",
            "file_permission": "0777",
            "filename": "productos-vulo.txt",
            "id": "ed713af7b831be439b165fb672ba3e06264fb6e2",
            "sensitive_content": null,
            "source": null
          },
          "sensitive_attributes": [
            [
              {
                "type": "get_attr",
                "value": "sensitive_content"
              }
            ]
          ],
          "dependencies": [
            "random_string.sufijo"
          ]
        },
        {
          "index_key": 67,
          "schema_version": 0,
          "attributes": {
            "content": "lista de productos para el siguiente mes",
            "content_base64": null,
            "content_base64sha256": "vnuy7105BJStAW8yxkd7xruNxc/6ub2cJX24wm0SCCg=",
            "content_base64sha512": "4Xl9TdHWDpGjn8ssbSoxCqcjsQftEVx3QWAd+tatiBpGIAWiEMoXfZr3qDSWPCaNMOybf7jp2CUGwkS8uFulvg==",
            "content_md5": "2bfbc25f6fafd834cc83f8f38c25bc4a",
            "content_sha1": "ed713af7b831be439b165fb672ba3e06264fb6e2",
            "content_sha256": "be7bb2ef5d390494ad016f32c6477bc6bb8dc5cffab9bd9c257db8c26d120828",
            "content_sha512": "e1797d4dd1d60e91a39fcb2c6d2a310aa723b107ed115c7741601dfad6ad881a462005a210ca177d9af7a834963c268d30ec9b7fb8e9d82506c244bcb85ba5be",
            "directory_permission": "0777",
            "file_permission": "0777",
            "filename": "productos-ptko.txt",
            "id": "ed713af7b831be439b165fb672ba3e06264fb6e2",
            "sensitive_content": null,
            "source": null
          },
          "sensitive_attributes": [
            [
              {
                "type": "get_attr",
                "value": "sensitive_content"
              }
            ]
          ],
          "dependencies": [
            "random_string.sufijo"
          ]
        },
        {
          "index_key": 68,
          "schema_version": 0,
          "attributes": {
            "content": "lista de productos para el siguiente mes",
            "content_base64": null,
            "content_base64sha256": "vnuy7105BJStAW8yxkd7xruNxc/6ub2cJX24wm0SCCg=",
            "content_base64sha512": "4Xl9TdHWDpGjn8ssbSoxCqcjsQftEVx3QWAd+tatiBpGIAWiEMoXfZr3qDSWPCaNMOybf7jp2CUGwkS8uFulvg==",
            "content_md5": "2bfbc25f6fafd834cc83f8f38c25bc4a",
            "content_sha1": "ed713af7b831be439b165fb672ba3e06264fb6e2",
            "content_sha256": "be7bb2ef5d390494ad016f32c6477bc6bb8dc5cffab9bd9c257db8c26d120828",
            "content_sha512": "e1797d4dd1d60e91a39fcb2c6d2a310aa723b107ed115c7741601dfad6ad881a462005a210ca177d9af7a834963c268d30ec9b7fb8e9d82506c244bcb85ba5be",
            "directory_permission": "0777",
            "file_permission": "0777",
            "filename": "productos-vbyg.txt",
            "id": "ed713af7b831be439b165fb672ba3e06264fb6e2",
            "sensitive_content": null,
            "source": null
          },
          "sensitive_attributes": [
            [
              {
                "type": "get_attr",
                "value": "sensitive_content"
              }
            ]
          ],
          "dependencies": [
            "random_string.sufijo"
          ]
        },
        {
          "index_key": 69,
          "schema_version": 0,
          "attributes": {
            "content": "lista de productos para el siguiente mes",
            "content_base64": null,
            "content_base64sha256": "vnuy7105BJStAW8yxkd7xruNxc/6ub2cJX24wm0SCCg=",
            "content_base64sha512": "4Xl9TdHWDpGjn8ssbSoxCqcjsQftEVx3QWAd+tatiBpGIAWiEMoXfZr3qDSWPCaNMOybf7jp2CUGwkS8uFulvg==",
            "content_md5": "2bfbc25f6fafd834cc83f8f38c25bc4a",
            "content_sha1": "ed713af7b831be439b165fb672ba3e06264fb6e2",
            "content_sha256": "be7bb2ef5d390494ad016f32c6477bc6bb8dc5cffab9bd9c257db8c26d120828",
            "content_sha512": "e1797d4dd1d60e91a39fcb2c6d2a310aa723b107ed115c7741601dfad6ad881a462005a210ca177d9af7a834963c268d30ec9b7fb8e9d82506c244bcb85ba5be",
            "directory_permission": "0777",
            "file_permission": "0777",
            "filename": "productos-pbdv.txt",
            "id": "ed713af7b831be439b165fb672ba3e06264fb6e2",
            "sensitive_content": null,
            "source": null
          },
          "sensitive_attributes": [
            [
              {
                "type": "get_attr",
                "value": "sensitive_content"
              }
            ]
          ],
          "dependencies": [
            "random_string.sufijo"
          ]
        },
        {
          "index_key": 70,
          "schema_version": 0,
          "attributes": {
            "content": "lista de productos para el siguiente mes",
            "content_base64": null,
            "content_base64sha256": "vnuy7105BJStAW8yxkd7xruNxc/6ub2cJX24wm0SCCg=",
            "content_base64sha512": "4Xl9TdHWDpGjn8ssbSoxCqcjsQftEVx3QWAd+tatiBpGIAWiEMoXfZr3qDSWPCaNMOybf7jp2CUGwkS8uFulvg==",
            "content_md5": "2bfbc25f6fafd834cc83f8f38c25bc4a",
            "content_sha1": "ed713af7b831be439b165fb672ba3e06264fb6e2",
            "content_sha256": "be7bb2ef5d390494ad016f32c6477bc6bb8dc5cffab9bd9c257db8c26d120828",
            "content_sha512": "e1797d4dd1d60e91a39fcb2c6d2a310aa723b107ed115c7741601dfad6ad881a462005a210ca177d9af7a834963c268d30ec9b7fb8e9d82506c244bcb85ba5be",
            "directory_permission": "0777",
            "file_permission": "0777",
            "filename": "productos-xyue.txt",
            "id": "ed713af7b831be439b165fb672ba3e06264fb6e2",
            "sensitive_content": null,
            "source": null
          },
          "sensitive_attributes": [
            [
              {
                "type": "get_attr",
                "value": "sensitive_content"
              }
            ]
          ],
          "dependencies": [
            "random_string.sufijo"
          ]
        },
        {
          "index_key": 71,
          "schema_version": 0,
          "attributes": {
            "content": "lista de productos para el siguiente mes",
            "content_base64": null,
            "content_base64sha256": "vnuy7105BJStAW8yxkd7xruNxc/6ub2cJX24wm0SCCg=",
            "content_base64sha512": "4Xl9TdHWDpGjn8ssbSoxCqcjsQftEVx3QWAd+tatiBpGIAWiEMoXfZr3qDSWPCaNMOybf7jp2CUGwkS8uFulvg==",
            "content_md5": "2bfbc25f6fafd834cc83f8f38c25bc4a",
            "content_sha1": "ed713af7b831be439b165fb672ba3e06264fb6e2",
            "content_sha256": "be7bb2ef5d390494ad016f32c6477bc6bb8dc5cffab9bd9c257db8c26d120828",
            "content_sha512": "e1797d4dd1d60e91a39fcb2c6d2a310aa723b107ed115c7741601dfad6ad881a462005a210ca177d9af7a834963c268d30ec9b7fb8e9d82506c244bcb85ba5be",
            "directory_permission": "0777",
            "file_permission": "0777",
            "filename": "productos-hnsv.txt",
            "id": "ed713af7b831be439b165fb672ba3e06264fb6e2",
            "sensitive_content": null,
            "source": null
          },
          "sensitive_attributes": [
            [
              {
                "type": "get_attr",
                "value": "sensitive_content"
              }
            ]
          ],
          "dependencies": [
            "random_string.sufijo"
          ]
        },
        {
          "index_key": 72,
          "schema_version": 0,
          "attributes": {
            "content": "lista de productos para el siguiente mes",
            "content_base64": null,
            "content_base64sha256": "vnuy7105BJStAW8yxkd7xruNxc/6ub2cJX24wm0SCCg=",
            "content_base64sha512": "4Xl9TdHWDpGjn8ssbSoxCqcjsQftEVx3QWAd+tatiBpGIAWiEMoXfZr3qDSWPCaNMOybf7jp2CUGwkS8uFulvg==",
            "content_md5": "2bfbc25f6fafd834cc83f8f38c25bc4a",
            "content_sha1": "ed713af7b831be439b165fb672ba3e06264fb6e2",
            "content_sha256": "be7bb2ef5d390494ad016f32c6477bc6bb8dc5cffab9bd9c257db8c26d120828",
            "content_sha512": "e1797d4dd1d60e91a39fcb2c6d2a310aa723b107ed115c7741601dfad6ad881a462005a210ca177d9af7a834963c268d30ec9b7fb8e9d82506c244bcb85ba5be",
            "directory_permission": "0777",
            "file_permission": "0777",
            "filename": "productos-ffon.txt",
            "id": "ed713af7b831be439b165fb672ba3e06264fb6e2",
            "sensitive_content": null,
            "source": null
          },
          "sensitive_attributes": [
            [
              {
                "type": "get_attr",
                "value": "sensitive_content"
              }
            ]
          ],
          "dependencies": [
            "random_string.sufijo"
          ]
        },
        {
          "index_key": 73,
          "schema_version": 0,
          "attributes": {
            "content": "lista de productos para el siguiente mes",
            "content_base64": null,
            "content_base64sha256": "vnuy7105BJStAW8yxkd7xruNxc/6ub2cJX24wm0SCCg=",
            "content_base64sha512": "4Xl9TdHWDpGjn8ssbSoxCqcjsQftEVx3QWAd+tatiBpGIAWiEMoXfZr3qDSWPCaNMOybf7jp2CUGwkS8uFulvg==",
            "content_md5": "2bfbc25f6fafd834cc83f8f38c25bc4a",
            "content_sha1": "ed713af7b831be439b165fb672ba3e06264fb6e2",
            "content_sha256": "be7bb2ef5d390494ad016f32c6477bc6bb8dc5cffab9bd9c257db8c26d120828",
            "content_sha512": "e1797d4dd1d60e91a39fcb2c6d2a310aa723b107ed115c7741601dfad6ad881a462005a210ca177d9af7a834963c268d30ec9b7fb8e9d82506c244bcb85ba5be",
            "directory_permission": "0777",
            "file_permission": "0777",
            "filename": "productos-xnmv.txt",
            "id": "ed713af7b831be439b165fb672ba3e06264fb6e2",
            "sensitive_content": null,
            "source": null
          },
          "sensitive_attributes": [
            [
              {
                "type": "get_attr",
                "value": "sensitive_content"
              }
            ]
          ],
          "dependencies": [
            "random_string.sufijo"
          ]
        },
        {
          "index_key": 74,
          "schema_version": 0,
          "attributes": {
            "content": "lista de productos para el siguiente mes",
            "content_base64": null,
            "content_base64sha256": "vnuy7105BJStAW8yxkd7xruNxc/6ub2cJX24wm0SCCg=",
            "content_base64sha512": "4Xl9TdHWDpGjn8ssbSoxCqcjsQftEVx3QWAd+tatiBpGIAWiEMoXfZr3qDSWPCaNMOybf7jp2CUGwkS8uFulvg==",
            "content_md5": "2bfbc25f6fafd834cc83f8f38c25bc4a",
            "content_sha1": "ed713af7b831be439b165fb672ba3e06264fb6e2",
            "content_sha256": "be7bb2ef5d390494ad016f32c6477bc6bb8dc5cffab9bd9c257db8c26d120828",
            "content_sha512": "e1797d4dd1d60e91a39fcb2c6d2a310aa723b107ed115c7741601dfad6ad881a462005a210ca177d9af7a834963c268d30ec9b7fb8e9d82506c244bcb85ba5be",
            "directory_permission": "0777",
            "file_permission": "0777",
            "filename": "productos-wrvo.txt",
            "id": "ed713af7b831be439b165fb672ba3e06264fb6e2",
            "sensitive_content": null,
            "source": null
          },
          "sensitive_attributes": [
            [
              {
                "type": "get_attr",
                "value": "sensitive_content"
              }
            ]
          ],
          "dependencies": [
            "random_string.sufijo"
          ]
        },
        {
          "index_key": 75,
          "schema_version": 0,
          "attributes": {
            "content": "lista de productos para el siguiente mes",
            "content_base64": null,
            "content_base64sha256": "vnuy7105BJStAW8yxkd7xruNxc/6ub2cJX24wm0SCCg=",
            "content_base64sha512": "4Xl9TdHWDpGjn8ssbSoxCqcjsQftEVx3QWAd+tatiBpGIAWiEMoXfZr3qDSWPCaNMOybf7jp2CUGwkS8uFulvg==",
            "content_md5": "2bfbc25f6fafd834cc83f8f38c25bc4a",
            "content_sha1": "ed713af7b831be439b165fb672ba3e06264fb6e2",
            "content_sha256": "be7bb2ef5d390494ad016f32c6477bc6bb8dc5cffab9bd9c257db8c26d120828",
            "content_sha512": "e1797d4dd1d60e91a39fcb2c6d2a310aa723b107ed115c7741601dfad6ad881a462005a210ca177d9af7a834963c268d30ec9b7fb8e9d82506c244bcb85ba5be",
            "directory_permission": "0777",
            "file_permission": "0777",
            "filename": "productos-bshu.txt",
            "id": "ed713af7b831be439b165fb672ba3e06264fb6e2",
            "sensitive_content": null,
            "source": null
          },
          "sensitive_attributes": [
            [
              {
                "type": "get_attr",
                "value": "sensitive_content"
              }
            ]
          ],
          "dependencies": [
            "random_string.sufijo"
          ]
        },
        {
          "index_key": 76,
          "schema_version": 0,
          "attributes": {
            "content": "lista de productos para el siguiente mes",
            "content_base64": null,
            "content_base64sha256": "vnuy7105BJStAW8yxkd7xruNxc/6ub2cJX24wm0SCCg=",
            "content_base64sha512": "4Xl9TdHWDpGjn8ssbSoxCqcjsQftEVx3QWAd+tatiBpGIAWiEMoXfZr3qDSWPCaNMOybf7jp2CUGwkS8uFulvg==",
            "content_md5": "2bfbc25f6fafd834cc83f8f38c25bc4a",
            "content_sha1": "ed713af7b831be439b165fb672ba3e06264fb6e2",
            "content_sha256": "be7bb2ef5d390494ad016f32c6477bc6bb8dc5cffab9bd9c257db8c26d120828",
            "content_sha512": "e1797d4dd1d60e91a39fcb2c6d2a310aa723b107ed115c7741601dfad6ad881a462005a210ca177d9af7a834963c268d30ec9b7fb8e9d82506c244bcb85ba5be",
            "directory_permission": "0777",
            "file_permission": "0777",
            "filename": "productos-dbkr.txt",
            "id": "ed713af7b831be439b165fb672ba3e06264fb6e2",
            "sensitive_content": null,
            "source": null
          },
          "sensitive_attributes": [
            [
              {
                "type": "get_attr",
                "value": "sensitive_content"
              }
            ]
          ],
          "dependencies": [
            "random_string.sufijo"
          ]
        },
        {
          "index_key": 77,
          "schema_version": 0,
          "attributes": {
            "content": "lista de productos para el siguiente mes",
            "content_base64": null,
            "content_base64sha256": "vnuy7105BJStAW8yxkd7xruNxc/6ub2cJX24wm0SCCg=",
            "content_base64sha512": "4Xl9TdHWDpGjn8ssbSoxCqcjsQftEVx3QWAd+tatiBpGIAWiEMoXfZr3qDSWPCaNMOybf7jp2CUGwkS8uFulvg==",
            "content_md5": "2bfbc25f6fafd834cc83f8f38c25bc4a",
            "content_sha1": "ed713af7b831be439b165fb672ba3e06264fb6e2",
            "content_sha256": "be7bb2ef5d390494ad016f32c6477bc6bb8dc5cffab9bd9c257db8c26d120828",
            "content_sha512": "e1797d4dd1d60e91a39fcb2c6d2a310aa723b107ed115c7741601dfad6ad881a462005a210ca177d9af7a834963c268d30ec9b7fb8e9d82506c244bcb85ba5be",
            "directory_permission": "0777",
            "file_permission": "0777",
            "filename": "productos-awdh.txt",
            "id": "ed713af7b831be439b165fb672ba3e06264fb6e2",
            "sensitive_content": null,
            "source": null
          },
          "sensitive_attributes": [
            [
              {
                "type": "get_attr",
                "value": "sensitive_content"
              }
            ]
          ],
          "dependencies": [
            "random_string.sufijo"
          ]
        },
        {
          "index_key": 78,
          "schema_version": 0,
          "attributes": {
            "content": "lista de productos para el siguiente mes",
            "content_base64": null,
            "content_base64sha256": "vnuy7105BJStAW8yxkd7xruNxc/6ub2cJX24wm0SCCg=",
            "content_base64sha512": "4Xl9TdHWDpGjn8ssbSoxCqcjsQftEVx3QWAd+tatiBpGIAWiEMoXfZr3qDSWPCaNMOybf7jp2CUGwkS8uFulvg==",
            "content_md5": "2bfbc25f6fafd834cc83f8f38c25bc4a",
            "content_sha1": "ed713af7b831be439b165fb672ba3e06264fb6e2",
            "content_sha256": "be7bb2ef5d390494ad016f32c6477bc6bb8dc5cffab9bd9c257db8c26d120828",
            "content_sha512": "e1797d4dd1d60e91a39fcb2c6d2a310aa723b107ed115c7741601dfad6ad881a462005a210ca177d9af7a834963c268d30ec9b7fb8e9d82506c244bcb85ba5be",
            "directory_permission": "0777",
            "file_permission": "0777",
            "filename": "productos-fcpr.txt",
            "id": "ed713af7b831be439b165fb672ba3e06264fb6e2",
            "sensitive_content": null,
            "source": null
          },
          "sensitive_attributes": [
            [
              {
                "type": "get_attr",
                "value": "sensitive_content"
              }
            ]
          ],
          "dependencies": [
            "random_string.sufijo"
          ]
        },
        {
          "index_key": 79,
          "schema_version": 0,
          "attributes": {
            "content": "lista de productos para el siguiente mes",
            "content_base64": null,
            "content_base64sha256": "vnuy7105BJStAW8yxkd7xruNxc/6ub2cJX24wm0SCCg=",
            "content_base64sha512": "4Xl9TdHWDpGjn8ssbSoxCqcjsQftEVx3QWAd+tatiBpGIAWiEMoXfZr3qDSWPCaNMOybf7jp2CUGwkS8uFulvg==",
            "content_md5": "2bfbc25f6fafd834cc83f8f38c25bc4a",
            "content_sha1": "ed713af7b831be439b165fb672ba3e06264fb6e2",
            "content_sha256": "be7bb2ef5d390494ad016f32c6477bc6bb8dc5cffab9bd9c257db8c26d120828",
            "content_sha512": "e1797d4dd1d60e91a39fcb2c6d2a310aa723b107ed115c7741601dfad6ad881a462005a210ca177d9af7a834963c268d30ec9b7fb8e9d82506c244bcb85ba5be",
            "directory_permission": "0777",
            "file_permission": "0777",
            "filename": "productos-vowm.txt",
            "id": "ed713af7b831be439b165fb672ba3e06264fb6e2",
            "sensitive_content": null,
            "source": null
          },
          "sensitive_attributes": [
            [
              {
                "type": "get_attr",
                "value": "sensitive_content"
              }
            ]
          ],
          "dependencies": [
            "random_string.sufijo"
          ]
        },
        {
          "index_key": 80,
          "schema_version": 0,
          "attributes": {
            "content": "lista de productos para el siguiente mes",
            "content_base64": null,
            "content_base64sha256": "vnuy7105BJStAW8yxkd7xruNxc/6ub2cJX24wm0SCCg=",
            "content_base64sha512": "4Xl9TdHWDpGjn8ssbSoxCqcjsQftEVx3QWAd+tatiBpGIAWiEMoXfZr3qDSWPCaNMOybf7jp2CUGwkS8uFulvg==",
            "content_md5": "2bfbc25f6fafd834cc83f8f38c25bc4a",
            "content_sha1": "ed713af7b831be439b165fb672ba3e06264fb6e2",
            "content_sha256": "be7bb2ef5d390494ad016f32c6477bc6bb8dc5cffab9bd9c257db8c26d120828",
            "content_sha512": "e1797d4dd1d60e91a39fcb2c6d2a310aa723b107ed115c7741601dfad6ad881a462005a210ca177d9af7a834963c268d30ec9b7fb8e9d82506c244bcb85ba5be",
            "directory_permission": "0777",
            "file_permission": "0777",
            "filename": "productos-llcj.txt",
            "id": "ed713af7b831be439b165fb672ba3e06264fb6e2",
            "sensitive_content": null,
            "source": null
          },
          "sensitive_attributes": [
            [
              {
                "type": "get_attr",
                "value": "sensitive_content"
              }
            ]
          ],
          "dependencies": [
            "random_string.sufijo"
          ]
        },
        {
          "index_key": 81,
          "schema_version": 0,
          "attributes": {
            "content": "lista de productos para el siguiente mes",
            "content_base64": null,
            "content_base64sha256": "vnuy7105BJStAW8yxkd7xruNxc/6ub2cJX24wm0SCCg=",
            "content_base64sha512": "4Xl9TdHWDpGjn8ssbSoxCqcjsQftEVx3QWAd+tatiBpGIAWiEMoXfZr3qDSWPCaNMOybf7jp2CUGwkS8uFulvg==",
            "content_md5": "2bfbc25f6fafd834cc83f8f38c25bc4a",
            "content_sha1": "ed713af7b831be439b165fb672ba3e06264fb6e2",
            "content_sha256": "be7bb2ef5d390494ad016f32c6477bc6bb8dc5cffab9bd9c257db8c26d120828",
            "content_sha512": "e1797d4dd1d60e91a39fcb2c6d2a310aa723b107ed115c7741601dfad6ad881a462005a210ca177d9af7a834963c268d30ec9b7fb8e9d82506c244bcb85ba5be",
            "directory_permission": "0777",
            "file_permission": "0777",
            "filename": "productos-ijnl.txt",
            "id": "ed713af7b831be439b165fb672ba3e06264fb6e2",
            "sensitive_content": null,
            "source": null
          },
          "sensitive_attributes": [
            [
              {
                "type": "get_attr",
                "value": "sensitive_content"
              }
            ]
          ],
          "dependencies": [
            "random_string.sufijo"
          ]
        },
        {
          "index_key": 82,
          "schema_version": 0,
          "attributes": {
            "content": "lista de productos para el siguiente mes",
            "content_base64": null,
            "content_base64sha256": "vnuy7105BJStAW8yxkd7xruNxc/6ub2cJX24wm0SCCg=",
            "content_base64sha512": "4Xl9TdHWDpGjn8ssbSoxCqcjsQftEVx3QWAd+tatiBpGIAWiEMoXfZr3qDSWPCaNMOybf7jp2CUGwkS8uFulvg==",
            "content_md5": "2bfbc25f6fafd834cc83f8f38c25bc4a",
            "content_sha1": "ed713af7b831be439b165fb672ba3e06264fb6e2",
            "content_sha256": "be7bb2ef5d390494ad016f32c6477bc6bb8dc5cffab9bd9c257db8c26d120828",
            "content_sha512": "e1797d4dd1d60e91a39fcb2c6d2a310aa723b107ed115c7741601dfad6ad881a462005a210ca177d9af7a834963c268d30ec9b7fb8e9d82506c244bcb85ba5be",
            "directory_permission": "0777",
            "file_permission": "0777",
            "filename": "productos-kqmx.txt",
            "id": "ed713af7b831be439b165fb672ba3e06264fb6e2",
            "sensitive_content": null,
            "source": null
          },
          "sensitive_attributes": [
            [
              {
                "type": "get_attr",
                "value": "sensitive_content"
              }
            ]
          ],
          "dependencies": [
            "random_string.sufijo"
          ]
        },
        {
          "index_key": 83,
          "schema_version": 0,
          "attributes": {
            "content": "lista de productos para el siguiente mes",
            "content_base64": null,
            "content_base64sha256": "vnuy7105BJStAW8yxkd7xruNxc/6ub2cJX24wm0SCCg=",
            "content_base64sha512": "4Xl9TdHWDpGjn8ssbSoxCqcjsQftEVx3QWAd+tatiBpGIAWiEMoXfZr3qDSWPCaNMOybf7jp2CUGwkS8uFulvg==",
            "content_md5": "2bfbc25f6fafd834cc83f8f38c25bc4a",
            "content_sha1": "ed713af7b831be439b165fb672ba3e06264fb6e2",
            "content_sha256": "be7bb2ef5d390494ad016f32c6477bc6bb8dc5cffab9bd9c257db8c26d120828",
            "content_sha512": "e1797d4dd1d60e91a39fcb2c6d2a310aa723b107ed115c7741601dfad6ad881a462005a210ca177d9af7a834963c268d30ec9b7fb8e9d82506c244bcb85ba5be",
            "directory_permission": "0777",
            "file_permission": "0777",
            "filename": "productos-hluv.txt",
            "id": "ed713af7b831be439b165fb672ba3e06264fb6e2",
            "sensitive_content": null,
            "source": null
          },
          "sensitive_attributes": [
            [
              {
                "type": "get_attr",
                "value": "sensitive_content"
              }
            ]
          ],
          "dependencies": [
            "random_string.sufijo"
          ]
        },
        {
          "index_key": 84,
          "schema_version": 0,
          "attributes": {
            "content": "lista de productos para el siguiente mes",
            "content_base64": null,
            "content_base64sha256": "vnuy7105BJStAW8yxkd7xruNxc/6ub2cJX24wm0SCCg=",
            "content_base64sha512": "4Xl9TdHWDpGjn8ssbSoxCqcjsQftEVx3QWAd+tatiBpGIAWiEMoXfZr3qDSWPCaNMOybf7jp2CUGwkS8uFulvg==",
            "content_md5": "2bfbc25f6fafd834cc83f8f38c25bc4a",
            "content_sha1": "ed713af7b831be439b165fb672ba3e06264fb6e2",
            "content_sha256": "be7bb2ef5d390494ad016f32c6477bc6bb8dc5cffab9bd9c257db8c26d120828",
            "content_sha512": "e1797d4dd1d60e91a39fcb2c6d2a310aa723b107ed115c7741601dfad6ad881a462005a210ca177d9af7a834963c268d30ec9b7fb8e9d82506c244bcb85ba5be",
            "directory_permission": "0777",
            "file_permission": "0777",
            "filename": "productos-habn.txt",
            "id": "ed713af7b831be439b165fb672ba3e06264fb6e2",
            "sensitive_content": null,
            "source": null
          },
          "sensitive_attributes": [
            [
              {
                "type": "get_attr",
                "value": "sensitive_content"
              }
            ]
          ],
          "dependencies": [
            "random_string.sufijo"
          ]
        },
        {
          "index_key": 85,
          "schema_version": 0,
          "attributes": {
            "content": "lista de productos para el siguiente mes",
            "content_base64": null,
            "content_base64sha256": "vnuy7105BJStAW8yxkd7xruNxc/6ub2cJX24wm0SCCg=",
            "content_base64sha512": "4Xl9TdHWDpGjn8ssbSoxCqcjsQftEVx3QWAd+tatiBpGIAWiEMoXfZr3qDSWPCaNMOybf7jp2CUGwkS8uFulvg==",
            "content_md5": "2bfbc25f6fafd834cc83f8f38c25bc4a",
            "content_sha1": "ed713af7b831be439b165fb672ba3e06264fb6e2",
            "content_sha256": "be7bb2ef5d390494ad016f32c6477bc6bb8dc5cffab9bd9c257db8c26d120828",
            "content_sha512": "e1797d4dd1d60e91a39fcb2c6d2a310aa723b107ed115c7741601dfad6ad881a462005a210ca177d9af7a834963c268d30ec9b7fb8e9d82506c244bcb85ba5be",
            "directory_permission": "0777",
            "file_permission": "0777",
            "filename": "productos-axlb.txt",
            "id": "ed713af7b831be439b165fb672ba3e06264fb6e2",
            "sensitive_content": null,
            "source": null
          },
          "sensitive_attributes": [
            [
              {
                "type": "get_attr",
                "value": "sensitive_content"
              }
            ]
          ],
          "dependencies": [
            "random_string.sufijo"
          ]
        },
        {
          "index_key": 86,
          "schema_version": 0,
          "attributes": {
            "content": "lista de productos para el siguiente mes",
            "content_base64": null,
            "content_base64sha256": "vnuy7105BJStAW8yxkd7xruNxc/6ub2cJX24wm0SCCg=",
            "content_base64sha512": "4Xl9TdHWDpGjn8ssbSoxCqcjsQftEVx3QWAd+tatiBpGIAWiEMoXfZr3qDSWPCaNMOybf7jp2CUGwkS8uFulvg==",
            "content_md5": "2bfbc25f6fafd834cc83f8f38c25bc4a",
            "content_sha1": "ed713af7b831be439b165fb672ba3e06264fb6e2",
            "content_sha256": "be7bb2ef5d390494ad016f32c6477bc6bb8dc5cffab9bd9c257db8c26d120828",
            "content_sha512": "e1797d4dd1d60e91a39fcb2c6d2a310aa723b107ed115c7741601dfad6ad881a462005a210ca177d9af7a834963c268d30ec9b7fb8e9d82506c244bcb85ba5be",
            "directory_permission": "0777",
            "file_permission": "0777",
            "filename": "productos-fnyl.txt",
            "id": "ed713af7b831be439b165fb672ba3e06264fb6e2",
            "sensitive_content": null,
            "source": null
          },
          "sensitive_attributes": [
            [
              {
                "type": "get_attr",
                "value": "sensitive_content"
              }
            ]
          ],
          "dependencies": [
            "random_string.sufijo"
          ]
        },
        {
          "index_key": 87,
          "schema_version": 0,
          "attributes": {
            "content": "lista de productos para el siguiente mes",
            "content_base64": null,
            "content_base64sha256": "vnuy7105BJStAW8yxkd7xruNxc/6ub2cJX24wm0SCCg=",
            "content_base64sha512": "4Xl9TdHWDpGjn8ssbSoxCqcjsQftEVx3QWAd+tatiBpGIAWiEMoXfZr3qDSWPCaNMOybf7jp2CUGwkS8uFulvg==",
            "content_md5": "2bfbc25f6fafd834cc83f8f38c25bc4a",
            "content_sha1": "ed713af7b831be439b165fb672ba3e06264fb6e2",
            "content_sha256": "be7bb2ef5d390494ad016f32c6477bc6bb8dc5cffab9bd9c257db8c26d120828",
            "content_sha512": "e1797d4dd1d60e91a39fcb2c6d2a310aa723b107ed115c7741601dfad6ad881a462005a210ca177d9af7a834963c268d30ec9b7fb8e9d82506c244bcb85ba5be",
            "directory_permission": "0777",
            "file_permission": "0777",
            "filename": "productos-uvdn.txt",
            "id": "ed713af7b831be439b165fb672ba3e06264fb6e2",
            "sensitive_content": null,
            "source": null
          },
          "sensitive_attributes": [
            [
              {
                "type": "get_attr",
                "value": "sensitive_content"
              }
            ]
          ],
          "dependencies": [
            "random_string.sufijo"
          ]
        },
        {
          "index_key": 88,
          "schema_version": 0,
          "attributes": {
            "content": "lista de productos para el siguiente mes",
            "content_base64": null,
            "content_base64sha256": "vnuy7105BJStAW8yxkd7xruNxc/6ub2cJX24wm0SCCg=",
            "content_base64sha512": "4Xl9TdHWDpGjn8ssbSoxCqcjsQftEVx3QWAd+tatiBpGIAWiEMoXfZr3qDSWPCaNMOybf7jp2CUGwkS8uFulvg==",
            "content_md5": "2bfbc25f6fafd834cc83f8f38c25bc4a",
            "content_sha1": "ed713af7b831be439b165fb672ba3e06264fb6e2",
            "content_sha256": "be7bb2ef5d390494ad016f32c6477bc6bb8dc5cffab9bd9c257db8c26d120828",
            "content_sha512": "e1797d4dd1d60e91a39fcb2c6d2a310aa723b107ed115c7741601dfad6ad881a462005a210ca177d9af7a834963c268d30ec9b7fb8e9d82506c244bcb85ba5be",
            "directory_permission": "0777",
            "file_permission": "0777",
            "filename": "productos-rbtm.txt",
            "id": "ed713af7b831be439b165fb672ba3e06264fb6e2",
            "sensitive_content": null,
            "source": null
          },
          "sensitive_attributes": [
            [
              {
                "type": "get_attr",
                "value": "sensitive_content"
              }
            ]
          ],
          "dependencies": [
            "random_string.sufijo"
          ]
        },
        {
          "index_key": 89,
          "schema_version": 0,
          "attributes": {
            "content": "lista de productos para el siguiente mes",
            "content_base64": null,
            "content_base64sha256": "vnuy7105BJStAW8yxkd7xruNxc/6ub2cJX24wm0SCCg=",
            "content_base64sha512": "4Xl9TdHWDpGjn8ssbSoxCqcjsQftEVx3QWAd+tatiBpGIAWiEMoXfZr3qDSWPCaNMOybf7jp2CUGwkS8uFulvg==",
            "content_md5": "2bfbc25f6fafd834cc83f8f38c25bc4a",
            "content_sha1": "ed713af7b831be439b165fb672ba3e06264fb6e2",
            "content_sha256": "be7bb2ef5d390494ad016f32c6477bc6bb8dc5cffab9bd9c257db8c26d120828",
            "content_sha512": "e1797d4dd1d60e91a39fcb2c6d2a310aa723b107ed115c7741601dfad6ad881a462005a210ca177d9af7a834963c268d30ec9b7fb8e9d82506c244bcb85ba5be",
            "directory_permission": "0777",
            "file_permission": "0777",
            "filename": "productos-hrjb.txt",
            "id": "ed713af7b831be439b165fb672ba3e06264fb6e2",
            "sensitive_content": null,
            "source": null
          },
          "sensitive_attributes": [
            [
              {
                "type": "get_attr",
                "value": "sensitive_content"
              }
            ]
          ],
          "dependencies": [
            "random_string.sufijo"
          ]
        }
      ]
    },
    {
      "mode": "managed",
      "type": "random_string",
      "name": "sufijo",
      "provider": "provider[\"registry.terraform.io/hashicorp/random\"]",
      "instances": [
        {
          "index_key": 0,
          "schema_version": 2,
          "attributes": {
            "id": "ugfr",
            "keepers": null,
            "length": 4,
            "lower": true,
            "min_lower": 0,
            "min_numeric": 0,
            "min_special": 0,
            "min_upper": 0,
            "number": false,
            "numeric": false,
            "override_special": null,
            "result": "ugfr",
            "special": false,
            "upper": false
          },
          "sensitive_attributes": []
        },
        {
          "index_key": 1,
          "schema_version": 2,
          "attributes": {
            "id": "wblv",
            "keepers": null,
            "length": 4,
            "lower": true,
            "min_lower": 0,
            "min_numeric": 0,
            "min_special": 0,
            "min_upper": 0,
            "number": false,
            "numeric": false,
            "override_special": null,
            "result": "wblv",
            "special": false,
            "upper": false
          },
          "sensitive_attributes": []
        },
        {
          "index_key": 2,
          "schema_version": 2,
          "attributes": {
            "id": "nyvy",
            "keepers": null,
            "length": 4,
            "lower": true,
            "min_lower": 0,
            "min_numeric": 0,
            "min_special": 0,
            "min_upper": 0,
            "number": false,
            "numeric": false,
            "override_special": null,
            "result": "nyvy",
            "special": false,
            "upper": false
          },
          "sensitive_attributes": []
        },
        {
          "index_key": 3,
          "schema_version": 2,
          "attributes": {
            "id": "fcvp",
            "keepers": null,
            "length": 4,
            "lower": true,
            "min_lower": 0,
            "min_numeric": 0,
            "min_special": 0,
            "min_upper": 0,
            "number": false,
            "numeric": false,
            "override_special": null,
            "result": "fcvp",
            "special": false,
            "upper": false
          },
          "sensitive_attributes": []
        },
        {
          "index_key": 4,
          "schema_version": 2,
          "attributes": {
            "id": "ackz",
            "keepers": null,
            "length": 4,
            "lower": true,
            "min_lower": 0,
            "min_numeric": 0,
            "min_special": 0,
            "min_upper": 0,
            "number": false,
            "numeric": false,
            "override_special": null,
            "result": "ackz",
            "special": false,
            "upper": false
          },
          "sensitive_attributes": []
        },
        {
          "index_key": 5,
          "schema_version": 2,
          "attributes": {
            "id": "ujte",
            "keepers": null,
            "length": 4,
            "lower": true,
            "min_lower": 0,
            "min_numeric": 0,
            "min_special": 0,
            "min_upper": 0,
            "number": false,
            "numeric": false,
            "override_special": null,
            "result": "ujte",
            "special": false,
            "upper": false
          },
          "sensitive_attributes": []
        },
        {
          "index_key": 6,
          "schema_version": 2,
          "attributes": {
            "id": "vacx",
            "keepers": null,
            "length": 4,
            "lower": true,
            "min_lower": 0,
            "min_numeric": 0,
            "min_special": 0,
            "min_upper": 0,
            "number": false,
            "numeric": false,
            "override_special": null,
            "result": "vacx",
            "special": false,
            "upper": false
          },
          "sensitive_attributes": []
        },
        {
          "index_key": 7,
          "schema_version": 2,
          "attributes": {
            "id": "reji",
            "keepers": null,
            "length": 4,
            "lower": true,
            "min_lower": 0,
            "min_numeric": 0,
            "min_special": 0,
            "min_upper": 0,
            "number": false,
            "numeric": false,
            "override_special": null,
            "result": "reji",
            "special": false,
            "upper": false
          },
          "sensitive_attributes": []
        },
        {
          "index_key": 8,
          "schema_version": 2,
          "attributes": {
            "id": "zfxj",
            "keepers": null,
            "length": 4,
            "lower": true,
            "min_lower": 0,
            "min_numeric": 0,
            "min_special": 0,
            "min_upper": 0,
            "number": false,
            "numeric": false,
            "override_special": null,
            "result": "zfxj",
            "special": false,
            "upper": false
          },
          "sensitive_attributes": []
        },
        {
          "index_key": 9,
          "schema_version": 2,
          "attributes": {
            "id": "tkqo",
            "keepers": null,
            "length": 4,
            "lower": true,
            "min_lower": 0,
            "min_numeric": 0,
            "min_special": 0,
            "min_upper": 0,
            "number": false,
            "numeric": false,
            "override_special": null,
            "result": "tkqo",
            "special": false,
            "upper": false
          },
          "sensitive_attributes": []
        },
        {
          "index_key": 10,
          "schema_version": 2,
          "attributes": {
            "id": "bvee",
            "keepers": null,
            "length": 4,
            "lower": true,
            "min_lower": 0,
            "min_numeric": 0,
            "min_special": 0,
            "min_upper": 0,
            "number": false,
            "numeric": false,
            "override_special": null,
            "result": "bvee",
            "special": false,
            "upper": false
          },
          "sensitive_attributes": []
        },
        {
          "index_key": 11,
          "schema_version": 2,
          "attributes": {
            "id": "bzpb",
            "keepers": null,
            "length": 4,
            "lower": true,
            "min_lower": 0,
            "min_numeric": 0,
            "min_special": 0,
            "min_upper": 0,
            "number": false,
            "numeric": false,
            "override_special": null,
            "result": "bzpb",
            "special": false,
            "upper": false
          },
          "sensitive_attributes": []
        },
        {
          "index_key": 12,
          "schema_version": 2,
          "attributes": {
            "id": "rvxg",
            "keepers": null,
            "length": 4,
            "lower": true,
            "min_lower": 0,
            "min_numeric": 0,
            "min_special": 0,
            "min_upper": 0,
            "number": false,
            "numeric": false,
            "override_special": null,
            "result": "rvxg",
            "special": false,
            "upper": false
          },
          "sensitive_attributes": []
        },
        {
          "index_key": 13,
          "schema_version": 2,
          "attributes": {
            "id": "hcsd",
            "keepers": null,
            "length": 4,
            "lower": true,
            "min_lower": 0,
            "min_numeric": 0,
            "min_special": 0,
            "min_upper": 0,
            "number": false,
            "numeric": false,
            "override_special": null,
            "result": "hcsd",
            "special": false,
            "upper": false
          },
          "sensitive_attributes": []
        },
        {
          "index_key": 14,
          "schema_version": 2,
          "attributes": {
            "id": "clak",
            "keepers": null,
            "length": 4,
            "lower": true,
            "min_lower": 0,
            "min_numeric": 0,
            "min_special": 0,
            "min_upper": 0,
            "number": false,
            "numeric": false,
            "override_special": null,
            "result": "clak",
            "special": false,
            "upper": false
          },
          "sensitive_attributes": []
        },
        {
          "index_key": 15,
          "schema_version": 2,
          "attributes": {
            "id": "uxus",
            "keepers": null,
            "length": 4,
            "lower": true,
            "min_lower": 0,
            "min_numeric": 0,
            "min_special": 0,
            "min_upper": 0,
            "number": false,
            "numeric": false,
            "override_special": null,
            "result": "uxus",
            "special": false,
            "upper": false
          },
          "sensitive_attributes": []
        },
        {
          "index_key": 16,
          "schema_version": 2,
          "attributes": {
            "id": "iosd",
            "keepers": null,
            "length": 4,
            "lower": true,
            "min_lower": 0,
            "min_numeric": 0,
            "min_special": 0,
            "min_upper": 0,
            "number": false,
            "numeric": false,
            "override_special": null,
            "result": "iosd",
            "special": false,
            "upper": false
          },
          "sensitive_attributes": []
        },
        {
          "index_key": 17,
          "schema_version": 2,
          "attributes": {
            "id": "wyon",
            "keepers": null,
            "length": 4,
            "lower": true,
            "min_lower": 0,
            "min_numeric": 0,
            "min_special": 0,
            "min_upper": 0,
            "number": false,
            "numeric": false,
            "override_special": null,
            "result": "wyon",
            "special": false,
            "upper": false
          },
          "sensitive_attributes": []
        },
        {
          "index_key": 18,
          "schema_version": 2,
          "attributes": {
            "id": "ctsn",
            "keepers": null,
            "length": 4,
            "lower": true,
            "min_lower": 0,
            "min_numeric": 0,
            "min_special": 0,
            "min_upper": 0,
            "number": false,
            "numeric": false,
            "override_special": null,
            "result": "ctsn",
            "special": false,
            "upper": false
          },
          "sensitive_attributes": []
        },
        {
          "index_key": 19,
          "schema_version": 2,
          "attributes": {
            "id": "lmlh",
            "keepers": null,
            "length": 4,
            "lower": true,
            "min_lower": 0,
            "min_numeric": 0,
            "min_special": 0,
            "min_upper": 0,
            "number": false,
            "numeric": false,
            "override_special": null,
            "result": "lmlh",
            "special": false,
            "upper": false
          },
          "sensitive_attributes": []
        },
        {
          "index_key": 20,
          "schema_version": 2,
          "attributes": {
            "id": "hyyv",
            "keepers": null,
            "length": 4,
            "lower": true,
            "min_lower": 0,
            "min_numeric": 0,
            "min_special": 0,
            "min_upper": 0,
            "number": false,
            "numeric": false,
            "override_special": null,
            "result": "hyyv",
            "special": false,
            "upper": false
          },
          "sensitive_attributes": []
        },
        {
          "index_key": 21,
          "schema_version": 2,
          "attributes": {
            "id": "yvcz",
            "keepers": null,
            "length": 4,
            "lower": true,
            "min_lower": 0,
            "min_numeric": 0,
            "min_special": 0,
            "min_upper": 0,
            "number": false,
            "numeric": false,
            "override_special": null,
            "result": "yvcz",
            "special": false,
            "upper": false
          },
          "sensitive_attributes": []
        },
        {
          "index_key": 22,
          "schema_version": 2,
          "attributes": {
            "id": "nuih",
            "keepers": null,
            "length": 4,
            "lower": true,
            "min_lower": 0,
            "min_numeric": 0,
            "min_special": 0,
            "min_upper": 0,
            "number": false,
            "numeric": false,
            "override_special": null,
            "result": "nuih",
            "special": false,
            "upper": false
          },
          "sensitive_attributes": []
        },
        {
          "index_key": 23,
          "schema_version": 2,
          "attributes": {
            "id": "xlks",
            "keepers": null,
            "length": 4,
            "lower": true,
            "min_lower": 0,
            "min_numeric": 0,
            "min_special": 0,
            "min_upper": 0,
            "number": false,
            "numeric": false,
            "override_special": null,
            "result": "xlks",
            "special": false,
            "upper": false
          },
          "sensitive_attributes": []
        },
        {
          "index_key": 24,
          "schema_version": 2,
          "attributes": {
            "id": "lvdg",
            "keepers": null,
            "length": 4,
            "lower": true,
            "min_lower": 0,
            "min_numeric": 0,
            "min_special": 0,
            "min_upper": 0,
            "number": false,
            "numeric": false,
            "override_special": null,
            "result": "lvdg",
            "special": false,
            "upper": false
          },
          "sensitive_attributes": []
        },
        {
          "index_key": 25,
          "schema_version": 2,
          "attributes": {
            "id": "bhst",
            "keepers": null,
            "length": 4,
            "lower": true,
            "min_lower": 0,
            "min_numeric": 0,
            "min_special": 0,
            "min_upper": 0,
            "number": false,
            "numeric": false,
            "override_special": null,
            "result": "bhst",
            "special": false,
            "upper": false
          },
          "sensitive_attributes": []
        },
        {
          "index_key": 26,
          "schema_version": 2,
          "attributes": {
            "id": "vttn",
            "keepers": null,
            "length": 4,
            "lower": true,
            "min_lower": 0,
            "min_numeric": 0,
            "min_special": 0,
            "min_upper": 0,
            "number": false,
            "numeric": false,
            "override_special": null,
            "result": "vttn",
            "special": false,
            "upper": false
          },
          "sensitive_attributes": []
        },
        {
          "index_key": 27,
          "schema_version": 2,
          "attributes": {
            "id": "dqwr",
            "keepers": null,
            "length": 4,
            "lower": true,
            "min_lower": 0,
            "min_numeric": 0,
            "min_special": 0,
            "min_upper": 0,
            "number": false,
            "numeric": false,
            "override_special": null,
            "result": "dqwr",
            "special": false,
            "upper": false
          },
          "sensitive_attributes": []
        },
        {
          "index_key": 28,
          "schema_version": 2,
          "attributes": {
            "id": "mrbg",
            "keepers": null,
            "length": 4,
            "lower": true,
            "min_lower": 0,
            "min_numeric": 0,
            "min_special": 0,
            "min_upper": 0,
            "number": false,
            "numeric": false,
            "override_special": null,
            "result": "mrbg",
            "special": false,
            "upper": false
          },
          "sensitive_attributes": []
        },
        {
          "index_key": 29,
          "schema_version": 2,
          "attributes": {
            "id": "qyku",
            "keepers": null,
            "length": 4,
            "lower": true,
            "min_lower": 0,
            "min_numeric": 0,
            "min_special": 0,
            "min_upper": 0,
            "number": false,
            "numeric": false,
            "override_special": null,
            "result": "qyku",
            "special": false,
            "upper": false
          },
          "sensitive_attributes": []
        },
        {
          "index_key": 30,
          "schema_version": 2,
          "attributes": {
            "id": "mmex",
            "keepers": null,
            "length": 4,
            "lower": true,
            "min_lower": 0,
            "min_numeric": 0,
            "min_special": 0,
            "min_upper": 0,
            "number": false,
            "numeric": false,
            "override_special": null,
            "result": "mmex",
            "special": false,
            "upper": false
          },
          "sensitive_attributes": []
        },
        {
          "index_key": 31,
          "schema_version": 2,
          "attributes": {
            "id": "beyd",
            "keepers": null,
            "length": 4,
            "lower": true,
            "min_lower": 0,
            "min_numeric": 0,
            "min_special": 0,
            "min_upper": 0,
            "number": false,
            "numeric": false,
            "override_special": null,
            "result": "beyd",
            "special": false,
            "upper": false
          },
          "sensitive_attributes": []
        },
        {
          "index_key": 32,
          "schema_version": 2,
          "attributes": {
            "id": "hweo",
            "keepers": null,
            "length": 4,
            "lower": true,
            "min_lower": 0,
            "min_numeric": 0,
            "min_special": 0,
            "min_upper": 0,
            "number": false,
            "numeric": false,
            "override_special": null,
            "result": "hweo",
            "special": false,
            "upper": false
          },
          "sensitive_attributes": []
        },
        {
          "index_key": 33,
          "schema_version": 2,
          "attributes": {
            "id": "licm",
            "keepers": null,
            "length": 4,
            "lower": true,
            "min_lower": 0,
            "min_numeric": 0,
            "min_special": 0,
            "min_upper": 0,
            "number": false,
            "numeric": false,
            "override_special": null,
            "result": "licm",
            "special": false,
            "upper": false
          },
          "sensitive_attributes": []
        },
        {
          "index_key": 34,
          "schema_version": 2,
          "attributes": {
            "id": "kznm",
            "keepers": null,
            "length": 4,
            "lower": true,
            "min_lower": 0,
            "min_numeric": 0,
            "min_special": 0,
            "min_upper": 0,
            "number": false,
            "numeric": false,
            "override_special": null,
            "result": "kznm",
            "special": false,
            "upper": false
          },
          "sensitive_attributes": []
        },
        {
          "index_key": 35,
          "schema_version": 2,
          "attributes": {
            "id": "cyqp",
            "keepers": null,
            "length": 4,
            "lower": true,
            "min_lower": 0,
            "min_numeric": 0,
            "min_special": 0,
            "min_upper": 0,
            "number": false,
            "numeric": false,
            "override_special": null,
            "result": "cyqp",
            "special": false,
            "upper": false
          },
          "sensitive_attributes": []
        },
        {
          "index_key": 36,
          "schema_version": 2,
          "attributes": {
            "id": "qjwp",
            "keepers": null,
            "length": 4,
            "lower": true,
            "min_lower": 0,
            "min_numeric": 0,
            "min_special": 0,
            "min_upper": 0,
            "number": false,
            "numeric": false,
            "override_special": null,
            "result": "qjwp",
            "special": false,
            "upper": false
          },
          "sensitive_attributes": []
        },
        {
          "index_key": 37,
          "schema_version": 2,
          "attributes": {
            "id": "awge",
            "keepers": null,
            "length": 4,
            "lower": true,
            "min_lower": 0,
            "min_numeric": 0,
            "min_special": 0,
            "min_upper": 0,
            "number": false,
            "numeric": false,
            "override_special": null,
            "result": "awge",
            "special": false,
            "upper": false
          },
          "sensitive_attributes": []
        },
        {
          "index_key": 38,
          "schema_version": 2,
          "attributes": {
            "id": "rdxq",
            "keepers": null,
            "length": 4,
            "lower": true,
            "min_lower": 0,
            "min_numeric": 0,
            "min_special": 0,
            "min_upper": 0,
            "number": false,
            "numeric": false,
            "override_special": null,
            "result": "rdxq",
            "special": false,
            "upper": false
          },
          "sensitive_attributes": []
        },
        {
          "index_key": 39,
          "schema_version": 2,
          "attributes": {
            "id": "sqzb",
            "keepers": null,
            "length": 4,
            "lower": true,
            "min_lower": 0,
            "min_numeric": 0,
            "min_special": 0,
            "min_upper": 0,
            "number": false,
            "numeric": false,
            "override_special": null,
            "result": "sqzb",
            "special": false,
            "upper": false
          },
          "sensitive_attributes": []
        },
        {
          "index_key": 40,
          "schema_version": 2,
          "attributes": {
            "id": "icch",
            "keepers": null,
            "length": 4,
            "lower": true,
            "min_lower": 0,
            "min_numeric": 0,
            "min_special": 0,
            "min_upper": 0,
            "number": false,
            "numeric": false,
            "override_special": null,
            "result": "icch",
            "special": false,
            "upper": false
          },
          "sensitive_attributes": []
        },
        {
          "index_key": 41,
          "schema_version": 2,
          "attributes": {
            "id": "wbrm",
            "keepers": null,
            "length": 4,
            "lower": true,
            "min_lower": 0,
            "min_numeric": 0,
            "min_special": 0,
            "min_upper": 0,
            "number": false,
            "numeric": false,
            "override_special": null,
            "result": "wbrm",
            "special": false,
            "upper": false
          },
          "sensitive_attributes": []
        },
        {
          "index_key": 42,
          "schema_version": 2,
          "attributes": {
            "id": "uyqj",
            "keepers": null,
            "length": 4,
            "lower": true,
            "min_lower": 0,
            "min_numeric": 0,
            "min_special": 0,
            "min_upper": 0,
            "number": false,
            "numeric": false,
            "override_special": null,
            "result": "uyqj",
            "special": false,
            "upper": false
          },
          "sensitive_attributes": []
        },
        {
          "index_key": 43,
          "schema_version": 2,
          "attributes": {
            "id": "sfka",
            "keepers": null,
            "length": 4,
            "lower": true,
            "min_lower": 0,
            "min_numeric": 0,
            "min_special": 0,
            "min_upper": 0,
            "number": false,
            "numeric": false,
            "override_special": null,
            "result": "sfka",
            "special": false,
            "upper": false
          },
          "sensitive_attributes": []
        },
        {
          "index_key": 44,
          "schema_version": 2,
          "attributes": {
            "id": "gzhd",
            "keepers": null,
            "length": 4,
            "lower": true,
            "min_lower": 0,
            "min_numeric": 0,
            "min_special": 0,
            "min_upper": 0,
            "number": false,
            "numeric": false,
            "override_special": null,
            "result": "gzhd",
            "special": false,
            "upper": false
          },
          "sensitive_attributes": []
        },
        {
          "index_key": 45,
          "schema_version": 2,
          "attributes": {
            "id": "psmo",
            "keepers": null,
            "length": 4,
            "lower": true,
            "min_lower": 0,
            "min_numeric": 0,
            "min_special": 0,
            "min_upper": 0,
            "number": false,
            "numeric": false,
            "override_special": null,
            "result": "psmo",
            "special": false,
            "upper": false
          },
          "sensitive_attributes": []
        },
        {
          "index_key": 46,
          "schema_version": 2,
          "attributes": {
            "id": "eczq",
            "keepers": null,
            "length": 4,
            "lower": true,
            "min_lower": 0,
            "min_numeric": 0,
            "min_special": 0,
            "min_upper": 0,
            "number": false,
            "numeric": false,
            "override_special": null,
            "result": "eczq",
            "special": false,
            "upper": false
          },
          "sensitive_attributes": []
        },
        {
          "index_key": 47,
          "schema_version": 2,
          "attributes": {
            "id": "xbsy",
            "keepers": null,
            "length": 4,
            "lower": true,
            "min_lower": 0,
            "min_numeric": 0,
            "min_special": 0,
            "min_upper": 0,
            "number": false,
            "numeric": false,
            "override_special": null,
            "result": "xbsy",
            "special": false,
            "upper": false
          },
          "sensitive_attributes": []
        },
        {
          "index_key": 48,
          "schema_version": 2,
          "attributes": {
            "id": "ppph",
            "keepers": null,
            "length": 4,
            "lower": true,
            "min_lower": 0,
            "min_numeric": 0,
            "min_special": 0,
            "min_upper": 0,
            "number": false,
            "numeric": false,
            "override_special": null,
            "result": "ppph",
            "special": false,
            "upper": false
          },
          "sensitive_attributes": []
        },
        {
          "index_key": 49,
          "schema_version": 2,
          "attributes": {
            "id": "sjmi",
            "keepers": null,
            "length": 4,
            "lower": true,
            "min_lower": 0,
            "min_numeric": 0,
            "min_special": 0,
            "min_upper": 0,
            "number": false,
            "numeric": false,
            "override_special": null,
            "result": "sjmi",
            "special": false,
            "upper": false
          },
          "sensitive_attributes": []
        },
        {
          "index_key": 50,
          "schema_version": 2,
          "attributes": {
            "id": "qvav",
            "keepers": null,
            "length": 4,
            "lower": true,
            "min_lower": 0,
            "min_numeric": 0,
            "min_special": 0,
            "min_upper": 0,
            "number": false,
            "numeric": false,
            "override_special": null,
            "result": "qvav",
            "special": false,
            "upper": false
          },
          "sensitive_attributes": []
        },
        {
          "index_key": 51,
          "schema_version": 2,
          "attributes": {
            "id": "hkqm",
            "keepers": null,
            "length": 4,
            "lower": true,
            "min_lower": 0,
            "min_numeric": 0,
            "min_special": 0,
            "min_upper": 0,
            "number": false,
            "numeric": false,
            "override_special": null,
            "result": "hkqm",
            "special": false,
            "upper": false
          },
          "sensitive_attributes": []
        },
        {
          "index_key": 52,
          "schema_version": 2,
          "attributes": {
            "id": "mqbv",
            "keepers": null,
            "length": 4,
            "lower": true,
            "min_lower": 0,
            "min_numeric": 0,
            "min_special": 0,
            "min_upper": 0,
            "number": false,
            "numeric": false,
            "override_special": null,
            "result": "mqbv",
            "special": false,
            "upper": false
          },
          "sensitive_attributes": []
        },
        {
          "index_key": 53,
          "schema_version": 2,
          "attributes": {
            "id": "gudy",
            "keepers": null,
            "length": 4,
            "lower": true,
            "min_lower": 0,
            "min_numeric": 0,
            "min_special": 0,
            "min_upper": 0,
            "number": false,
            "numeric": false,
            "override_special": null,
            "result": "gudy",
            "special": false,
            "upper": false
          },
          "sensitive_attributes": []
        },
        {
          "index_key": 54,
          "schema_version": 2,
          "attributes": {
            "id": "qxvy",
            "keepers": null,
            "length": 4,
            "lower": true,
            "min_lower": 0,
            "min_numeric": 0,
            "min_special": 0,
            "min_upper": 0,
            "number": false,
            "numeric": false,
            "override_special": null,
            "result": "qxvy",
            "special": false,
            "upper": false
          },
          "sensitive_attributes": []
        },
        {
          "index_key": 55,
          "schema_version": 2,
          "attributes": {
            "id": "srqs",
            "keepers": null,
            "length": 4,
            "lower": true,
            "min_lower": 0,
            "min_numeric": 0,
            "min_special": 0,
            "min_upper": 0,
            "number": false,
            "numeric": false,
            "override_special": null,
            "result": "srqs",
            "special": false,
            "upper": false
          },
          "sensitive_attributes": []
        },
        {
          "index_key": 56,
          "schema_version": 2,
          "attributes": {
            "id": "uecm",
            "keepers": null,
            "length": 4,
            "lower": true,
            "min_lower": 0,
            "min_numeric": 0,
            "min_special": 0,
            "min_upper": 0,
            "number": false,
            "numeric": false,
            "override_special": null,
            "result": "uecm",
            "special": false,
            "upper": false
          },
          "sensitive_attributes": []
        },
        {
          "index_key": 57,
          "schema_version": 2,
          "attributes": {
            "id": "fyeb",
            "keepers": null,
            "length": 4,
            "lower": true,
            "min_lower": 0,
            "min_numeric": 0,
            "min_special": 0,
            "min_upper": 0,
            "number": false,
            "numeric": false,
            "override_special": null,
            "result": "fyeb",
            "special": false,
            "upper": false
          },
          "sensitive_attributes": []
        },
        {
          "index_key": 58,
          "schema_version": 2,
          "attributes": {
            "id": "gqkk",
            "keepers": null,
            "length": 4,
            "lower": true,
            "min_lower": 0,
            "min_numeric": 0,
            "min_special": 0,
            "min_upper": 0,
            "number": false,
            "numeric": false,
            "override_special": null,
            "result": "gqkk",
            "special": false,
            "upper": false
          },
          "sensitive_attributes": []
        },
        {
          "index_key": 59,
          "schema_version": 2,
          "attributes": {
            "id": "pwto",
            "keepers": null,
            "length": 4,
            "lower": true,
            "min_lower": 0,
            "min_numeric": 0,
            "min_special": 0,
            "min_upper": 0,
            "number": false,
            "numeric": false,
            "override_special": null,
            "result": "pwto",
            "special": false,
            "upper": false
          },
          "sensitive_attributes": []
        },
        {
          "index_key": 60,
          "schema_version": 2,
          "attributes": {
            "id": "took",
            "keepers": null,
            "length": 4,
            "lower": true,
            "min_lower": 0,
            "min_numeric": 0,
            "min_special": 0,
            "min_upper": 0,
            "number": false,
            "numeric": false,
            "override_special": null,
            "result": "took",
            "special": false,
            "upper": false
          },
          "sensitive_attributes": []
        },
        {
          "index_key": 61,
          "schema_version": 2,
          "attributes": {
            "id": "oots",
            "keepers": null,
            "length": 4,
            "lower": true,
            "min_lower": 0,
            "min_numeric": 0,
            "min_special": 0,
            "min_upper": 0,
            "number": false,
            "numeric": false,
            "override_special": null,
            "result": "oots",
            "special": false,
            "upper": false
          },
          "sensitive_attributes": []
        },
        {
          "index_key": 62,
          "schema_version": 2,
          "attributes": {
            "id": "sjcb",
            "keepers": null,
            "length": 4,
            "lower": true,
            "min_lower": 0,
            "min_numeric": 0,
            "min_special": 0,
            "min_upper": 0,
            "number": false,
            "numeric": false,
            "override_special": null,
            "result": "sjcb",
            "special": false,
            "upper": false
          },
          "sensitive_attributes": []
        },
        {
          "index_key": 63,
          "schema_version": 2,
          "attributes": {
            "id": "vllu",
            "keepers": null,
            "length": 4,
            "lower": true,
            "min_lower": 0,
            "min_numeric": 0,
            "min_special": 0,
            "min_upper": 0,
            "number": false,
            "numeric": false,
            "override_special": null,
            "result": "vllu",
            "special": false,
            "upper": false
          },
          "sensitive_attributes": []
        },
        {
          "index_key": 64,
          "schema_version": 2,
          "attributes": {
            "id": "whyp",
            "keepers": null,
            "length": 4,
            "lower": true,
            "min_lower": 0,
            "min_numeric": 0,
            "min_special": 0,
            "min_upper": 0,
            "number": false,
            "numeric": false,
            "override_special": null,
            "result": "whyp",
            "special": false,
            "upper": false
          },
          "sensitive_attributes": []
        },
        {
          "index_key": 65,
          "schema_version": 2,
          "attributes": {
            "id": "gbax",
            "keepers": null,
            "length": 4,
            "lower": true,
            "min_lower": 0,
            "min_numeric": 0,
            "min_special": 0,
            "min_upper": 0,
            "number": false,
            "numeric": false,
            "override_special": null,
            "result": "gbax",
            "special": false,
            "upper": false
          },
          "sensitive_attributes": []
        },
        {
          "index_key": 66,
          "schema_version": 2,
          "attributes": {
            "id": "vulo",
            "keepers": null,
            "length": 4,
            "lower": true,
            "min_lower": 0,
            "min_numeric": 0,
            "min_special": 0,
            "min_upper": 0,
            "number": false,
            "numeric": false,
            "override_special": null,
            "result": "vulo",
            "special": false,
            "upper": false
          },
          "sensitive_attributes": []
        },
        {
          "index_key": 67,
          "schema_version": 2,
          "attributes": {
            "id": "ptko",
            "keepers": null,
            "length": 4,
            "lower": true,
            "min_lower": 0,
            "min_numeric": 0,
            "min_special": 0,
            "min_upper": 0,
            "number": false,
            "numeric": false,
            "override_special": null,
            "result": "ptko",
            "special": false,
            "upper": false
          },
          "sensitive_attributes": []
        },
        {
          "index_key": 68,
          "schema_version": 2,
          "attributes": {
            "id": "vbyg",
            "keepers": null,
            "length": 4,
            "lower": true,
            "min_lower": 0,
            "min_numeric": 0,
            "min_special": 0,
            "min_upper": 0,
            "number": false,
            "numeric": false,
            "override_special": null,
            "result": "vbyg",
            "special": false,
            "upper": false
          },
          "sensitive_attributes": []
        },
        {
          "index_key": 69,
          "schema_version": 2,
          "attributes": {
            "id": "pbdv",
            "keepers": null,
            "length": 4,
            "lower": true,
            "min_lower": 0,
            "min_numeric": 0,
            "min_special": 0,
            "min_upper": 0,
            "number": false,
            "numeric": false,
            "override_special": null,
            "result": "pbdv",
            "special": false,
            "upper": false
          },
          "sensitive_attributes": []
        },
        {
          "index_key": 70,
          "schema_version": 2,
          "attributes": {
            "id": "xyue",
            "keepers": null,
            "length": 4,
            "lower": true,
            "min_lower": 0,
            "min_numeric": 0,
            "min_special": 0,
            "min_upper": 0,
            "number": false,
            "numeric": false,
            "override_special": null,
            "result": "xyue",
            "special": false,
            "upper": false
          },
          "sensitive_attributes": []
        },
        {
          "index_key": 71,
          "schema_version": 2,
          "attributes": {
            "id": "hnsv",
            "keepers": null,
            "length": 4,
            "lower": true,
            "min_lower": 0,
            "min_numeric": 0,
            "min_special": 0,
            "min_upper": 0,
            "number": false,
            "numeric": false,
            "override_special": null,
            "result": "hnsv",
            "special": false,
            "upper": false
          },
          "sensitive_attributes": []
        },
        {
          "index_key": 72,
          "schema_version": 2,
          "attributes": {
            "id": "ffon",
            "keepers": null,
            "length": 4,
            "lower": true,
            "min_lower": 0,
            "min_numeric": 0,
            "min_special": 0,
            "min_upper": 0,
            "number": false,
            "numeric": false,
            "override_special": null,
            "result": "ffon",
            "special": false,
            "upper": false
          },
          "sensitive_attributes": []
        },
        {
          "index_key": 73,
          "schema_version": 2,
          "attributes": {
            "id": "xnmv",
            "keepers": null,
            "length": 4,
            "lower": true,
            "min_lower": 0,
            "min_numeric": 0,
            "min_special": 0,
            "min_upper": 0,
            "number": false,
            "numeric": false,
            "override_special": null,
            "result": "xnmv",
            "special": false,
            "upper": false
          },
          "sensitive_attributes": []
        },
        {
          "index_key": 74,
          "schema_version": 2,
          "attributes": {
            "id": "wrvo",
            "keepers": null,
            "length": 4,
            "lower": true,
            "min_lower": 0,
            "min_numeric": 0,
            "min_special": 0,
            "min_upper": 0,
            "number": false,
            "numeric": false,
            "override_special": null,
            "result": "wrvo",
            "special": false,
            "upper": false
          },
          "sensitive_attributes": []
        },
        {
          "index_key": 75,
          "schema_version": 2,
          "attributes": {
            "id": "bshu",
            "keepers": null,
            "length": 4,
            "lower": true,
            "min_lower": 0,
            "min_numeric": 0,
            "min_special": 0,
            "min_upper": 0,
            "number": false,
            "numeric": false,
            "override_special": null,
            "result": "bshu",
            "special": false,
            "upper": false
          },
          "sensitive_attributes": []
        },
        {
          "index_key": 76,
          "schema_version": 2,
          "attributes": {
            "id": "dbkr",
            "keepers": null,
            "length": 4,
            "lower": true,
            "min_lower": 0,
            "min_numeric": 0,
            "min_special": 0,
            "min_upper": 0,
            "number": false,
            "numeric": false,
            "override_special": null,
            "result": "dbkr",
            "special": false,
            "upper": false
          },
          "sensitive_attributes": []
        },
        {
          "index_key": 77,
          "schema_version": 2,
          "attributes": {
            "id": "awdh",
            "keepers": null,
            "length": 4,
            "lower": true,
            "min_lower": 0,
            "min_numeric": 0,
            "min_special": 0,
            "min_upper": 0,
            "number": false,
            "numeric": false,
            "override_special": null,
            "result": "awdh",
            "special": false,
            "upper": false
          },
          "sensitive_attributes": []
        },
        {
          "index_key": 78,
          "schema_version": 2,
          "attributes": {
            "id": "fcpr",
            "keepers": null,
            "length": 4,
            "lower": true,
            "min_lower": 0,
            "min_numeric": 0,
            "min_special": 0,
            "min_upper": 0,
            "number": false,
            "numeric": false,
            "override_special": null,
            "result": "fcpr",
            "special": false,
            "upper": false
          },
          "sensitive_attributes": []
        },
        {
          "index_key": 79,
          "schema_version": 2,
          "attributes": {
            "id": "vowm",
            "keepers": null,
            "length": 4,
            "lower": true,
            "min_lower": 0,
            "min_numeric": 0,
            "min_special": 0,
            "min_upper": 0,
            "number": false,
            "numeric": false,
            "override_special": null,
            "result": "vowm",
            "special": false,
            "upper": false
          },
          "sensitive_attributes": []
        },
        {
          "index_key": 80,
          "schema_version": 2,
          "attributes": {
            "id": "llcj",
            "keepers": null,
            "length": 4,
            "lower": true,
            "min_lower": 0,
            "min_numeric": 0,
            "min_special": 0,
            "min_upper": 0,
            "number": false,
            "numeric": false,
            "override_special": null,
            "result": "llcj",
            "special": false,
            "upper": false
          },
          "sensitive_attributes": []
        },
        {
          "index_key": 81,
          "schema_version": 2,
          "attributes": {
            "id": "ijnl",
            "keepers": null,
            "length": 4,
            "lower": true,
            "min_lower": 0,
            "min_numeric": 0,
            "min_special": 0,
            "min_upper": 0,
            "number": false,
            "numeric": false,
            "override_special": null,
            "result": "ijnl",
            "special": false,
            "upper": false
          },
          "sensitive_attributes": []
        },
        {
          "index_key": 82,
          "schema_version": 2,
          "attributes": {
            "id": "kqmx",
            "keepers": null,
            "length": 4,
            "lower": true,
            "min_lower": 0,
            "min_numeric": 0,
            "min_special": 0,
            "min_upper": 0,
            "number": false,
            "numeric": false,
            "override_special": null,
            "result": "kqmx",
            "special": false,
            "upper": false
          },
          "sensitive_attributes": []
        },
        {
          "index_key": 83,
          "schema_version": 2,
          "attributes": {
            "id": "hluv",
            "keepers": null,
            "length": 4,
            "lower": true,
            "min_lower": 0,
            "min_numeric": 0,
            "min_special": 0,
            "min_upper": 0,
            "number": false,
            "numeric": false,
            "override_special": null,
            "result": "hluv",
            "special": false,
            "upper": false
          },
          "sensitive_attributes": []
        },
        {
          "index_key": 84,
          "schema_version": 2,
          "attributes": {
            "id": "habn",
            "keepers": null,
            "length": 4,
            "lower": true,
            "min_lower": 0,
            "min_numeric": 0,
            "min_special": 0,
            "min_upper": 0,
            "number": false,
            "numeric": false,
            "override_special": null,
            "result": "habn",
            "special": false,
            "upper": false
          },
          "sensitive_attributes": []
        },
        {
          "index_key": 85,
          "schema_version": 2,
          "attributes": {
            "id": "axlb",
            "keepers": null,
            "length": 4,
            "lower": true,
            "min_lower": 0,
            "min_numeric": 0,
            "min_special": 0,
            "min_upper": 0,
            "number": false,
            "numeric": false,
            "override_special": null,
            "result": "axlb",
            "special": false,
            "upper": false
          },
          "sensitive_attributes": []
        },
        {
          "index_key": 86,
          "schema_version": 2,
          "attributes": {
            "id": "fnyl",
            "keepers": null,
            "length": 4,
            "lower": true,
            "min_lower": 0,
            "min_numeric": 0,
            "min_special": 0,
            "min_upper": 0,
            "number": false,
            "numeric": false,
            "override_special": null,
            "result": "fnyl",
            "special": false,
            "upper": false
          },
          "sensitive_attributes": []
        },
        {
          "index_key": 87,
          "schema_version": 2,
          "attributes": {
            "id": "uvdn",
            "keepers": null,
            "length": 4,
            "lower": true,
            "min_lower": 0,
            "min_numeric": 0,
            "min_special": 0,
            "min_upper": 0,
            "number": false,
            "numeric": false,
            "override_special": null,
            "result": "uvdn",
            "special": false,
            "upper": false
          },
          "sensitive_attributes": []
        },
        {
          "index_key": 88,
          "schema_version": 2,
          "attributes": {
            "id": "rbtm",
            "keepers": null,
            "length": 4,
            "lower": true,
            "min_lower": 0,
            "min_numeric": 0,
            "min_special": 0,
            "min_upper": 0,
            "number": false,
            "numeric": false,
            "override_special": null,
            "result": "rbtm",
            "special": false,
            "upper": false
          },
          "sensitive_attributes": []
        },
        {
          "index_key": 89,
          "schema_version": 2,
          "attributes": {
            "id": "hrjb",
            "keepers": null,
            "length": 4,
            "lower": true,
            "min_lower": 0,
            "min_numeric": 0,
            "min_special": 0,
            "min_upper": 0,
            "number": false,
            "numeric": false,
            "override_special": null,
            "result": "hrjb",
            "special": false,
            "upper": false
          },
          "sensitive_attributes": []
        }
      ]
    }
  ],
  "check_results": null
}
